// !$*UTF8*$!
{
	archiveVersion = 1;
	classes = {
	};
	objectVersion = 46;
	objects = {

/* Begin PBXBuildFile section */
		AC0D68E014E69B29006DC48D /* Security.framework in Frameworks */ = {isa = PBXBuildFile; fileRef = AC0D68DF14E69B29006DC48D /* Security.framework */; };
		AC0D68E314E69B2F006DC48D /* ServiceManagement.framework in Frameworks */ = {isa = PBXBuildFile; fileRef = AC0D68E214E69B2F006DC48D /* ServiceManagement.framework */; };
		AC1434FA14E698EF00406CEF /* Cocoa.framework in Frameworks */ = {isa = PBXBuildFile; fileRef = AC1434F914E698EF00406CEF /* Cocoa.framework */; };
		AC95706414E6A0B600607575 /* Foundation.framework in Frameworks */ = {isa = PBXBuildFile; fileRef = AC95706314E6A0B600607575 /* Foundation.framework */; };
		AC95707A14E6AD1700607575 /* com.funkensturm.LinkHelper in CopyFiles */ = {isa = PBXBuildFile; fileRef = AC95706114E6A0B600607575 /* com.funkensturm.LinkHelper */; settings = {ATTRIBUTES = (CodeSignOnCopy, ); }; };
		C23F53AF1A7BE14200F32E2A /* SystemConfiguration.framework in Frameworks */ = {isa = PBXBuildFile; fileRef = C2CA14981A74F769006746DD /* SystemConfiguration.framework */; };
		C23F53B01A7BE14500F32E2A /* CFNetwork.framework in Frameworks */ = {isa = PBXBuildFile; fileRef = C2CA14961A74F717006746DD /* CFNetwork.framework */; };
		C242560E1A743D3C00CE573A /* main.m in Sources */ = {isa = PBXBuildFile; fileRef = C242560C1A743D3C00CE573A /* main.m */; };
		C24256111A743D6F00CE573A /* LinkController.m in Sources */ = {isa = PBXBuildFile; fileRef = C24256101A743D6F00CE573A /* LinkController.m */; };
		C242561A1A743F4000CE573A /* LinkHelper.m in Sources */ = {isa = PBXBuildFile; fileRef = C24256181A743F4000CE573A /* LinkHelper.m */; };
		C242561B1A743F4000CE573A /* main.m in Sources */ = {isa = PBXBuildFile; fileRef = C24256191A743F4000CE573A /* main.m */; };
		C259D0EB1A8610050036889E /* mac_vendors.plist in Resources */ = {isa = PBXBuildFile; fileRef = C259D0EA1A8610050036889E /* mac_vendors.plist */; };
		C259D0EE1A8613140036889E /* LinkMACVendors.m in Sources */ = {isa = PBXBuildFile; fileRef = C259D0ED1A8613140036889E /* LinkMACVendors.m */; };
		C259D0F11A891B000036889E /* LinkObserver.m in Sources */ = {isa = PBXBuildFile; fileRef = C259D0F01A891B000036889E /* LinkObserver.m */; };
		C259D0F41A8948E40036889E /* LinkSynchronizer.m in Sources */ = {isa = PBXBuildFile; fileRef = C259D0F31A8948E40036889E /* LinkSynchronizer.m */; };
		C270ECED1A76AB4900F132F7 /* LinkInterfaces.m in Sources */ = {isa = PBXBuildFile; fileRef = C270ECEC1A76AB4900F132F7 /* LinkInterfaces.m */; };
		C270ECF01A76B84900F132F7 /* LinkMacAddressFormatter.m in Sources */ = {isa = PBXBuildFile; fileRef = C270ECEF1A76B84900F132F7 /* LinkMacAddressFormatter.m */; };
		C270ECF31A76D04300F132F7 /* LinkPreferences.m in Sources */ = {isa = PBXBuildFile; fileRef = C270ECF21A76D04300F132F7 /* LinkPreferences.m */; };
		C2CA14851A744B5F006746DD /* MainMenu.xib in Resources */ = {isa = PBXBuildFile; fileRef = C2CA14841A744B5F006746DD /* MainMenu.xib */; };
		C2CA148F1A74DC86006746DD /* Images.xcassets in Resources */ = {isa = PBXBuildFile; fileRef = C2CA148E1A74DC86006746DD /* Images.xcassets */; };
		C2CA14921A74F633006746DD /* LinkInterface.m in Sources */ = {isa = PBXBuildFile; fileRef = C2CA14911A74F633006746DD /* LinkInterface.m */; };
		C2CA14951A74F658006746DD /* LinkMACAddress.m in Sources */ = {isa = PBXBuildFile; fileRef = C2CA14941A74F658006746DD /* LinkMACAddress.m */; };
		C2CA14971A74F717006746DD /* CFNetwork.framework in Frameworks */ = {isa = PBXBuildFile; fileRef = C2CA14961A74F717006746DD /* CFNetwork.framework */; };
		C2CA14991A74F769006746DD /* SystemConfiguration.framework in Frameworks */ = {isa = PBXBuildFile; fileRef = C2CA14981A74F769006746DD /* SystemConfiguration.framework */; };
		C2CA149C1A74F7DB006746DD /* LinkMenu.m in Sources */ = {isa = PBXBuildFile; fileRef = C2CA149B1A74F7DB006746DD /* LinkMenu.m */; };
		C2CA14C51A751F0A006746DD /* LinkLogger.m in Sources */ = {isa = PBXBuildFile; fileRef = C2CA14C31A751F0A006746DD /* LinkLogger.m */; };
		C2CA15101A75581B006746DD /* LinkIntercom.m in Sources */ = {isa = PBXBuildFile; fileRef = C2CA150F1A75581B006746DD /* LinkIntercom.m */; };
		C2F24D4B1AAAE329007B1DD5 /* NSBundle+LoginItem.m in Sources */ = {isa = PBXBuildFile; fileRef = C2F24D4A1AAAE329007B1DD5 /* NSBundle+LoginItem.m */; };
/* End PBXBuildFile section */

/* Begin PBXContainerItemProxy section */
		AC95707714E6ACF800607575 /* PBXContainerItemProxy */ = {
			isa = PBXContainerItemProxy;
			containerPortal = AC1434EC14E698EE00406CEF /* Project object */;
			proxyType = 1;
			remoteGlobalIDString = AC95706014E6A0B600607575;
			remoteInfo = LinkHelper;
		};
/* End PBXContainerItemProxy section */

/* Begin PBXCopyFilesBuildPhase section */
		AC95705F14E6A0B600607575 /* CopyFiles */ = {
			isa = PBXCopyFilesBuildPhase;
			buildActionMask = 2147483647;
			dstPath = /usr/share/man/man1/;
			dstSubfolderSpec = 0;
			files = (
			);
			runOnlyForDeploymentPostprocessing = 1;
		};
		AC95707914E6AD0000607575 /* CopyFiles */ = {
			isa = PBXCopyFilesBuildPhase;
			buildActionMask = 2147483647;
			dstPath = Contents/Library/LaunchServices;
			dstSubfolderSpec = 1;
			files = (
				AC95707A14E6AD1700607575 /* com.funkensturm.LinkHelper in CopyFiles */,
			);
			runOnlyForDeploymentPostprocessing = 0;
		};
/* End PBXCopyFilesBuildPhase section */

/* Begin PBXFileReference section */
		AC0D68DF14E69B29006DC48D /* Security.framework */ = {isa = PBXFileReference; lastKnownFileType = wrapper.framework; name = Security.framework; path = System/Library/Frameworks/Security.framework; sourceTree = SDKROOT; };
		AC0D68E214E69B2F006DC48D /* ServiceManagement.framework */ = {isa = PBXFileReference; lastKnownFileType = wrapper.framework; name = ServiceManagement.framework; path = System/Library/Frameworks/ServiceManagement.framework; sourceTree = SDKROOT; };
		AC1434F514E698EF00406CEF /* Link.app */ = {isa = PBXFileReference; explicitFileType = wrapper.application; includeInIndex = 0; path = Link.app; sourceTree = BUILT_PRODUCTS_DIR; };
		AC1434F914E698EF00406CEF /* Cocoa.framework */ = {isa = PBXFileReference; lastKnownFileType = wrapper.framework; name = Cocoa.framework; path = System/Library/Frameworks/Cocoa.framework; sourceTree = SDKROOT; };
		AC95706114E6A0B600607575 /* com.funkensturm.LinkHelper */ = {isa = PBXFileReference; explicitFileType = "compiled.mach-o.executable"; includeInIndex = 0; path = com.funkensturm.LinkHelper; sourceTree = BUILT_PRODUCTS_DIR; };
		AC95706314E6A0B600607575 /* Foundation.framework */ = {isa = PBXFileReference; lastKnownFileType = wrapper.framework; name = Foundation.framework; path = System/Library/Frameworks/Foundation.framework; sourceTree = SDKROOT; };
		C242560A1A743D3C00CE573A /* Link-Info.plist */ = {isa = PBXFileReference; fileEncoding = 4; lastKnownFileType = text.plist.xml; name = "Link-Info.plist"; path = "Link/Link-Info.plist"; sourceTree = SOURCE_ROOT; };
		C242560B1A743D3C00CE573A /* Link-Prefix.pch */ = {isa = PBXFileReference; fileEncoding = 4; lastKnownFileType = sourcecode.c.h; name = "Link-Prefix.pch"; path = "Link/Link-Prefix.pch"; sourceTree = SOURCE_ROOT; };
		C242560C1A743D3C00CE573A /* main.m */ = {isa = PBXFileReference; fileEncoding = 4; lastKnownFileType = sourcecode.c.objc; name = main.m; path = Link/main.m; sourceTree = SOURCE_ROOT; };
		C242560F1A743D6F00CE573A /* LinkController.h */ = {isa = PBXFileReference; fileEncoding = 4; lastKnownFileType = sourcecode.c.h; name = LinkController.h; path = Link/Classes/LinkController.h; sourceTree = SOURCE_ROOT; };
		C24256101A743D6F00CE573A /* LinkController.m */ = {isa = PBXFileReference; fileEncoding = 4; lastKnownFileType = sourcecode.c.objc; name = LinkController.m; path = Link/Classes/LinkController.m; sourceTree = SOURCE_ROOT; };
		C24256131A743F4000CE573A /* LinkHelper-Info.plist */ = {isa = PBXFileReference; fileEncoding = 4; lastKnownFileType = text.plist.xml; path = "LinkHelper-Info.plist"; sourceTree = "<group>"; };
		C24256141A743F4000CE573A /* LinkHelper-Launchd.plist */ = {isa = PBXFileReference; fileEncoding = 4; lastKnownFileType = text.plist.xml; path = "LinkHelper-Launchd.plist"; sourceTree = "<group>"; };
		C24256151A743F4000CE573A /* LinkHelper-Prefix.pch */ = {isa = PBXFileReference; fileEncoding = 4; lastKnownFileType = sourcecode.c.h; path = "LinkHelper-Prefix.pch"; sourceTree = "<group>"; };
		C24256171A743F4000CE573A /* LinkHelper.h */ = {isa = PBXFileReference; fileEncoding = 4; lastKnownFileType = sourcecode.c.h; path = LinkHelper.h; sourceTree = "<group>"; };
		C24256181A743F4000CE573A /* LinkHelper.m */ = {isa = PBXFileReference; fileEncoding = 4; lastKnownFileType = sourcecode.c.objc; path = LinkHelper.m; sourceTree = "<group>"; };
		C24256191A743F4000CE573A /* main.m */ = {isa = PBXFileReference; fileEncoding = 4; lastKnownFileType = sourcecode.c.objc; path = main.m; sourceTree = "<group>"; };
		C259D0EA1A8610050036889E /* mac_vendors.plist */ = {isa = PBXFileReference; fileEncoding = 4; lastKnownFileType = text.plist.xml; path = mac_vendors.plist; sourceTree = SOURCE_ROOT; };
		C259D0EC1A8613140036889E /* LinkMACVendors.h */ = {isa = PBXFileReference; fileEncoding = 4; lastKnownFileType = sourcecode.c.h; name = LinkMACVendors.h; path = Classes/LinkMACVendors.h; sourceTree = "<group>"; };
		C259D0ED1A8613140036889E /* LinkMACVendors.m */ = {isa = PBXFileReference; fileEncoding = 4; lastKnownFileType = sourcecode.c.objc; name = LinkMACVendors.m; path = Classes/LinkMACVendors.m; sourceTree = "<group>"; };
		C259D0EF1A891B000036889E /* LinkObserver.h */ = {isa = PBXFileReference; fileEncoding = 4; lastKnownFileType = sourcecode.c.h; name = LinkObserver.h; path = Classes/LinkObserver.h; sourceTree = "<group>"; };
		C259D0F01A891B000036889E /* LinkObserver.m */ = {isa = PBXFileReference; fileEncoding = 4; lastKnownFileType = sourcecode.c.objc; name = LinkObserver.m; path = Classes/LinkObserver.m; sourceTree = "<group>"; };
		C259D0F21A8948E40036889E /* LinkSynchronizer.h */ = {isa = PBXFileReference; fileEncoding = 4; lastKnownFileType = sourcecode.c.h; name = LinkSynchronizer.h; path = Classes/LinkSynchronizer.h; sourceTree = "<group>"; };
		C259D0F31A8948E40036889E /* LinkSynchronizer.m */ = {isa = PBXFileReference; fileEncoding = 4; lastKnownFileType = sourcecode.c.objc; name = LinkSynchronizer.m; path = Classes/LinkSynchronizer.m; sourceTree = "<group>"; };
		C270ECEB1A76AB4900F132F7 /* LinkInterfaces.h */ = {isa = PBXFileReference; fileEncoding = 4; lastKnownFileType = sourcecode.c.h; name = LinkInterfaces.h; path = Classes/LinkInterfaces.h; sourceTree = "<group>"; };
		C270ECEC1A76AB4900F132F7 /* LinkInterfaces.m */ = {isa = PBXFileReference; fileEncoding = 4; lastKnownFileType = sourcecode.c.objc; name = LinkInterfaces.m; path = Classes/LinkInterfaces.m; sourceTree = "<group>"; };
		C270ECEE1A76B84900F132F7 /* LinkMacAddressFormatter.h */ = {isa = PBXFileReference; fileEncoding = 4; lastKnownFileType = sourcecode.c.h; name = LinkMacAddressFormatter.h; path = Classes/LinkMacAddressFormatter.h; sourceTree = "<group>"; };
		C270ECEF1A76B84900F132F7 /* LinkMacAddressFormatter.m */ = {isa = PBXFileReference; fileEncoding = 4; lastKnownFileType = sourcecode.c.objc; name = LinkMacAddressFormatter.m; path = Classes/LinkMacAddressFormatter.m; sourceTree = "<group>"; };
		C270ECF11A76D04300F132F7 /* LinkPreferences.h */ = {isa = PBXFileReference; fileEncoding = 4; lastKnownFileType = sourcecode.c.h; name = LinkPreferences.h; path = Classes/LinkPreferences.h; sourceTree = "<group>"; };
		C270ECF21A76D04300F132F7 /* LinkPreferences.m */ = {isa = PBXFileReference; fileEncoding = 4; lastKnownFileType = sourcecode.c.objc; name = LinkPreferences.m; path = Classes/LinkPreferences.m; sourceTree = "<group>"; };
		C2CA14841A744B5F006746DD /* MainMenu.xib */ = {isa = PBXFileReference; fileEncoding = 4; lastKnownFileType = file.xib; path = MainMenu.xib; sourceTree = "<group>"; };
		C2CA148E1A74DC86006746DD /* Images.xcassets */ = {isa = PBXFileReference; lastKnownFileType = folder.assetcatalog; path = Images.xcassets; sourceTree = "<group>"; };
		C2CA14901A74F633006746DD /* LinkInterface.h */ = {isa = PBXFileReference; fileEncoding = 4; lastKnownFileType = sourcecode.c.h; name = LinkInterface.h; path = Classes/LinkInterface.h; sourceTree = "<group>"; };
		C2CA14911A74F633006746DD /* LinkInterface.m */ = {isa = PBXFileReference; fileEncoding = 4; lastKnownFileType = sourcecode.c.objc; name = LinkInterface.m; path = Classes/LinkInterface.m; sourceTree = "<group>"; };
		C2CA14931A74F658006746DD /* LinkMACAddress.h */ = {isa = PBXFileReference; fileEncoding = 4; lastKnownFileType = sourcecode.c.h; name = LinkMACAddress.h; path = Classes/LinkMACAddress.h; sourceTree = "<group>"; };
		C2CA14941A74F658006746DD /* LinkMACAddress.m */ = {isa = PBXFileReference; fileEncoding = 4; lastKnownFileType = sourcecode.c.objc; name = LinkMACAddress.m; path = Classes/LinkMACAddress.m; sourceTree = "<group>"; };
		C2CA14961A74F717006746DD /* CFNetwork.framework */ = {isa = PBXFileReference; lastKnownFileType = wrapper.framework; name = CFNetwork.framework; path = System/Library/Frameworks/CFNetwork.framework; sourceTree = SDKROOT; };
		C2CA14981A74F769006746DD /* SystemConfiguration.framework */ = {isa = PBXFileReference; lastKnownFileType = wrapper.framework; name = SystemConfiguration.framework; path = System/Library/Frameworks/SystemConfiguration.framework; sourceTree = SDKROOT; };
		C2CA149A1A74F7DB006746DD /* LinkMenu.h */ = {isa = PBXFileReference; fileEncoding = 4; lastKnownFileType = sourcecode.c.h; name = LinkMenu.h; path = Classes/LinkMenu.h; sourceTree = "<group>"; };
		C2CA149B1A74F7DB006746DD /* LinkMenu.m */ = {isa = PBXFileReference; fileEncoding = 4; lastKnownFileType = sourcecode.c.objc; name = LinkMenu.m; path = Classes/LinkMenu.m; sourceTree = "<group>"; };
		C2CA14C21A751F0A006746DD /* LinkLogger.h */ = {isa = PBXFileReference; fileEncoding = 4; lastKnownFileType = sourcecode.c.h; name = LinkLogger.h; path = Classes/LinkLogger.h; sourceTree = "<group>"; };
		C2CA14C31A751F0A006746DD /* LinkLogger.m */ = {isa = PBXFileReference; fileEncoding = 4; lastKnownFileType = sourcecode.c.objc; name = LinkLogger.m; path = Classes/LinkLogger.m; sourceTree = "<group>"; };
		C2CA150E1A75581B006746DD /* LinkIntercom.h */ = {isa = PBXFileReference; fileEncoding = 4; lastKnownFileType = sourcecode.c.h; name = LinkIntercom.h; path = Classes/LinkIntercom.h; sourceTree = "<group>"; };
		C2CA150F1A75581B006746DD /* LinkIntercom.m */ = {isa = PBXFileReference; fileEncoding = 4; lastKnownFileType = sourcecode.c.objc; name = LinkIntercom.m; path = Classes/LinkIntercom.m; sourceTree = "<group>"; };
		C2F24D491AAAE329007B1DD5 /* NSBundle+LoginItem.h */ = {isa = PBXFileReference; fileEncoding = 4; lastKnownFileType = sourcecode.c.h; name = "NSBundle+LoginItem.h"; path = "Vendor/IYLoginItem/NSBundle+LoginItem.h"; sourceTree = "<group>"; };
		C2F24D4A1AAAE329007B1DD5 /* NSBundle+LoginItem.m */ = {isa = PBXFileReference; fileEncoding = 4; lastKnownFileType = sourcecode.c.objc; name = "NSBundle+LoginItem.m"; path = "Vendor/IYLoginItem/NSBundle+LoginItem.m"; sourceTree = "<group>"; };
/* End PBXFileReference section */

/* Begin PBXFrameworksBuildPhase section */
		AC1434F214E698EF00406CEF /* Frameworks */ = {
			isa = PBXFrameworksBuildPhase;
			buildActionMask = 2147483647;
			files = (
				C2CA14991A74F769006746DD /* SystemConfiguration.framework in Frameworks */,
				C2CA14971A74F717006746DD /* CFNetwork.framework in Frameworks */,
				AC0D68E314E69B2F006DC48D /* ServiceManagement.framework in Frameworks */,
				AC0D68E014E69B29006DC48D /* Security.framework in Frameworks */,
				AC1434FA14E698EF00406CEF /* Cocoa.framework in Frameworks */,
			);
			runOnlyForDeploymentPostprocessing = 0;
		};
		AC95705E14E6A0B600607575 /* Frameworks */ = {
			isa = PBXFrameworksBuildPhase;
			buildActionMask = 2147483647;
			files = (
				C23F53B01A7BE14500F32E2A /* CFNetwork.framework in Frameworks */,
				C23F53AF1A7BE14200F32E2A /* SystemConfiguration.framework in Frameworks */,
				AC95706414E6A0B600607575 /* Foundation.framework in Frameworks */,
			);
			runOnlyForDeploymentPostprocessing = 0;
		};
/* End PBXFrameworksBuildPhase section */

/* Begin PBXGroup section */
		AC1434EA14E698EE00406CEF = {
			isa = PBXGroup;
			children = (
				AC1434FF14E698EF00406CEF /* Link */,
				C24256121A743F4000CE573A /* LinkHelper */,
				C259D0E71A860F540036889E /* Databases */,
				AC1434F814E698EF00406CEF /* Frameworks */,
				AC1434F614E698EF00406CEF /* Products */,
			);
			sourceTree = "<group>";
		};
		AC1434F614E698EF00406CEF /* Products */ = {
			isa = PBXGroup;
			children = (
				AC1434F514E698EF00406CEF /* Link.app */,
				AC95706114E6A0B600607575 /* com.funkensturm.LinkHelper */,
			);
			name = Products;
			sourceTree = "<group>";
		};
		AC1434F814E698EF00406CEF /* Frameworks */ = {
			isa = PBXGroup;
			children = (
				C2CA14981A74F769006746DD /* SystemConfiguration.framework */,
				C2CA14961A74F717006746DD /* CFNetwork.framework */,
				AC0D68E214E69B2F006DC48D /* ServiceManagement.framework */,
				AC0D68DF14E69B29006DC48D /* Security.framework */,
				AC1434F914E698EF00406CEF /* Cocoa.framework */,
				AC95706314E6A0B600607575 /* Foundation.framework */,
			);
			name = Frameworks;
			sourceTree = "<group>";
		};
		AC1434FF14E698EF00406CEF /* Link */ = {
			isa = PBXGroup;
			children = (
				C242561D1A743FC400CE573A /* Classes */,
				AC14350014E698EF00406CEF /* Config */,
				C2F24D471AAAE314007B1DD5 /* Vendor */,
				C2CA148E1A74DC86006746DD /* Images.xcassets */,
			);
			path = Link;
			sourceTree = "<group>";
		};
		AC14350014E698EF00406CEF /* Config */ = {
			isa = PBXGroup;
			children = (
				C2CA14841A744B5F006746DD /* MainMenu.xib */,
				C242560A1A743D3C00CE573A /* Link-Info.plist */,
				C242560B1A743D3C00CE573A /* Link-Prefix.pch */,
				C242560C1A743D3C00CE573A /* main.m */,
			);
			name = Config;
			sourceTree = "<group>";
		};
		C24256121A743F4000CE573A /* LinkHelper */ = {
			isa = PBXGroup;
			children = (
				C24256161A743F4000CE573A /* Classes */,
				C242561C1A743FB200CE573A /* Config */,
			);
			path = LinkHelper;
			sourceTree = "<group>";
		};
		C24256161A743F4000CE573A /* Classes */ = {
			isa = PBXGroup;
			children = (
				C24256171A743F4000CE573A /* LinkHelper.h */,
				C24256181A743F4000CE573A /* LinkHelper.m */,
			);
			path = Classes;
			sourceTree = "<group>";
		};
		C242561C1A743FB200CE573A /* Config */ = {
			isa = PBXGroup;
			children = (
				C24256191A743F4000CE573A /* main.m */,
				C24256131A743F4000CE573A /* LinkHelper-Info.plist */,
				C24256141A743F4000CE573A /* LinkHelper-Launchd.plist */,
				C24256151A743F4000CE573A /* LinkHelper-Prefix.pch */,
			);
			name = Config;
			sourceTree = "<group>";
		};
		C242561D1A743FC400CE573A /* Classes */ = {
			isa = PBXGroup;
			children = (
				C2CA15141A763ADA006746DD /* Controllers */,
				C2CA15151A763ADF006746DD /* Models */,
				C2CA15161A763AE2006746DD /* Views */,
				C2CA15171A763AFE006746DD /* Libraries */,
			);
			name = Classes;
			sourceTree = "<group>";
		};
		C259D0E71A860F540036889E /* Databases */ = {
			isa = PBXGroup;
			children = (
				C259D0EA1A8610050036889E /* mac_vendors.plist */,
			);
			name = Databases;
			path = Link;
			sourceTree = "<group>";
		};
		C2CA15141A763ADA006746DD /* Controllers */ = {
			isa = PBXGroup;
			children = (
				C242560F1A743D6F00CE573A /* LinkController.h */,
				C24256101A743D6F00CE573A /* LinkController.m */,
				C259D0F21A8948E40036889E /* LinkSynchronizer.h */,
				C259D0F31A8948E40036889E /* LinkSynchronizer.m */,
				C2CA150E1A75581B006746DD /* LinkIntercom.h */,
				C2CA150F1A75581B006746DD /* LinkIntercom.m */,
			);
			name = Controllers;
			sourceTree = "<group>";
		};
		C2CA15151A763ADF006746DD /* Models */ = {
			isa = PBXGroup;
			children = (
				C270ECEB1A76AB4900F132F7 /* LinkInterfaces.h */,
				C270ECEC1A76AB4900F132F7 /* LinkInterfaces.m */,
				C2CA14901A74F633006746DD /* LinkInterface.h */,
				C2CA14911A74F633006746DD /* LinkInterface.m */,
				C2CA14931A74F658006746DD /* LinkMACAddress.h */,
				C2CA14941A74F658006746DD /* LinkMACAddress.m */,
				C259D0EC1A8613140036889E /* LinkMACVendors.h */,
				C259D0ED1A8613140036889E /* LinkMACVendors.m */,
				C270ECEE1A76B84900F132F7 /* LinkMacAddressFormatter.h */,
				C270ECEF1A76B84900F132F7 /* LinkMacAddressFormatter.m */,
				C259D0EF1A891B000036889E /* LinkObserver.h */,
				C259D0F01A891B000036889E /* LinkObserver.m */,
			);
			name = Models;
			sourceTree = "<group>";
		};
		C2CA15161A763AE2006746DD /* Views */ = {
			isa = PBXGroup;
			children = (
				C2CA149A1A74F7DB006746DD /* LinkMenu.h */,
				C2CA149B1A74F7DB006746DD /* LinkMenu.m */,
			);
			name = Views;
			sourceTree = "<group>";
		};
		C2CA15171A763AFE006746DD /* Libraries */ = {
			isa = PBXGroup;
			children = (
				C270ECF11A76D04300F132F7 /* LinkPreferences.h */,
				C270ECF21A76D04300F132F7 /* LinkPreferences.m */,
				C2CA14C21A751F0A006746DD /* LinkLogger.h */,
				C2CA14C31A751F0A006746DD /* LinkLogger.m */,
			);
			name = Libraries;
			sourceTree = "<group>";
		};
		C2F24D471AAAE314007B1DD5 /* Vendor */ = {
			isa = PBXGroup;
			children = (
				C2F24D481AAAE321007B1DD5 /* IYLoginItem */,
			);
			name = Vendor;
			sourceTree = "<group>";
		};
		C2F24D481AAAE321007B1DD5 /* IYLoginItem */ = {
			isa = PBXGroup;
			children = (
				C2F24D491AAAE329007B1DD5 /* NSBundle+LoginItem.h */,
				C2F24D4A1AAAE329007B1DD5 /* NSBundle+LoginItem.m */,
			);
			name = IYLoginItem;
			sourceTree = "<group>";
		};
/* End PBXGroup section */

/* Begin PBXNativeTarget section */
		AC1434F414E698EF00406CEF /* Link */ = {
			isa = PBXNativeTarget;
			buildConfigurationList = AC14352714E698EF00406CEF /* Build configuration list for PBXNativeTarget "Link" */;
			buildPhases = (
				AC1434F114E698EF00406CEF /* Sources */,
				AC1434F214E698EF00406CEF /* Frameworks */,
				AC1434F314E698EF00406CEF /* Resources */,
				AC95707914E6AD0000607575 /* CopyFiles */,
			);
			buildRules = (
			);
			dependencies = (
				AC95707814E6ACF800607575 /* PBXTargetDependency */,
			);
			name = Link;
			productName = Link;
			productReference = AC1434F514E698EF00406CEF /* Link.app */;
			productType = "com.apple.product-type.application";
		};
		AC95706014E6A0B600607575 /* LinkHelper */ = {
			isa = PBXNativeTarget;
			buildConfigurationList = AC95706E14E6A0B600607575 /* Build configuration list for PBXNativeTarget "LinkHelper" */;
			buildPhases = (
				AC95705D14E6A0B600607575 /* Sources */,
				AC95705E14E6A0B600607575 /* Frameworks */,
				AC95705F14E6A0B600607575 /* CopyFiles */,
			);
			buildRules = (
			);
			dependencies = (
			);
			name = LinkHelper;
			productName = LinkHelper;
			productReference = AC95706114E6A0B600607575 /* com.funkensturm.LinkHelper */;
			productType = "com.apple.product-type.tool";
		};
/* End PBXNativeTarget section */

/* Begin PBXProject section */
		AC1434EC14E698EE00406CEF /* Project object */ = {
			isa = PBXProject;
			attributes = {
				LastTestingUpgradeCheck = 0610;
				LastUpgradeCheck = 0610;
				ORGANIZATIONNAME = xdissent.com;
			};
			buildConfigurationList = AC1434EF14E698EE00406CEF /* Build configuration list for PBXProject "Link" */;
			compatibilityVersion = "Xcode 3.2";
			developmentRegion = English;
			hasScannedForEncodings = 0;
			knownRegions = (
				en,
			);
			mainGroup = AC1434EA14E698EE00406CEF;
			productRefGroup = AC1434F614E698EF00406CEF /* Products */;
			projectDirPath = "";
			projectRoot = "";
			targets = (
				AC1434F414E698EF00406CEF /* Link */,
				AC95706014E6A0B600607575 /* LinkHelper */,
			);
		};
/* End PBXProject section */

/* Begin PBXResourcesBuildPhase section */
		AC1434F314E698EF00406CEF /* Resources */ = {
			isa = PBXResourcesBuildPhase;
			buildActionMask = 2147483647;
			files = (
				C259D0EB1A8610050036889E /* mac_vendors.plist in Resources */,
				C2CA148F1A74DC86006746DD /* Images.xcassets in Resources */,
				C2CA14851A744B5F006746DD /* MainMenu.xib in Resources */,
			);
			runOnlyForDeploymentPostprocessing = 0;
		};
/* End PBXResourcesBuildPhase section */

/* Begin PBXSourcesBuildPhase section */
		AC1434F114E698EF00406CEF /* Sources */ = {
			isa = PBXSourcesBuildPhase;
			buildActionMask = 2147483647;
			files = (
				C270ECF31A76D04300F132F7 /* LinkPreferences.m in Sources */,
				C270ECED1A76AB4900F132F7 /* LinkInterfaces.m in Sources */,
				C2CA149C1A74F7DB006746DD /* LinkMenu.m in Sources */,
				C242560E1A743D3C00CE573A /* main.m in Sources */,
				C2CA14921A74F633006746DD /* LinkInterface.m in Sources */,
				C259D0F11A891B000036889E /* LinkObserver.m in Sources */,
				C259D0F41A8948E40036889E /* LinkSynchronizer.m in Sources */,
				C2F24D4B1AAAE329007B1DD5 /* NSBundle+LoginItem.m in Sources */,
				C2CA15101A75581B006746DD /* LinkIntercom.m in Sources */,
				C2CA14951A74F658006746DD /* LinkMACAddress.m in Sources */,
				C2CA14C51A751F0A006746DD /* LinkLogger.m in Sources */,
				C259D0EE1A8613140036889E /* LinkMACVendors.m in Sources */,
				C24256111A743D6F00CE573A /* LinkController.m in Sources */,
				C270ECF01A76B84900F132F7 /* LinkMacAddressFormatter.m in Sources */,
			);
			runOnlyForDeploymentPostprocessing = 0;
		};
		AC95705D14E6A0B600607575 /* Sources */ = {
			isa = PBXSourcesBuildPhase;
			buildActionMask = 2147483647;
			files = (
				C242561B1A743F4000CE573A /* main.m in Sources */,
				C242561A1A743F4000CE573A /* LinkHelper.m in Sources */,
			);
			runOnlyForDeploymentPostprocessing = 0;
		};
/* End PBXSourcesBuildPhase section */

/* Begin PBXTargetDependency section */
		AC95707814E6ACF800607575 /* PBXTargetDependency */ = {
			isa = PBXTargetDependency;
			target = AC95706014E6A0B600607575 /* LinkHelper */;
			targetProxy = AC95707714E6ACF800607575 /* PBXContainerItemProxy */;
		};
/* End PBXTargetDependency section */

/* Begin XCBuildConfiguration section */
		AC14352514E698EF00406CEF /* Debug */ = {
			isa = XCBuildConfiguration;
			buildSettings = {
				ALWAYS_SEARCH_USER_PATHS = NO;
				CLANG_ENABLE_OBJC_ARC = YES;
				CLANG_WARN_BOOL_CONVERSION = YES;
				CLANG_WARN_CONSTANT_CONVERSION = YES;
				CLANG_WARN_EMPTY_BODY = YES;
				CLANG_WARN_ENUM_CONVERSION = YES;
				CLANG_WARN_INT_CONVERSION = YES;
				CLANG_WARN_UNREACHABLE_CODE = YES;
				CLANG_WARN__DUPLICATE_METHOD_MATCH = YES;
				COPY_PHASE_STRIP = NO;
				ENABLE_STRICT_OBJC_MSGSEND = YES;
				GCC_C_LANGUAGE_STANDARD = gnu99;
				GCC_DYNAMIC_NO_PIC = NO;
				GCC_ENABLE_OBJC_EXCEPTIONS = YES;
				GCC_OPTIMIZATION_LEVEL = 0;
				GCC_PREPROCESSOR_DEFINITIONS = (
					"DEBUG=1",
					"$(inherited)",
				);
				GCC_SYMBOLS_PRIVATE_EXTERN = NO;
				GCC_VERSION = com.apple.compilers.llvm.clang.1_0;
				GCC_WARN_64_TO_32_BIT_CONVERSION = YES;
				GCC_WARN_ABOUT_MISSING_PROTOTYPES = YES;
				GCC_WARN_ABOUT_RETURN_TYPE = YES;
				GCC_WARN_UNDECLARED_SELECTOR = YES;
				GCC_WARN_UNINITIALIZED_AUTOS = YES;
				GCC_WARN_UNUSED_FUNCTION = YES;
				GCC_WARN_UNUSED_VARIABLE = YES;
				MACOSX_DEPLOYMENT_TARGET = 10.9;
				ONLY_ACTIVE_ARCH = YES;
				SDKROOT = macosx;
			};
			name = Debug;
		};
		AC14352614E698EF00406CEF /* Release */ = {
			isa = XCBuildConfiguration;
			buildSettings = {
				ALWAYS_SEARCH_USER_PATHS = NO;
				CLANG_ENABLE_OBJC_ARC = YES;
				CLANG_WARN_BOOL_CONVERSION = YES;
				CLANG_WARN_CONSTANT_CONVERSION = YES;
				CLANG_WARN_EMPTY_BODY = YES;
				CLANG_WARN_ENUM_CONVERSION = YES;
				CLANG_WARN_INT_CONVERSION = YES;
				CLANG_WARN_UNREACHABLE_CODE = YES;
				CLANG_WARN__DUPLICATE_METHOD_MATCH = YES;
				COPY_PHASE_STRIP = YES;
				DEBUG_INFORMATION_FORMAT = "dwarf-with-dsym";
				ENABLE_STRICT_OBJC_MSGSEND = YES;
				GCC_C_LANGUAGE_STANDARD = gnu99;
				GCC_ENABLE_OBJC_EXCEPTIONS = YES;
				GCC_VERSION = com.apple.compilers.llvm.clang.1_0;
				GCC_WARN_64_TO_32_BIT_CONVERSION = YES;
				GCC_WARN_ABOUT_MISSING_PROTOTYPES = YES;
				GCC_WARN_ABOUT_RETURN_TYPE = YES;
				GCC_WARN_UNDECLARED_SELECTOR = YES;
				GCC_WARN_UNINITIALIZED_AUTOS = YES;
				GCC_WARN_UNUSED_FUNCTION = YES;
				GCC_WARN_UNUSED_VARIABLE = YES;
				MACOSX_DEPLOYMENT_TARGET = 10.9;
				SDKROOT = macosx;
			};
			name = Release;
		};
		AC14352814E698EF00406CEF /* Debug */ = {
			isa = XCBuildConfiguration;
			buildSettings = {
				ASSETCATALOG_COMPILER_APPICON_NAME = AppIcon;
				CLANG_ENABLE_MODULES = YES;
				CODE_SIGN_IDENTITY = halo;
				COMBINE_HIDPI_IMAGES = YES;
				GCC_PRECOMPILE_PREFIX_HEADER = YES;
				GCC_PREFIX_HEADER = "Link/Link-Prefix.pch";
				INFOPLIST_FILE = "Link/Link-Info.plist";
				LD_RUNPATH_SEARCH_PATHS = "$(inherited) @executable_path/../Frameworks";
				PRODUCT_NAME = Link;
				PROVISIONING_PROFILE = "";
				SWIFT_OBJC_BRIDGING_HEADER = "Link/Vendor/CocoaLumberjack/Link-Bridging-Header.h";
				SWIFT_OPTIMIZATION_LEVEL = "-Onone";
				WRAPPER_EXTENSION = app;
			};
			name = Debug;
		};
		AC14352914E698EF00406CEF /* Release */ = {
			isa = XCBuildConfiguration;
			buildSettings = {
				ASSETCATALOG_COMPILER_APPICON_NAME = AppIcon;
				CLANG_ENABLE_MODULES = YES;
				CODE_SIGN_IDENTITY = halo;
				COMBINE_HIDPI_IMAGES = YES;
				GCC_PRECOMPILE_PREFIX_HEADER = YES;
				GCC_PREFIX_HEADER = "Link/Link-Prefix.pch";
				INFOPLIST_FILE = "Link/Link-Info.plist";
				LD_RUNPATH_SEARCH_PATHS = "$(inherited) @executable_path/../Frameworks";
				PRODUCT_NAME = Link;
				PROVISIONING_PROFILE = "";
				SWIFT_OBJC_BRIDGING_HEADER = "Link/Vendor/CocoaLumberjack/Link-Bridging-Header.h";
				WRAPPER_EXTENSION = app;
			};
			name = Release;
		};
		AC95706C14E6A0B600607575 /* Debug */ = {
			isa = XCBuildConfiguration;
			buildSettings = {
				CODE_SIGN_IDENTITY = halo;
				GCC_PRECOMPILE_PREFIX_HEADER = YES;
				GCC_PREFIX_HEADER = "LinkHelper/LinkHelper-Prefix.pch";
				OTHER_LDFLAGS = (
					"-sectcreate",
					__TEXT,
					__info_plist,
					"LinkHelper/LinkHelper-Info.plist",
					"-sectcreate",
					__TEXT,
					__launchd_plist,
					"LinkHelper/LinkHelper-Launchd.plist",
				);
				PRODUCT_NAME = com.funkensturm.LinkHelper;
				PROVISIONING_PROFILE = "";
			};
			name = Debug;
		};
		AC95706D14E6A0B600607575 /* Release */ = {
			isa = XCBuildConfiguration;
			buildSettings = {
				CODE_SIGN_IDENTITY = halo;
				GCC_PRECOMPILE_PREFIX_HEADER = YES;
				GCC_PREFIX_HEADER = "LinkHelper/LinkHelper-Prefix.pch";
				OTHER_LDFLAGS = (
					"-sectcreate",
					__TEXT,
					__info_plist,
					"LinkHelper/LinkHelper-Info.plist",
					"-sectcreate",
					__TEXT,
					__launchd_plist,
					"LinkHelper/LinkHelper-Launchd.plist",
				);
				PRODUCT_NAME = com.funkensturm.LinkHelper;
				PROVISIONING_PROFILE = "";
			};
			name = Release;
		};
/* End XCBuildConfiguration section */

/* Begin XCConfigurationList section */
		AC1434EF14E698EE00406CEF /* Build configuration list for PBXProject "Link" */ = {
			isa = XCConfigurationList;
			buildConfigurations = (
				AC14352514E698EF00406CEF /* Debug */,
				AC14352614E698EF00406CEF /* Release */,
			);
			defaultConfigurationIsVisible = 0;
			defaultConfigurationName = Release;
		};
		AC14352714E698EF00406CEF /* Build configuration list for PBXNativeTarget "Link" */ = {
			isa = XCConfigurationList;
			buildConfigurations = (
				AC14352814E698EF00406CEF /* Debug */,
				AC14352914E698EF00406CEF /* Release */,
			);
			defaultConfigurationIsVisible = 0;
			defaultConfigurationName = Release;
		};
		AC95706E14E6A0B600607575 /* Build configuration list for PBXNativeTarget "LinkHelper" */ = {
			isa = XCConfigurationList;
			buildConfigurations = (
				AC95706C14E6A0B600607575 /* Debug */,
				AC95706D14E6A0B600607575 /* Release */,
			);
			defaultConfigurationIsVisible = 0;
			defaultConfigurationName = Release;
		};
/* End XCConfigurationList section */
	};
	rootObject = AC1434EC14E698EE00406CEF /* Project object */;
}
