// !$*UTF8*$!
{
	archiveVersion = 1;
	classes = {
	};
	objectVersion = 46;
	objects = {

/* Begin PBXBuildFile section */
		C20A31CE2015257500BC8386 /* LinkLauncher.swift in Sources */ = {isa = PBXBuildFile; fileRef = C20A31A2201521E200BC8386 /* LinkLauncher.swift */; };
		C20A31CF2015257900BC8386 /* Notifications.swift in Sources */ = {isa = PBXBuildFile; fileRef = C2F209771EEC729400355561 /* Notifications.swift */; };
		C20A31D02015257C00BC8386 /* Identifiers.swift in Sources */ = {isa = PBXBuildFile; fileRef = C239268D1F0574A7008506E4 /* Identifiers.swift */; };
		C20A31D3201528ED00BC8386 /* LinkLauncher.app in CopyFiles */ = {isa = PBXBuildFile; fileRef = C20A31C02015250900BC8386 /* LinkLauncher.app */; settings = {ATTRIBUTES = (RemoveHeadersOnCopy, ); }; };
		C231C0CD23DF6EBD00EFA3A8 /* MACPrefix.swift in Sources */ = {isa = PBXBuildFile; fileRef = C231C0CC23DF6EBD00EFA3A8 /* MACPrefix.swift */; };
		C231C0CF23DF6EBD00EFA3A8 /* MACPrefix.swift in Sources */ = {isa = PBXBuildFile; fileRef = C231C0CC23DF6EBD00EFA3A8 /* MACPrefix.swift */; };
		C231C0D223DF707200EFA3A8 /* MACPrefixTests.swift in Sources */ = {isa = PBXBuildFile; fileRef = C231C0D123DF707200EFA3A8 /* MACPrefixTests.swift */; };
		C2340D9F1F0EB1120065F034 /* UninstallDaemon.swift in Sources */ = {isa = PBXBuildFile; fileRef = C2340D9E1F0EB1120065F034 /* UninstallDaemon.swift */; };
		C2340DA01F0EB1120065F034 /* UninstallDaemon.swift in Sources */ = {isa = PBXBuildFile; fileRef = C2340D9E1F0EB1120065F034 /* UninstallDaemon.swift */; };
		C2340DA21F0EB11B0065F034 /* ConfigDirectory.swift in Sources */ = {isa = PBXBuildFile; fileRef = C2340DA11F0EB11B0065F034 /* ConfigDirectory.swift */; };
		C2340DA31F0EB11B0065F034 /* ConfigDirectory.swift in Sources */ = {isa = PBXBuildFile; fileRef = C2340DA11F0EB11B0065F034 /* ConfigDirectory.swift */; };
		C2340DB21F0FB7A00065F034 /* en.lproj in Resources */ = {isa = PBXBuildFile; fileRef = C2340DB11F0FB7A00065F034 /* en.lproj */; };
		C23926481EEDB095008506E4 /* LinkLiarHelp.help in Resources */ = {isa = PBXBuildFile; fileRef = C2F20A0E1EED97F800355561 /* LinkLiarHelp.help */; };
		C239264C1EEDBBB4008506E4 /* Interface.swift in Sources */ = {isa = PBXBuildFile; fileRef = C239264B1EEDBBB4008506E4 /* Interface.swift */; };
		C239264D1EEDBBB4008506E4 /* Interface.swift in Sources */ = {isa = PBXBuildFile; fileRef = C239264B1EEDBBB4008506E4 /* Interface.swift */; };
		C239264F1EEDCD73008506E4 /* MACAddress.swift in Sources */ = {isa = PBXBuildFile; fileRef = C239264E1EEDCD73008506E4 /* MACAddress.swift */; };
		C23926501EEDCD73008506E4 /* MACAddress.swift in Sources */ = {isa = PBXBuildFile; fileRef = C239264E1EEDCD73008506E4 /* MACAddress.swift */; };
		C23926521EEDCD9A008506E4 /* MACAddressTests.swift in Sources */ = {isa = PBXBuildFile; fileRef = C23926511EEDCD9A008506E4 /* MACAddressTests.swift */; };
		C23926541EEE691D008506E4 /* InterfaceTests.swift in Sources */ = {isa = PBXBuildFile; fileRef = C23926531EEE691D008506E4 /* InterfaceTests.swift */; };
		C23926581EF10613008506E4 /* Ifconfig.swift in Sources */ = {isa = PBXBuildFile; fileRef = C23926571EF10613008506E4 /* Ifconfig.swift */; };
		C23926591EF10613008506E4 /* Ifconfig.swift in Sources */ = {isa = PBXBuildFile; fileRef = C23926571EF10613008506E4 /* Ifconfig.swift */; };
		C239265B1EF1A213008506E4 /* IfconfigTests.swift in Sources */ = {isa = PBXBuildFile; fileRef = C239265A1EF1A213008506E4 /* IfconfigTests.swift */; };
		C239265E1EF3FB5B008506E4 /* Config.swift in Sources */ = {isa = PBXBuildFile; fileRef = C239265D1EF3FB5B008506E4 /* Config.swift */; };
		C239265F1EF3FB5B008506E4 /* Config.swift in Sources */ = {isa = PBXBuildFile; fileRef = C239265D1EF3FB5B008506E4 /* Config.swift */; };
		C23926611EF426FE008506E4 /* Configuration.swift in Sources */ = {isa = PBXBuildFile; fileRef = C23926601EF426FE008506E4 /* Configuration.swift */; };
		C23926621EF426FE008506E4 /* Configuration.swift in Sources */ = {isa = PBXBuildFile; fileRef = C23926601EF426FE008506E4 /* Configuration.swift */; };
		C239266C1EF98F1A008506E4 /* JSONWriterTests.swift in Sources */ = {isa = PBXBuildFile; fileRef = C239266B1EF98F1A008506E4 /* JSONWriterTests.swift */; };
		C23926791F03D78A008506E4 /* Version.swift in Sources */ = {isa = PBXBuildFile; fileRef = C23926781F03D78A008506E4 /* Version.swift */; };
		C239267A1F03D78A008506E4 /* Version.swift in Sources */ = {isa = PBXBuildFile; fileRef = C23926781F03D78A008506E4 /* Version.swift */; };
		C239267B1F03D78A008506E4 /* Version.swift in Sources */ = {isa = PBXBuildFile; fileRef = C23926781F03D78A008506E4 /* Version.swift */; };
		C23926811F040AC1008506E4 /* FileObserver.swift in Sources */ = {isa = PBXBuildFile; fileRef = C23926801F040AC1008506E4 /* FileObserver.swift */; };
		C23926821F040AC1008506E4 /* FileObserver.swift in Sources */ = {isa = PBXBuildFile; fileRef = C23926801F040AC1008506E4 /* FileObserver.swift */; };
		C239268E1F0574A7008506E4 /* Identifiers.swift in Sources */ = {isa = PBXBuildFile; fileRef = C239268D1F0574A7008506E4 /* Identifiers.swift */; };
		C239268F1F0574A7008506E4 /* Identifiers.swift in Sources */ = {isa = PBXBuildFile; fileRef = C239268D1F0574A7008506E4 /* Identifiers.swift */; };
		C23926901F0574A7008506E4 /* Identifiers.swift in Sources */ = {isa = PBXBuildFile; fileRef = C239268D1F0574A7008506E4 /* Identifiers.swift */; };
		C23926A51F06C787008506E4 /* SettingsSubmenu.swift in Sources */ = {isa = PBXBuildFile; fileRef = C23926931F06C787008506E4 /* SettingsSubmenu.swift */; };
		C23926A61F06C787008506E4 /* AppDelegate.swift in Sources */ = {isa = PBXBuildFile; fileRef = C23926941F06C787008506E4 /* AppDelegate.swift */; };
		C23926A71F06C787008506E4 /* Bar.swift in Sources */ = {isa = PBXBuildFile; fileRef = C23926951F06C787008506E4 /* Bar.swift */; };
		C23926A81F06C787008506E4 /* ConfigWriter.swift in Sources */ = {isa = PBXBuildFile; fileRef = C23926961F06C787008506E4 /* ConfigWriter.swift */; };
		C23926A91F06C787008506E4 /* Controller.swift in Sources */ = {isa = PBXBuildFile; fileRef = C23926971F06C787008506E4 /* Controller.swift */; };
		C23926AA1F06C787008506E4 /* CopyPastableNSTextField.swift in Sources */ = {isa = PBXBuildFile; fileRef = C23926981F06C787008506E4 /* CopyPastableNSTextField.swift */; };
		C23926AB1F06C787008506E4 /* DefaultSubmenu.swift in Sources */ = {isa = PBXBuildFile; fileRef = C23926991F06C787008506E4 /* DefaultSubmenu.swift */; };
		C23926AC1F06C787008506E4 /* DeveloperSubmenu.swift in Sources */ = {isa = PBXBuildFile; fileRef = C239269A1F06C787008506E4 /* DeveloperSubmenu.swift */; };
		C23926AD1F06C787008506E4 /* Elevator.swift in Sources */ = {isa = PBXBuildFile; fileRef = C239269B1F06C787008506E4 /* Elevator.swift */; };
		C23926AE1F06C787008506E4 /* Intercom.swift in Sources */ = {isa = PBXBuildFile; fileRef = C239269C1F06C787008506E4 /* Intercom.swift */; };
		C23926AF1F06C787008506E4 /* InterfaceSubmenu.swift in Sources */ = {isa = PBXBuildFile; fileRef = C239269D1F06C787008506E4 /* InterfaceSubmenu.swift */; };
		C23926B01F06C787008506E4 /* JSONWriter.swift in Sources */ = {isa = PBXBuildFile; fileRef = C239269E1F06C787008506E4 /* JSONWriter.swift */; };
		C23926B11F06C787008506E4 /* MACAddressFormatter.swift in Sources */ = {isa = PBXBuildFile; fileRef = C239269F1F06C787008506E4 /* MACAddressFormatter.swift */; };
		C23926B21F06C787008506E4 /* MACAddressQuestion.swift in Sources */ = {isa = PBXBuildFile; fileRef = C23926A01F06C787008506E4 /* MACAddressQuestion.swift */; };
		C23926B41F06C787008506E4 /* Menu.swift in Sources */ = {isa = PBXBuildFile; fileRef = C23926A21F06C787008506E4 /* Menu.swift */; };
		C23926B61F06C787008506E4 /* SoftMACCache.swift in Sources */ = {isa = PBXBuildFile; fileRef = C23926A41F06C787008506E4 /* SoftMACCache.swift */; };
		C23926B81F06C7C4008506E4 /* main.swift in Sources */ = {isa = PBXBuildFile; fileRef = C23926B71F06C7C4008506E4 /* main.swift */; };
		C23926BB1F06C7E6008506E4 /* HelperProtocol.swift in Sources */ = {isa = PBXBuildFile; fileRef = C23926B91F06C7E6008506E4 /* HelperProtocol.swift */; };
		C23926BC1F06C7E6008506E4 /* LinkHelper.swift in Sources */ = {isa = PBXBuildFile; fileRef = C23926BA1F06C7E6008506E4 /* LinkHelper.swift */; };
		C23926BF1F06C804008506E4 /* LinkDaemon.swift in Sources */ = {isa = PBXBuildFile; fileRef = C23926BD1F06C804008506E4 /* LinkDaemon.swift */; };
		C23926C01F06C804008506E4 /* Synchronizer.swift in Sources */ = {isa = PBXBuildFile; fileRef = C23926BE1F06C804008506E4 /* Synchronizer.swift */; };
		C23926C21F06CA80008506E4 /* MACVendors.swift in Sources */ = {isa = PBXBuildFile; fileRef = C23926C11F06CA80008506E4 /* MACVendors.swift */; };
		C23926C41F06D04E008506E4 /* oui.json in Resources */ = {isa = PBXBuildFile; fileRef = C23926C31F06D04E008506E4 /* oui.json */; };
		C23926C51F06DCA5008506E4 /* HelperProtocol.swift in Sources */ = {isa = PBXBuildFile; fileRef = C23926B91F06C7E6008506E4 /* HelperProtocol.swift */; };
		C24A486F1F090EDF0095ED0C /* OuiPrefixes.swift in Sources */ = {isa = PBXBuildFile; fileRef = C24A486E1F090EDF0095ED0C /* OuiPrefixes.swift */; };
		C24A48711F0937390095ED0C /* RandomMACs.swift in Sources */ = {isa = PBXBuildFile; fileRef = C24A48701F0937390095ED0C /* RandomMACs.swift */; };
		C27108C020164DDC00FDFD43 /* RunningApplications.swift in Sources */ = {isa = PBXBuildFile; fileRef = C27108BF20164DDB00FDFD43 /* RunningApplications.swift */; };
		C27108C120164DDC00FDFD43 /* RunningApplications.swift in Sources */ = {isa = PBXBuildFile; fileRef = C27108BF20164DDB00FDFD43 /* RunningApplications.swift */; };
		C27108E72016559F00FDFD43 /* Log.swift in Sources */ = {isa = PBXBuildFile; fileRef = C291CBE61EE85D0D00154452 /* Log.swift */; };
		C27108E8201655A300FDFD43 /* Paths.swift in Sources */ = {isa = PBXBuildFile; fileRef = C2F209651EEC5BD900355561 /* Paths.swift */; };
		C2719FEC26236F91008E27D8 /* Action.swift in Sources */ = {isa = PBXBuildFile; fileRef = C291F67223F5AF7F00FB2CB0 /* Action.swift */; };
		C2719FF5262370A7008E27D8 /* ActionTests.swift in Sources */ = {isa = PBXBuildFile; fileRef = C2719FF4262370A7008E27D8 /* ActionTests.swift */; };
		C271A0032623733D008E27D8 /* Prefixes.swift in Sources */ = {isa = PBXBuildFile; fileRef = C271A0022623733D008E27D8 /* Prefixes.swift */; };
		C271A0042623733D008E27D8 /* Prefixes.swift in Sources */ = {isa = PBXBuildFile; fileRef = C271A0022623733D008E27D8 /* Prefixes.swift */; };
		C271A00C2623735B008E27D8 /* PrefixesTests.swift in Sources */ = {isa = PBXBuildFile; fileRef = C271A00B2623735B008E27D8 /* PrefixesTests.swift */; };
		C271A01426237A56008E27D8 /* MACPrefixes.swift in Sources */ = {isa = PBXBuildFile; fileRef = C271A01326237A56008E27D8 /* MACPrefixes.swift */; };
		C271A01526237A56008E27D8 /* MACPrefixes.swift in Sources */ = {isa = PBXBuildFile; fileRef = C271A01326237A56008E27D8 /* MACPrefixes.swift */; };
		C291CBE71EE85D0D00154452 /* Log.swift in Sources */ = {isa = PBXBuildFile; fileRef = C291CBE61EE85D0D00154452 /* Log.swift */; };
		C291CBE81EE85D0D00154452 /* Log.swift in Sources */ = {isa = PBXBuildFile; fileRef = C291CBE61EE85D0D00154452 /* Log.swift */; };
		C291CBE91EE85D0D00154452 /* Log.swift in Sources */ = {isa = PBXBuildFile; fileRef = C291CBE61EE85D0D00154452 /* Log.swift */; };
		C291CBF61EE8827D00154452 /* JSONReader.swift in Sources */ = {isa = PBXBuildFile; fileRef = C291CBF51EE8827D00154452 /* JSONReader.swift */; };
		C291CBF71EE8827D00154452 /* JSONReader.swift in Sources */ = {isa = PBXBuildFile; fileRef = C291CBF51EE8827D00154452 /* JSONReader.swift */; };
		C291CBF81EE8827D00154452 /* JSONReader.swift in Sources */ = {isa = PBXBuildFile; fileRef = C291CBF51EE8827D00154452 /* JSONReader.swift */; };
		C291F67323F5AF7F00FB2CB0 /* Action.swift in Sources */ = {isa = PBXBuildFile; fileRef = C291F67223F5AF7F00FB2CB0 /* Action.swift */; };
		C294F82B1F1549200027C056 /* logs in Resources */ = {isa = PBXBuildFile; fileRef = C294F82A1F1549200027C056 /* logs */; };
		C29B7D8F1EE69C3800609A21 /* linkdaemon in Resources */ = {isa = PBXBuildFile; fileRef = C2BEC00A1EE4984E0072BE59 /* linkdaemon */; };
		C29B7D971EE69D1800609A21 /* main.swift in Sources */ = {isa = PBXBuildFile; fileRef = C29B7D961EE69D1800609A21 /* main.swift */; };
		C29B7DA31EE7336200609A21 /* io.github.halo.linkhelper in CopyFiles */ = {isa = PBXBuildFile; fileRef = C29B7D941EE69D1800609A21 /* io.github.halo.linkhelper */; settings = {ATTRIBUTES = (CodeSignOnCopy, ); }; };
		C2BE6B9A1F0D011D0086A843 /* NSMenuItem+placeholder.swift in Sources */ = {isa = PBXBuildFile; fileRef = C2BE6B991F0D011D0086A843 /* NSMenuItem+placeholder.swift */; };
		C2BE6B9C1F0D523F0086A843 /* ConfigurationTests.swift in Sources */ = {isa = PBXBuildFile; fileRef = C2BE6B9B1F0D523F0086A843 /* ConfigurationTests.swift */; };
		C2BE6B9E1F0D791B0086A843 /* LaunchCtl.swift in Sources */ = {isa = PBXBuildFile; fileRef = C2BE6B9D1F0D791B0086A843 /* LaunchCtl.swift */; };
		C2BE6BA01F0E47770086A843 /* UninstallHelper.swift in Sources */ = {isa = PBXBuildFile; fileRef = C2BE6B9F1F0E47770086A843 /* UninstallHelper.swift */; };
		C2BE6BA41F0E8D4C0086A843 /* BootDaemon.swift in Sources */ = {isa = PBXBuildFile; fileRef = C2BE6BA31F0E8D4C0086A843 /* BootDaemon.swift */; };
		C2BE6BA61F0EA4B60086A843 /* InstallDaemon.swift in Sources */ = {isa = PBXBuildFile; fileRef = C2BE6BA51F0EA4B60086A843 /* InstallDaemon.swift */; };
		C2BEBFE11EE48B5E0072BE59 /* Assets.xcassets in Resources */ = {isa = PBXBuildFile; fileRef = C2BEBFE01EE48B5E0072BE59 /* Assets.xcassets */; };
		C2BEBFEF1EE48B5E0072BE59 /* LinkLiarTests.swift in Sources */ = {isa = PBXBuildFile; fileRef = C2BEBFEE1EE48B5E0072BE59 /* LinkLiarTests.swift */; };
		C2BEC00D1EE4984E0072BE59 /* main.swift in Sources */ = {isa = PBXBuildFile; fileRef = C2BEC00C1EE4984E0072BE59 /* main.swift */; };
		C2D5FE5B2015327300837EE8 /* main.swift in Sources */ = {isa = PBXBuildFile; fileRef = C2D5FE5A2015327300837EE8 /* main.swift */; };
		C2D5FE5D20153EBA00837EE8 /* LaunchAtLogin.swift in Sources */ = {isa = PBXBuildFile; fileRef = C2D5FE5C20153EBA00837EE8 /* LaunchAtLogin.swift */; };
		C2DC93DC2017A0DF001B5E6E /* Version.swift in Sources */ = {isa = PBXBuildFile; fileRef = C23926781F03D78A008506E4 /* Version.swift */; };
		C2EEEBA41F0BC16300657CC5 /* AppDelegateTests.swift in Sources */ = {isa = PBXBuildFile; fileRef = C2EEEBA31F0BC16300657CC5 /* AppDelegateTests.swift */; };
		C2EEEBA71F0C01C700657CC5 /* NetworkObserver.swift in Sources */ = {isa = PBXBuildFile; fileRef = C2EEEBA61F0C01C700657CC5 /* NetworkObserver.swift */; };
		C2EEEBA81F0C01C700657CC5 /* NetworkObserver.swift in Sources */ = {isa = PBXBuildFile; fileRef = C2EEEBA61F0C01C700657CC5 /* NetworkObserver.swift */; };
		C2EEEBAA1F0C110C00657CC5 /* IntervalTimer.swift in Sources */ = {isa = PBXBuildFile; fileRef = C2EEEBA91F0C110C00657CC5 /* IntervalTimer.swift */; };
		C2EEEBAB1F0C110C00657CC5 /* IntervalTimer.swift in Sources */ = {isa = PBXBuildFile; fileRef = C2EEEBA91F0C110C00657CC5 /* IntervalTimer.swift */; };
		C2F209611EEC599100355561 /* JSONReaderTests.swift in Sources */ = {isa = PBXBuildFile; fileRef = C2F209601EEC599100355561 /* JSONReaderTests.swift */; };
		C2F209641EEC5AFD00355561 /* minimalConfig.json in Resources */ = {isa = PBXBuildFile; fileRef = C2F209631EEC5AFD00355561 /* minimalConfig.json */; };
		C2F209661EEC5BD900355561 /* Paths.swift in Sources */ = {isa = PBXBuildFile; fileRef = C2F209651EEC5BD900355561 /* Paths.swift */; };
		C2F209671EEC5BD900355561 /* Paths.swift in Sources */ = {isa = PBXBuildFile; fileRef = C2F209651EEC5BD900355561 /* Paths.swift */; };
		C2F209681EEC5BD900355561 /* Paths.swift in Sources */ = {isa = PBXBuildFile; fileRef = C2F209651EEC5BD900355561 /* Paths.swift */; };
		C2F2096A1EEC5CD300355561 /* PathsTests.swift in Sources */ = {isa = PBXBuildFile; fileRef = C2F209691EEC5CD300355561 /* PathsTests.swift */; };
		C2F2096C1EEC64FE00355561 /* justText.json in Resources */ = {isa = PBXBuildFile; fileRef = C2F2096B1EEC64FE00355561 /* justText.json */; };
		C2F209731EEC701F00355561 /* CFArray+Sequence.swift in Sources */ = {isa = PBXBuildFile; fileRef = C2F209711EEC701E00355561 /* CFArray+Sequence.swift */; };
		C2F209741EEC701F00355561 /* CFArray+Sequence.swift in Sources */ = {isa = PBXBuildFile; fileRef = C2F209711EEC701E00355561 /* CFArray+Sequence.swift */; };
		C2F209751EEC701F00355561 /* Interfaces.swift in Sources */ = {isa = PBXBuildFile; fileRef = C2F209721EEC701E00355561 /* Interfaces.swift */; };
		C2F209761EEC701F00355561 /* Interfaces.swift in Sources */ = {isa = PBXBuildFile; fileRef = C2F209721EEC701E00355561 /* Interfaces.swift */; };
		C2F209781EEC729400355561 /* Notifications.swift in Sources */ = {isa = PBXBuildFile; fileRef = C2F209771EEC729400355561 /* Notifications.swift */; };
		C2F209791EEC729400355561 /* Notifications.swift in Sources */ = {isa = PBXBuildFile; fileRef = C2F209771EEC729400355561 /* Notifications.swift */; };
/* End PBXBuildFile section */

/* Begin PBXContainerItemProxy section */
		C23926461EEDB089008506E4 /* PBXContainerItemProxy */ = {
			isa = PBXContainerItemProxy;
			containerPortal = C2BEBFD11EE48B5E0072BE59 /* Project object */;
			proxyType = 1;
			remoteGlobalIDString = C2F20A0D1EED97F800355561;
			remoteInfo = LinkLiarHelp;
		};
		C29B7D8C1EE59C1600609A21 /* PBXContainerItemProxy */ = {
			isa = PBXContainerItemProxy;
			containerPortal = C2BEBFD11EE48B5E0072BE59 /* Project object */;
			proxyType = 1;
			remoteGlobalIDString = C2BEC0091EE4984E0072BE59;
			remoteInfo = linkdaemon;
		};
		C29B7D9B1EE69D1F00609A21 /* PBXContainerItemProxy */ = {
			isa = PBXContainerItemProxy;
			containerPortal = C2BEBFD11EE48B5E0072BE59 /* Project object */;
			proxyType = 1;
			remoteGlobalIDString = C29B7D931EE69D1800609A21;
			remoteInfo = LinkHelper;
		};
		C2BEBFEB1EE48B5E0072BE59 /* PBXContainerItemProxy */ = {
			isa = PBXContainerItemProxy;
			containerPortal = C2BEBFD11EE48B5E0072BE59 /* Project object */;
			proxyType = 1;
			remoteGlobalIDString = C2BEBFD81EE48B5E0072BE59;
			remoteInfo = LinkLiar;
		};
		C2D5FE5820152A9100837EE8 /* PBXContainerItemProxy */ = {
			isa = PBXContainerItemProxy;
			containerPortal = C2BEBFD11EE48B5E0072BE59 /* Project object */;
			proxyType = 1;
			remoteGlobalIDString = C20A31BF2015250900BC8386;
			remoteInfo = LinkLauncher;
		};
/* End PBXContainerItemProxy section */

/* Begin PBXCopyFilesBuildPhase section */
		C20A31D2201528DC00BC8386 /* CopyFiles */ = {
			isa = PBXCopyFilesBuildPhase;
			buildActionMask = 2147483647;
			dstPath = Contents/Library/LoginItems;
			dstSubfolderSpec = 1;
			files = (
				C20A31D3201528ED00BC8386 /* LinkLauncher.app in CopyFiles */,
			);
			runOnlyForDeploymentPostprocessing = 0;
		};
		C29B7D921EE69D1800609A21 /* CopyFiles */ = {
			isa = PBXCopyFilesBuildPhase;
			buildActionMask = 12;
			dstPath = Contents/Library/LaunchServices;
			dstSubfolderSpec = 1;
			files = (
			);
			runOnlyForDeploymentPostprocessing = 0;
		};
		C29B7DA01EE71CF900609A21 /* CopyFiles */ = {
			isa = PBXCopyFilesBuildPhase;
			buildActionMask = 2147483647;
			dstPath = Contents/Library/LaunchServices;
			dstSubfolderSpec = 1;
			files = (
				C29B7DA31EE7336200609A21 /* io.github.halo.linkhelper in CopyFiles */,
			);
			runOnlyForDeploymentPostprocessing = 0;
		};
		C2BEC0081EE4984E0072BE59 /* CopyFiles */ = {
			isa = PBXCopyFilesBuildPhase;
			buildActionMask = 2147483647;
			dstPath = /usr/share/man/man1/;
			dstSubfolderSpec = 0;
			files = (
			);
			runOnlyForDeploymentPostprocessing = 1;
		};
/* End PBXCopyFilesBuildPhase section */

/* Begin PBXFileReference section */
		C20A31A2201521E200BC8386 /* LinkLauncher.swift */ = {isa = PBXFileReference; lastKnownFileType = sourcecode.swift; path = LinkLauncher.swift; sourceTree = "<group>"; };
		C20A31A9201521E200BC8386 /* Info.plist */ = {isa = PBXFileReference; lastKnownFileType = text.plist.xml; path = Info.plist; sourceTree = "<group>"; };
		C20A31C02015250900BC8386 /* LinkLauncher.app */ = {isa = PBXFileReference; explicitFileType = wrapper.application; includeInIndex = 0; path = LinkLauncher.app; sourceTree = BUILT_PRODUCTS_DIR; };
		C231C0CC23DF6EBD00EFA3A8 /* MACPrefix.swift */ = {isa = PBXFileReference; lastKnownFileType = sourcecode.swift; name = MACPrefix.swift; path = LinkTools/MACPrefix.swift; sourceTree = "<group>"; };
		C231C0D123DF707200EFA3A8 /* MACPrefixTests.swift */ = {isa = PBXFileReference; lastKnownFileType = sourcecode.swift; path = MACPrefixTests.swift; sourceTree = "<group>"; };
		C2340D9E1F0EB1120065F034 /* UninstallDaemon.swift */ = {isa = PBXFileReference; fileEncoding = 4; lastKnownFileType = sourcecode.swift; lineEnding = 0; name = UninstallDaemon.swift; path = Classes/UninstallDaemon.swift; sourceTree = "<group>"; xcLanguageSpecificationIdentifier = xcode.lang.swift; };
		C2340DA11F0EB11B0065F034 /* ConfigDirectory.swift */ = {isa = PBXFileReference; fileEncoding = 4; lastKnownFileType = sourcecode.swift; lineEnding = 0; name = ConfigDirectory.swift; path = Classes/ConfigDirectory.swift; sourceTree = "<group>"; xcLanguageSpecificationIdentifier = xcode.lang.swift; };
		C2340DB11F0FB7A00065F034 /* en.lproj */ = {isa = PBXFileReference; lastKnownFileType = folder; name = en.lproj; path = LinkLiarHelp/_site/en.lproj; sourceTree = "<group>"; };
		C239264B1EEDBBB4008506E4 /* Interface.swift */ = {isa = PBXFileReference; fileEncoding = 4; lastKnownFileType = sourcecode.swift; name = Interface.swift; path = LinkTools/Interface.swift; sourceTree = "<group>"; };
		C239264E1EEDCD73008506E4 /* MACAddress.swift */ = {isa = PBXFileReference; fileEncoding = 4; lastKnownFileType = sourcecode.swift; name = MACAddress.swift; path = LinkTools/MACAddress.swift; sourceTree = "<group>"; };
		C23926511EEDCD9A008506E4 /* MACAddressTests.swift */ = {isa = PBXFileReference; fileEncoding = 4; lastKnownFileType = sourcecode.swift; path = MACAddressTests.swift; sourceTree = "<group>"; };
		C23926531EEE691D008506E4 /* InterfaceTests.swift */ = {isa = PBXFileReference; fileEncoding = 4; lastKnownFileType = sourcecode.swift; path = InterfaceTests.swift; sourceTree = "<group>"; };
		C23926571EF10613008506E4 /* Ifconfig.swift */ = {isa = PBXFileReference; fileEncoding = 4; lastKnownFileType = sourcecode.swift; name = Ifconfig.swift; path = LinkTools/Ifconfig.swift; sourceTree = "<group>"; };
		C239265A1EF1A213008506E4 /* IfconfigTests.swift */ = {isa = PBXFileReference; fileEncoding = 4; lastKnownFileType = sourcecode.swift; path = IfconfigTests.swift; sourceTree = "<group>"; };
		C239265D1EF3FB5B008506E4 /* Config.swift */ = {isa = PBXFileReference; fileEncoding = 4; lastKnownFileType = sourcecode.swift; name = Config.swift; path = LinkTools/Config.swift; sourceTree = "<group>"; };
		C23926601EF426FE008506E4 /* Configuration.swift */ = {isa = PBXFileReference; fileEncoding = 4; lastKnownFileType = sourcecode.swift; name = Configuration.swift; path = LinkTools/Configuration.swift; sourceTree = "<group>"; };
		C239266B1EF98F1A008506E4 /* JSONWriterTests.swift */ = {isa = PBXFileReference; fileEncoding = 4; lastKnownFileType = sourcecode.swift; path = JSONWriterTests.swift; sourceTree = "<group>"; };
		C23926781F03D78A008506E4 /* Version.swift */ = {isa = PBXFileReference; fileEncoding = 4; lastKnownFileType = sourcecode.swift; name = Version.swift; path = LinkTools/Version.swift; sourceTree = "<group>"; };
		C23926801F040AC1008506E4 /* FileObserver.swift */ = {isa = PBXFileReference; fileEncoding = 4; lastKnownFileType = sourcecode.swift; name = FileObserver.swift; path = LinkTools/FileObserver.swift; sourceTree = "<group>"; };
		C239268C1F0429ED008506E4 /* Info.plist */ = {isa = PBXFileReference; fileEncoding = 4; lastKnownFileType = text.plist.xml; path = Info.plist; sourceTree = "<group>"; };
		C239268D1F0574A7008506E4 /* Identifiers.swift */ = {isa = PBXFileReference; fileEncoding = 4; lastKnownFileType = sourcecode.swift; name = Identifiers.swift; path = LinkTools/Identifiers.swift; sourceTree = "<group>"; };
		C23926931F06C787008506E4 /* SettingsSubmenu.swift */ = {isa = PBXFileReference; fileEncoding = 4; lastKnownFileType = sourcecode.swift; name = SettingsSubmenu.swift; path = Classes/SettingsSubmenu.swift; sourceTree = "<group>"; };
		C23926941F06C787008506E4 /* AppDelegate.swift */ = {isa = PBXFileReference; fileEncoding = 4; lastKnownFileType = sourcecode.swift; name = AppDelegate.swift; path = Classes/AppDelegate.swift; sourceTree = "<group>"; };
		C23926951F06C787008506E4 /* Bar.swift */ = {isa = PBXFileReference; fileEncoding = 4; lastKnownFileType = sourcecode.swift; name = Bar.swift; path = Classes/Bar.swift; sourceTree = "<group>"; };
		C23926961F06C787008506E4 /* ConfigWriter.swift */ = {isa = PBXFileReference; fileEncoding = 4; lastKnownFileType = sourcecode.swift; name = ConfigWriter.swift; path = Classes/ConfigWriter.swift; sourceTree = "<group>"; };
		C23926971F06C787008506E4 /* Controller.swift */ = {isa = PBXFileReference; fileEncoding = 4; lastKnownFileType = sourcecode.swift; lineEnding = 0; name = Controller.swift; path = Classes/Controller.swift; sourceTree = "<group>"; xcLanguageSpecificationIdentifier = xcode.lang.swift; };
		C23926981F06C787008506E4 /* CopyPastableNSTextField.swift */ = {isa = PBXFileReference; fileEncoding = 4; lastKnownFileType = sourcecode.swift; name = CopyPastableNSTextField.swift; path = Classes/CopyPastableNSTextField.swift; sourceTree = "<group>"; };
		C23926991F06C787008506E4 /* DefaultSubmenu.swift */ = {isa = PBXFileReference; fileEncoding = 4; lastKnownFileType = sourcecode.swift; name = DefaultSubmenu.swift; path = Classes/DefaultSubmenu.swift; sourceTree = "<group>"; };
		C239269A1F06C787008506E4 /* DeveloperSubmenu.swift */ = {isa = PBXFileReference; fileEncoding = 4; lastKnownFileType = sourcecode.swift; lineEnding = 0; name = DeveloperSubmenu.swift; path = Classes/DeveloperSubmenu.swift; sourceTree = "<group>"; xcLanguageSpecificationIdentifier = xcode.lang.swift; };
		C239269B1F06C787008506E4 /* Elevator.swift */ = {isa = PBXFileReference; fileEncoding = 4; lastKnownFileType = sourcecode.swift; name = Elevator.swift; path = Classes/Elevator.swift; sourceTree = "<group>"; };
		C239269C1F06C787008506E4 /* Intercom.swift */ = {isa = PBXFileReference; fileEncoding = 4; lastKnownFileType = sourcecode.swift; lineEnding = 0; name = Intercom.swift; path = Classes/Intercom.swift; sourceTree = "<group>"; xcLanguageSpecificationIdentifier = xcode.lang.swift; };
		C239269D1F06C787008506E4 /* InterfaceSubmenu.swift */ = {isa = PBXFileReference; fileEncoding = 4; lastKnownFileType = sourcecode.swift; name = InterfaceSubmenu.swift; path = Classes/InterfaceSubmenu.swift; sourceTree = "<group>"; };
		C239269E1F06C787008506E4 /* JSONWriter.swift */ = {isa = PBXFileReference; fileEncoding = 4; lastKnownFileType = sourcecode.swift; name = JSONWriter.swift; path = Classes/JSONWriter.swift; sourceTree = "<group>"; };
		C239269F1F06C787008506E4 /* MACAddressFormatter.swift */ = {isa = PBXFileReference; fileEncoding = 4; lastKnownFileType = sourcecode.swift; name = MACAddressFormatter.swift; path = Classes/MACAddressFormatter.swift; sourceTree = "<group>"; };
		C23926A01F06C787008506E4 /* MACAddressQuestion.swift */ = {isa = PBXFileReference; fileEncoding = 4; lastKnownFileType = sourcecode.swift; name = MACAddressQuestion.swift; path = Classes/MACAddressQuestion.swift; sourceTree = "<group>"; };
		C23926A21F06C787008506E4 /* Menu.swift */ = {isa = PBXFileReference; fileEncoding = 4; lastKnownFileType = sourcecode.swift; name = Menu.swift; path = Classes/Menu.swift; sourceTree = "<group>"; };
		C23926A41F06C787008506E4 /* SoftMACCache.swift */ = {isa = PBXFileReference; fileEncoding = 4; lastKnownFileType = sourcecode.swift; name = SoftMACCache.swift; path = Classes/SoftMACCache.swift; sourceTree = "<group>"; };
		C23926B71F06C7C4008506E4 /* main.swift */ = {isa = PBXFileReference; fileEncoding = 4; lastKnownFileType = sourcecode.swift; path = main.swift; sourceTree = "<group>"; };
		C23926B91F06C7E6008506E4 /* HelperProtocol.swift */ = {isa = PBXFileReference; fileEncoding = 4; lastKnownFileType = sourcecode.swift; lineEnding = 0; name = HelperProtocol.swift; path = Classes/HelperProtocol.swift; sourceTree = "<group>"; xcLanguageSpecificationIdentifier = xcode.lang.swift; };
		C23926BA1F06C7E6008506E4 /* LinkHelper.swift */ = {isa = PBXFileReference; fileEncoding = 4; lastKnownFileType = sourcecode.swift; lineEnding = 0; name = LinkHelper.swift; path = Classes/LinkHelper.swift; sourceTree = "<group>"; xcLanguageSpecificationIdentifier = xcode.lang.swift; };
		C23926BD1F06C804008506E4 /* LinkDaemon.swift */ = {isa = PBXFileReference; fileEncoding = 4; lastKnownFileType = sourcecode.swift; name = LinkDaemon.swift; path = Classes/LinkDaemon.swift; sourceTree = "<group>"; };
		C23926BE1F06C804008506E4 /* Synchronizer.swift */ = {isa = PBXFileReference; fileEncoding = 4; lastKnownFileType = sourcecode.swift; name = Synchronizer.swift; path = Classes/Synchronizer.swift; sourceTree = "<group>"; };
		C23926C11F06CA80008506E4 /* MACVendors.swift */ = {isa = PBXFileReference; fileEncoding = 4; lastKnownFileType = sourcecode.swift; path = MACVendors.swift; sourceTree = "<group>"; };
		C23926C31F06D04E008506E4 /* oui.json */ = {isa = PBXFileReference; fileEncoding = 4; lastKnownFileType = text.json; path = oui.json; sourceTree = "<group>"; };
		C24A486E1F090EDF0095ED0C /* OuiPrefixes.swift */ = {isa = PBXFileReference; fileEncoding = 4; lastKnownFileType = sourcecode.swift; name = OuiPrefixes.swift; path = Classes/OuiPrefixes.swift; sourceTree = "<group>"; };
		C24A48701F0937390095ED0C /* RandomMACs.swift */ = {isa = PBXFileReference; fileEncoding = 4; lastKnownFileType = sourcecode.swift; name = RandomMACs.swift; path = Classes/RandomMACs.swift; sourceTree = "<group>"; };
		C27108BF20164DDB00FDFD43 /* RunningApplications.swift */ = {isa = PBXFileReference; lastKnownFileType = sourcecode.swift; name = RunningApplications.swift; path = LinkTools/RunningApplications.swift; sourceTree = "<group>"; };
		C2719FF4262370A7008E27D8 /* ActionTests.swift */ = {isa = PBXFileReference; fileEncoding = 4; lastKnownFileType = sourcecode.swift; path = ActionTests.swift; sourceTree = "<group>"; };
		C271A0022623733D008E27D8 /* Prefixes.swift */ = {isa = PBXFileReference; lastKnownFileType = sourcecode.swift; name = Prefixes.swift; path = LinkTools/Configuration/Prefixes.swift; sourceTree = "<group>"; };
		C271A00B2623735B008E27D8 /* PrefixesTests.swift */ = {isa = PBXFileReference; lastKnownFileType = sourcecode.swift; path = PrefixesTests.swift; sourceTree = "<group>"; };
		C271A01326237A56008E27D8 /* MACPrefixes.swift */ = {isa = PBXFileReference; lastKnownFileType = sourcecode.swift; name = MACPrefixes.swift; path = LinkTools/MACPrefixes.swift; sourceTree = "<group>"; };
		C291CBE61EE85D0D00154452 /* Log.swift */ = {isa = PBXFileReference; fileEncoding = 4; lastKnownFileType = sourcecode.swift; lineEnding = 0; name = Log.swift; path = LinkTools/Log.swift; sourceTree = "<group>"; xcLanguageSpecificationIdentifier = xcode.lang.swift; };
		C291CBF51EE8827D00154452 /* JSONReader.swift */ = {isa = PBXFileReference; fileEncoding = 4; lastKnownFileType = sourcecode.swift; lineEnding = 0; name = JSONReader.swift; path = LinkTools/JSONReader.swift; sourceTree = "<group>"; xcLanguageSpecificationIdentifier = xcode.lang.swift; };
		C291F67223F5AF7F00FB2CB0 /* Action.swift */ = {isa = PBXFileReference; lastKnownFileType = sourcecode.swift; name = Action.swift; path = LinkTools/Configuration/Action.swift; sourceTree = "<group>"; };
		C294F82A1F1549200027C056 /* logs */ = {isa = PBXFileReference; fileEncoding = 4; lastKnownFileType = text.script.ruby; name = logs; path = bin/logs; sourceTree = SOURCE_ROOT; };
		C29B7D941EE69D1800609A21 /* io.github.halo.linkhelper */ = {isa = PBXFileReference; explicitFileType = "compiled.mach-o.executable"; includeInIndex = 0; path = io.github.halo.linkhelper; sourceTree = BUILT_PRODUCTS_DIR; };
		C29B7D961EE69D1800609A21 /* main.swift */ = {isa = PBXFileReference; lastKnownFileType = sourcecode.swift; path = main.swift; sourceTree = "<group>"; };
		C29B7D9E1EE71AC000609A21 /* LinkHelper-Info.plist */ = {isa = PBXFileReference; fileEncoding = 4; lastKnownFileType = text.plist.xml; path = "LinkHelper-Info.plist"; sourceTree = "<group>"; };
		C29B7D9F1EE71AC000609A21 /* LinkHelper-Launchd.plist */ = {isa = PBXFileReference; fileEncoding = 4; lastKnownFileType = text.plist.xml; path = "LinkHelper-Launchd.plist"; sourceTree = "<group>"; };
		C2BE6B991F0D011D0086A843 /* NSMenuItem+placeholder.swift */ = {isa = PBXFileReference; fileEncoding = 4; lastKnownFileType = sourcecode.swift; path = "NSMenuItem+placeholder.swift"; sourceTree = "<group>"; };
		C2BE6B9B1F0D523F0086A843 /* ConfigurationTests.swift */ = {isa = PBXFileReference; fileEncoding = 4; lastKnownFileType = sourcecode.swift; path = ConfigurationTests.swift; sourceTree = "<group>"; };
		C2BE6B9D1F0D791B0086A843 /* LaunchCtl.swift */ = {isa = PBXFileReference; fileEncoding = 4; lastKnownFileType = sourcecode.swift; path = LaunchCtl.swift; sourceTree = "<group>"; };
		C2BE6B9F1F0E47770086A843 /* UninstallHelper.swift */ = {isa = PBXFileReference; fileEncoding = 4; lastKnownFileType = sourcecode.swift; lineEnding = 0; name = UninstallHelper.swift; path = Classes/UninstallHelper.swift; sourceTree = "<group>"; xcLanguageSpecificationIdentifier = xcode.lang.swift; };
		C2BE6BA31F0E8D4C0086A843 /* BootDaemon.swift */ = {isa = PBXFileReference; fileEncoding = 4; lastKnownFileType = sourcecode.swift; name = BootDaemon.swift; path = Classes/BootDaemon.swift; sourceTree = "<group>"; };
		C2BE6BA51F0EA4B60086A843 /* InstallDaemon.swift */ = {isa = PBXFileReference; fileEncoding = 4; lastKnownFileType = sourcecode.swift; lineEnding = 0; name = InstallDaemon.swift; path = Classes/InstallDaemon.swift; sourceTree = "<group>"; xcLanguageSpecificationIdentifier = xcode.lang.swift; };
		C2BEBFD91EE48B5E0072BE59 /* LinkLiar.app */ = {isa = PBXFileReference; explicitFileType = wrapper.application; includeInIndex = 0; path = LinkLiar.app; sourceTree = BUILT_PRODUCTS_DIR; };
		C2BEBFE01EE48B5E0072BE59 /* Assets.xcassets */ = {isa = PBXFileReference; lastKnownFileType = folder.assetcatalog; path = Assets.xcassets; sourceTree = "<group>"; };
		C2BEBFE51EE48B5E0072BE59 /* Info.plist */ = {isa = PBXFileReference; lastKnownFileType = text.plist.xml; path = Info.plist; sourceTree = "<group>"; };
		C2BEBFEA1EE48B5E0072BE59 /* LinkLiarTests.xctest */ = {isa = PBXFileReference; explicitFileType = wrapper.cfbundle; includeInIndex = 0; path = LinkLiarTests.xctest; sourceTree = BUILT_PRODUCTS_DIR; };
		C2BEBFEE1EE48B5E0072BE59 /* LinkLiarTests.swift */ = {isa = PBXFileReference; lastKnownFileType = sourcecode.swift; path = LinkLiarTests.swift; sourceTree = "<group>"; };
		C2BEBFF01EE48B5E0072BE59 /* Info.plist */ = {isa = PBXFileReference; lastKnownFileType = text.plist.xml; path = Info.plist; sourceTree = "<group>"; };
		C2BEC00A1EE4984E0072BE59 /* linkdaemon */ = {isa = PBXFileReference; explicitFileType = "compiled.mach-o.executable"; includeInIndex = 0; path = linkdaemon; sourceTree = BUILT_PRODUCTS_DIR; };
		C2BEC00C1EE4984E0072BE59 /* main.swift */ = {isa = PBXFileReference; lastKnownFileType = sourcecode.swift; path = main.swift; sourceTree = "<group>"; };
		C2D5FE5A2015327300837EE8 /* main.swift */ = {isa = PBXFileReference; lastKnownFileType = sourcecode.swift; path = main.swift; sourceTree = "<group>"; };
		C2D5FE5C20153EBA00837EE8 /* LaunchAtLogin.swift */ = {isa = PBXFileReference; lastKnownFileType = sourcecode.swift; name = LaunchAtLogin.swift; path = Classes/LaunchAtLogin.swift; sourceTree = "<group>"; };
		C2EEEBA31F0BC16300657CC5 /* AppDelegateTests.swift */ = {isa = PBXFileReference; fileEncoding = 4; lastKnownFileType = sourcecode.swift; path = AppDelegateTests.swift; sourceTree = "<group>"; };
		C2EEEBA61F0C01C700657CC5 /* NetworkObserver.swift */ = {isa = PBXFileReference; fileEncoding = 4; lastKnownFileType = sourcecode.swift; name = NetworkObserver.swift; path = LinkTools/NetworkObserver.swift; sourceTree = "<group>"; };
		C2EEEBA91F0C110C00657CC5 /* IntervalTimer.swift */ = {isa = PBXFileReference; fileEncoding = 4; lastKnownFileType = sourcecode.swift; name = IntervalTimer.swift; path = LinkTools/IntervalTimer.swift; sourceTree = "<group>"; };
		C2F209601EEC599100355561 /* JSONReaderTests.swift */ = {isa = PBXFileReference; fileEncoding = 4; lastKnownFileType = sourcecode.swift; path = JSONReaderTests.swift; sourceTree = "<group>"; };
		C2F209631EEC5AFD00355561 /* minimalConfig.json */ = {isa = PBXFileReference; fileEncoding = 4; lastKnownFileType = text.json; path = minimalConfig.json; sourceTree = "<group>"; };
		C2F209651EEC5BD900355561 /* Paths.swift */ = {isa = PBXFileReference; fileEncoding = 4; lastKnownFileType = sourcecode.swift; name = Paths.swift; path = LinkTools/Paths.swift; sourceTree = "<group>"; };
		C2F209691EEC5CD300355561 /* PathsTests.swift */ = {isa = PBXFileReference; fileEncoding = 4; lastKnownFileType = sourcecode.swift; path = PathsTests.swift; sourceTree = "<group>"; };
		C2F2096B1EEC64FE00355561 /* justText.json */ = {isa = PBXFileReference; fileEncoding = 4; lastKnownFileType = text.json; path = justText.json; sourceTree = "<group>"; };
		C2F209711EEC701E00355561 /* CFArray+Sequence.swift */ = {isa = PBXFileReference; fileEncoding = 4; lastKnownFileType = sourcecode.swift; name = "CFArray+Sequence.swift"; path = "LinkTools/CFArray+Sequence.swift"; sourceTree = "<group>"; };
		C2F209721EEC701E00355561 /* Interfaces.swift */ = {isa = PBXFileReference; fileEncoding = 4; lastKnownFileType = sourcecode.swift; name = Interfaces.swift; path = LinkTools/Interfaces.swift; sourceTree = "<group>"; };
		C2F209771EEC729400355561 /* Notifications.swift */ = {isa = PBXFileReference; fileEncoding = 4; lastKnownFileType = sourcecode.swift; name = Notifications.swift; path = LinkTools/Notifications.swift; sourceTree = "<group>"; };
		C2F20A0E1EED97F800355561 /* LinkLiarHelp.help */ = {isa = PBXFileReference; explicitFileType = wrapper.cfbundle; includeInIndex = 0; path = LinkLiarHelp.help; sourceTree = BUILT_PRODUCTS_DIR; };
		C2F20A191EED998400355561 /* Info.plist */ = {isa = PBXFileReference; fileEncoding = 4; lastKnownFileType = text.plist.xml; name = Info.plist; path = LinkLiarHelp/Info.plist; sourceTree = "<group>"; };
/* End PBXFileReference section */

/* Begin PBXFrameworksBuildPhase section */
		C20A31BD2015250900BC8386 /* Frameworks */ = {
			isa = PBXFrameworksBuildPhase;
			buildActionMask = 2147483647;
			files = (
			);
			runOnlyForDeploymentPostprocessing = 0;
		};
		C29B7D911EE69D1800609A21 /* Frameworks */ = {
			isa = PBXFrameworksBuildPhase;
			buildActionMask = 2147483647;
			files = (
			);
			runOnlyForDeploymentPostprocessing = 0;
		};
		C2BEBFD61EE48B5E0072BE59 /* Frameworks */ = {
			isa = PBXFrameworksBuildPhase;
			buildActionMask = 2147483647;
			files = (
			);
			runOnlyForDeploymentPostprocessing = 0;
		};
		C2BEBFE71EE48B5E0072BE59 /* Frameworks */ = {
			isa = PBXFrameworksBuildPhase;
			buildActionMask = 2147483647;
			files = (
			);
			runOnlyForDeploymentPostprocessing = 0;
		};
		C2BEC0071EE4984E0072BE59 /* Frameworks */ = {
			isa = PBXFrameworksBuildPhase;
			buildActionMask = 2147483647;
			files = (
			);
			runOnlyForDeploymentPostprocessing = 0;
		};
/* End PBXFrameworksBuildPhase section */

/* Begin PBXGroup section */
		C20A31A1201521E200BC8386 /* LinkLauncher */ = {
			isa = PBXGroup;
			children = (
				C2D5FE5A2015327300837EE8 /* main.swift */,
				C20A31A2201521E200BC8386 /* LinkLauncher.swift */,
				C20A31A9201521E200BC8386 /* Info.plist */,
			);
			path = LinkLauncher;
			sourceTree = "<group>";
		};
		C23926C61F06E04C008506E4 /* Menu */ = {
			isa = PBXGroup;
			children = (
				C23926951F06C787008506E4 /* Bar.swift */,
				C23926A21F06C787008506E4 /* Menu.swift */,
				C239269D1F06C787008506E4 /* InterfaceSubmenu.swift */,
				C23926991F06C787008506E4 /* DefaultSubmenu.swift */,
				C23926931F06C787008506E4 /* SettingsSubmenu.swift */,
				C239269A1F06C787008506E4 /* DeveloperSubmenu.swift */,
			);
			name = Menu;
			sourceTree = "<group>";
		};
		C2719FF326237089008E27D8 /* Configuration */ = {
			isa = PBXGroup;
			children = (
				C2719FF4262370A7008E27D8 /* ActionTests.swift */,
				C271A00B2623735B008E27D8 /* PrefixesTests.swift */,
			);
			path = Configuration;
			sourceTree = "<group>";
		};
		C291CBEA1EE85D1200154452 /* LinkTools */ = {
			isa = PBXGroup;
			children = (
				C2EEEBA61F0C01C700657CC5 /* NetworkObserver.swift */,
				C2F209771EEC729400355561 /* Notifications.swift */,
				C239265D1EF3FB5B008506E4 /* Config.swift */,
				C23926601EF426FE008506E4 /* Configuration.swift */,
				C291F67123F5AF3400FB2CB0 /* Configuration */,
				C2F209711EEC701E00355561 /* CFArray+Sequence.swift */,
				C23926801F040AC1008506E4 /* FileObserver.swift */,
				C2F209721EEC701E00355561 /* Interfaces.swift */,
				C239264B1EEDBBB4008506E4 /* Interface.swift */,
				C291CBF51EE8827D00154452 /* JSONReader.swift */,
				C291CBE61EE85D0D00154452 /* Log.swift */,
				C23926781F03D78A008506E4 /* Version.swift */,
				C2F209651EEC5BD900355561 /* Paths.swift */,
				C239264E1EEDCD73008506E4 /* MACAddress.swift */,
				C231C0CC23DF6EBD00EFA3A8 /* MACPrefix.swift */,
				C271A01326237A56008E27D8 /* MACPrefixes.swift */,
				C23926571EF10613008506E4 /* Ifconfig.swift */,
				C239268D1F0574A7008506E4 /* Identifiers.swift */,
				C2EEEBA91F0C110C00657CC5 /* IntervalTimer.swift */,
				C27108BF20164DDB00FDFD43 /* RunningApplications.swift */,
			);
			name = LinkTools;
			sourceTree = "<group>";
		};
		C291F67123F5AF3400FB2CB0 /* Configuration */ = {
			isa = PBXGroup;
			children = (
				C291F67223F5AF7F00FB2CB0 /* Action.swift */,
				C271A0022623733D008E27D8 /* Prefixes.swift */,
			);
			name = Configuration;
			sourceTree = "<group>";
		};
		C29B7D951EE69D1800609A21 /* LinkHelper */ = {
			isa = PBXGroup;
			children = (
				C29B7D961EE69D1800609A21 /* main.swift */,
				C23926BA1F06C7E6008506E4 /* LinkHelper.swift */,
				C23926B91F06C7E6008506E4 /* HelperProtocol.swift */,
				C2BE6BA11F0E477B0086A843 /* Actions */,
				C2BE6BA21F0E8CE00086A843 /* Resources */,
			);
			path = LinkHelper;
			sourceTree = "<group>";
		};
		C2BE6BA11F0E477B0086A843 /* Actions */ = {
			isa = PBXGroup;
			children = (
				C2340DA11F0EB11B0065F034 /* ConfigDirectory.swift */,
				C2BE6BA51F0EA4B60086A843 /* InstallDaemon.swift */,
				C2BE6BA31F0E8D4C0086A843 /* BootDaemon.swift */,
				C2340D9E1F0EB1120065F034 /* UninstallDaemon.swift */,
				C2BE6B9F1F0E47770086A843 /* UninstallHelper.swift */,
			);
			name = Actions;
			sourceTree = "<group>";
		};
		C2BE6BA21F0E8CE00086A843 /* Resources */ = {
			isa = PBXGroup;
			children = (
				C29B7D9E1EE71AC000609A21 /* LinkHelper-Info.plist */,
				C29B7D9F1EE71AC000609A21 /* LinkHelper-Launchd.plist */,
			);
			name = Resources;
			sourceTree = "<group>";
		};
		C2BEBFD01EE48B5E0072BE59 = {
			isa = PBXGroup;
			children = (
				C2BEBFDB1EE48B5E0072BE59 /* LinkLiar */,
				C2BEC00B1EE4984E0072BE59 /* linkdaemon */,
				C29B7D951EE69D1800609A21 /* LinkHelper */,
				C291CBEA1EE85D1200154452 /* LinkTools */,
				C2BEBFED1EE48B5E0072BE59 /* LinkLiarTests */,
				C2F20A181EED996200355561 /* LinkLiarHelp */,
				C20A31A1201521E200BC8386 /* LinkLauncher */,
				C2BEBFDA1EE48B5E0072BE59 /* Products */,
			);
			sourceTree = "<group>";
		};
		C2BEBFDA1EE48B5E0072BE59 /* Products */ = {
			isa = PBXGroup;
			children = (
				C2BEBFD91EE48B5E0072BE59 /* LinkLiar.app */,
				C2BEBFEA1EE48B5E0072BE59 /* LinkLiarTests.xctest */,
				C2BEC00A1EE4984E0072BE59 /* linkdaemon */,
				C29B7D941EE69D1800609A21 /* io.github.halo.linkhelper */,
				C2F20A0E1EED97F800355561 /* LinkLiarHelp.help */,
				C20A31C02015250900BC8386 /* LinkLauncher.app */,
			);
			name = Products;
			sourceTree = "<group>";
		};
		C2BEBFDB1EE48B5E0072BE59 /* LinkLiar */ = {
			isa = PBXGroup;
			children = (
				C2EEEBA51F0BD5AF00657CC5 /* Initialization */,
				C23926C61F06E04C008506E4 /* Menu */,
				C23926971F06C787008506E4 /* Controller.swift */,
				C239269C1F06C787008506E4 /* Intercom.swift */,
				C239269B1F06C787008506E4 /* Elevator.swift */,
				C23926961F06C787008506E4 /* ConfigWriter.swift */,
				C239269E1F06C787008506E4 /* JSONWriter.swift */,
				C2BE6B9D1F0D791B0086A843 /* LaunchCtl.swift */,
				C2D5FE5C20153EBA00837EE8 /* LaunchAtLogin.swift */,
				C23926A41F06C787008506E4 /* SoftMACCache.swift */,
				C23926C11F06CA80008506E4 /* MACVendors.swift */,
				C23926A01F06C787008506E4 /* MACAddressQuestion.swift */,
				C2E4FF911F248FD800D154BC /* Extensions */,
				C2F477521F0ACABE00BCFA24 /* Resources */,
			);
			path = LinkLiar;
			sourceTree = "<group>";
		};
		C2BEBFED1EE48B5E0072BE59 /* LinkLiarTests */ = {
			isa = PBXGroup;
			children = (
				C2719FF326237089008E27D8 /* Configuration */,
				C2EEEBA31F0BC16300657CC5 /* AppDelegateTests.swift */,
				C2BE6B9B1F0D523F0086A843 /* ConfigurationTests.swift */,
				C2BEBFEE1EE48B5E0072BE59 /* LinkLiarTests.swift */,
				C2F209601EEC599100355561 /* JSONReaderTests.swift */,
				C239266B1EF98F1A008506E4 /* JSONWriterTests.swift */,
				C2F209691EEC5CD300355561 /* PathsTests.swift */,
				C23926511EEDCD9A008506E4 /* MACAddressTests.swift */,
				C231C0D123DF707200EFA3A8 /* MACPrefixTests.swift */,
				C23926531EEE691D008506E4 /* InterfaceTests.swift */,
				C239265A1EF1A213008506E4 /* IfconfigTests.swift */,
				C2BEBFF01EE48B5E0072BE59 /* Info.plist */,
				C2F209621EEC5AFD00355561 /* Fixtures */,
			);
			path = LinkLiarTests;
			sourceTree = "<group>";
		};
		C2BEC00B1EE4984E0072BE59 /* linkdaemon */ = {
			isa = PBXGroup;
			children = (
				C2BEC00C1EE4984E0072BE59 /* main.swift */,
				C23926BD1F06C804008506E4 /* LinkDaemon.swift */,
				C23926BE1F06C804008506E4 /* Synchronizer.swift */,
				C24A48701F0937390095ED0C /* RandomMACs.swift */,
				C24A486E1F090EDF0095ED0C /* OuiPrefixes.swift */,
				C239268C1F0429ED008506E4 /* Info.plist */,
			);
			path = linkdaemon;
			sourceTree = "<group>";
		};
		C2E4FF911F248FD800D154BC /* Extensions */ = {
			isa = PBXGroup;
			children = (
				C23926981F06C787008506E4 /* CopyPastableNSTextField.swift */,
				C2BE6B991F0D011D0086A843 /* NSMenuItem+placeholder.swift */,
				C239269F1F06C787008506E4 /* MACAddressFormatter.swift */,
			);
			name = Extensions;
			sourceTree = "<group>";
		};
		C2EEEBA51F0BD5AF00657CC5 /* Initialization */ = {
			isa = PBXGroup;
			children = (
				C23926B71F06C7C4008506E4 /* main.swift */,
				C23926941F06C787008506E4 /* AppDelegate.swift */,
			);
			name = Initialization;
			sourceTree = "<group>";
		};
		C2F209621EEC5AFD00355561 /* Fixtures */ = {
			isa = PBXGroup;
			children = (
				C2F209631EEC5AFD00355561 /* minimalConfig.json */,
				C2F2096B1EEC64FE00355561 /* justText.json */,
			);
			path = Fixtures;
			sourceTree = "<group>";
		};
		C2F20A181EED996200355561 /* LinkLiarHelp */ = {
			isa = PBXGroup;
			children = (
				C2340DB11F0FB7A00065F034 /* en.lproj */,
				C2F20A191EED998400355561 /* Info.plist */,
			);
			name = LinkLiarHelp;
			sourceTree = "<group>";
		};
		C2F477521F0ACABE00BCFA24 /* Resources */ = {
			isa = PBXGroup;
			children = (
				C294F82A1F1549200027C056 /* logs */,
				C2BEBFE51EE48B5E0072BE59 /* Info.plist */,
				C23926C31F06D04E008506E4 /* oui.json */,
				C2BEBFE01EE48B5E0072BE59 /* Assets.xcassets */,
			);
			name = Resources;
			sourceTree = "<group>";
		};
/* End PBXGroup section */

/* Begin PBXNativeTarget section */
		C20A31BF2015250900BC8386 /* LinkLauncher */ = {
			isa = PBXNativeTarget;
			buildConfigurationList = C20A31CB2015250900BC8386 /* Build configuration list for PBXNativeTarget "LinkLauncher" */;
			buildPhases = (
				C20A31BC2015250900BC8386 /* Sources */,
				C20A31BD2015250900BC8386 /* Frameworks */,
				C20A31BE2015250900BC8386 /* Resources */,
			);
			buildRules = (
			);
			dependencies = (
			);
			name = LinkLauncher;
			productName = LinkLauncher;
			productReference = C20A31C02015250900BC8386 /* LinkLauncher.app */;
			productType = "com.apple.product-type.application";
		};
		C29B7D931EE69D1800609A21 /* io.github.halo.linkhelper */ = {
			isa = PBXNativeTarget;
			buildConfigurationList = C29B7D981EE69D1800609A21 /* Build configuration list for PBXNativeTarget "io.github.halo.linkhelper" */;
			buildPhases = (
				C29B7D901EE69D1800609A21 /* Sources */,
				C29B7D911EE69D1800609A21 /* Frameworks */,
				C29B7D921EE69D1800609A21 /* CopyFiles */,
			);
			buildRules = (
			);
			dependencies = (
			);
			name = io.github.halo.linkhelper;
			productName = LinkHelper;
			productReference = C29B7D941EE69D1800609A21 /* io.github.halo.linkhelper */;
			productType = "com.apple.product-type.tool";
		};
		C2BEBFD81EE48B5E0072BE59 /* LinkLiar */ = {
			isa = PBXNativeTarget;
			buildConfigurationList = C2BEBFF31EE48B5E0072BE59 /* Build configuration list for PBXNativeTarget "LinkLiar" */;
			buildPhases = (
				C2BEBFD51EE48B5E0072BE59 /* Sources */,
				C2BEBFD61EE48B5E0072BE59 /* Frameworks */,
				C2BEBFD71EE48B5E0072BE59 /* Resources */,
				C29B7DA01EE71CF900609A21 /* CopyFiles */,
				C20A31D2201528DC00BC8386 /* CopyFiles */,
			);
			buildRules = (
			);
			dependencies = (
				C2D5FE5920152A9100837EE8 /* PBXTargetDependency */,
				C23926471EEDB089008506E4 /* PBXTargetDependency */,
				C29B7D9C1EE69D1F00609A21 /* PBXTargetDependency */,
				C29B7D8D1EE59C1600609A21 /* PBXTargetDependency */,
			);
			name = LinkLiar;
			productName = LinkLiar;
			productReference = C2BEBFD91EE48B5E0072BE59 /* LinkLiar.app */;
			productType = "com.apple.product-type.application";
		};
		C2BEBFE91EE48B5E0072BE59 /* LinkLiarTests */ = {
			isa = PBXNativeTarget;
			buildConfigurationList = C2BEBFF61EE48B5E0072BE59 /* Build configuration list for PBXNativeTarget "LinkLiarTests" */;
			buildPhases = (
				C2BEBFE61EE48B5E0072BE59 /* Sources */,
				C2BEBFE71EE48B5E0072BE59 /* Frameworks */,
				C2BEBFE81EE48B5E0072BE59 /* Resources */,
			);
			buildRules = (
			);
			dependencies = (
				C2BEBFEC1EE48B5E0072BE59 /* PBXTargetDependency */,
			);
			name = LinkLiarTests;
			productName = LinkLiarTests;
			productReference = C2BEBFEA1EE48B5E0072BE59 /* LinkLiarTests.xctest */;
			productType = "com.apple.product-type.bundle.unit-test";
		};
		C2BEC0091EE4984E0072BE59 /* linkdaemon */ = {
			isa = PBXNativeTarget;
			buildConfigurationList = C2BEC0101EE4984E0072BE59 /* Build configuration list for PBXNativeTarget "linkdaemon" */;
			buildPhases = (
				C2BEC0061EE4984E0072BE59 /* Sources */,
				C2BEC0071EE4984E0072BE59 /* Frameworks */,
				C2BEC0081EE4984E0072BE59 /* CopyFiles */,
			);
			buildRules = (
			);
			dependencies = (
			);
			name = linkdaemon;
			productName = linkdaemon;
			productReference = C2BEC00A1EE4984E0072BE59 /* linkdaemon */;
			productType = "com.apple.product-type.tool";
		};
		C2F20A0D1EED97F800355561 /* LinkLiarHelp */ = {
			isa = PBXNativeTarget;
			buildConfigurationList = C2F20A111EED97F800355561 /* Build configuration list for PBXNativeTarget "LinkLiarHelp" */;
			buildPhases = (
				C2F20A0A1EED97F800355561 /* Sources */,
				C2F20A0C1EED97F800355561 /* Resources */,
			);
			buildRules = (
			);
			dependencies = (
			);
			name = LinkLiarHelp;
			productName = LinkLiarHelp;
			productReference = C2F20A0E1EED97F800355561 /* LinkLiarHelp.help */;
			productType = "com.apple.product-type.bundle";
		};
/* End PBXNativeTarget section */

/* Begin PBXProject section */
		C2BEBFD11EE48B5E0072BE59 /* Project object */ = {
			isa = PBXProject;
			attributes = {
				LastSwiftUpdateCheck = 0920;
				LastUpgradeCheck = 1230;
				ORGANIZATIONNAME = halo;
				TargetAttributes = {
					C20A31BF2015250900BC8386 = {
						CreatedOnToolsVersion = 9.2;
						DevelopmentTeam = B9J4QR64LK;
						LastSwiftMigration = 1020;
						ProvisioningStyle = Automatic;
						SystemCapabilities = {
							com.apple.Sandbox = {
								enabled = 0;
							};
						};
					};
					C29B7D931EE69D1800609A21 = {
						CreatedOnToolsVersion = 8.3.2;
						DevelopmentTeam = B9J4QR64LK;
						LastSwiftMigration = 1020;
						ProvisioningStyle = Manual;
					};
					C2BEBFD81EE48B5E0072BE59 = {
						CreatedOnToolsVersion = 8.3.2;
						DevelopmentTeam = B9J4QR64LK;
						LastSwiftMigration = 1020;
						ProvisioningStyle = Manual;
					};
					C2BEBFE91EE48B5E0072BE59 = {
						CreatedOnToolsVersion = 8.3.2;
						DevelopmentTeam = B9J4QR64LK;
						LastSwiftMigration = 1020;
						ProvisioningStyle = Automatic;
						TestTargetID = C2BEBFD81EE48B5E0072BE59;
					};
					C2BEC0091EE4984E0072BE59 = {
						CreatedOnToolsVersion = 8.3.2;
						DevelopmentTeam = B9J4QR64LK;
						LastSwiftMigration = 1020;
						ProvisioningStyle = Automatic;
					};
					C2F20A0D1EED97F800355561 = {
						CreatedOnToolsVersion = 8.3.3;
						DevelopmentTeam = B9J4QR64LK;
						ProvisioningStyle = Automatic;
					};
				};
			};
			buildConfigurationList = C2BEBFD41EE48B5E0072BE59 /* Build configuration list for PBXProject "LinkLiar" */;
			compatibilityVersion = "Xcode 3.2";
			developmentRegion = en;
			hasScannedForEncodings = 0;
			knownRegions = (
				en,
				Base,
			);
			mainGroup = C2BEBFD01EE48B5E0072BE59;
			productRefGroup = C2BEBFDA1EE48B5E0072BE59 /* Products */;
			projectDirPath = "";
			projectRoot = "";
			targets = (
				C2BEBFD81EE48B5E0072BE59 /* LinkLiar */,
				C29B7D931EE69D1800609A21 /* io.github.halo.linkhelper */,
				C2BEC0091EE4984E0072BE59 /* linkdaemon */,
				C20A31BF2015250900BC8386 /* LinkLauncher */,
				C2BEBFE91EE48B5E0072BE59 /* LinkLiarTests */,
				C2F20A0D1EED97F800355561 /* LinkLiarHelp */,
			);
		};
/* End PBXProject section */

/* Begin PBXResourcesBuildPhase section */
		C20A31BE2015250900BC8386 /* Resources */ = {
			isa = PBXResourcesBuildPhase;
			buildActionMask = 2147483647;
			files = (
			);
			runOnlyForDeploymentPostprocessing = 0;
		};
		C2BEBFD71EE48B5E0072BE59 /* Resources */ = {
			isa = PBXResourcesBuildPhase;
			buildActionMask = 2147483647;
			files = (
				C23926481EEDB095008506E4 /* LinkLiarHelp.help in Resources */,
				C23926C41F06D04E008506E4 /* oui.json in Resources */,
				C29B7D8F1EE69C3800609A21 /* linkdaemon in Resources */,
				C294F82B1F1549200027C056 /* logs in Resources */,
				C2BEBFE11EE48B5E0072BE59 /* Assets.xcassets in Resources */,
			);
			runOnlyForDeploymentPostprocessing = 0;
		};
		C2BEBFE81EE48B5E0072BE59 /* Resources */ = {
			isa = PBXResourcesBuildPhase;
			buildActionMask = 2147483647;
			files = (
				C2F2096C1EEC64FE00355561 /* justText.json in Resources */,
				C2F209641EEC5AFD00355561 /* minimalConfig.json in Resources */,
			);
			runOnlyForDeploymentPostprocessing = 0;
		};
		C2F20A0C1EED97F800355561 /* Resources */ = {
			isa = PBXResourcesBuildPhase;
			buildActionMask = 2147483647;
			files = (
				C2340DB21F0FB7A00065F034 /* en.lproj in Resources */,
			);
			runOnlyForDeploymentPostprocessing = 0;
		};
/* End PBXResourcesBuildPhase section */

/* Begin PBXSourcesBuildPhase section */
		C20A31BC2015250900BC8386 /* Sources */ = {
			isa = PBXSourcesBuildPhase;
			buildActionMask = 2147483647;
			files = (
				C2DC93DC2017A0DF001B5E6E /* Version.swift in Sources */,
				C27108E8201655A300FDFD43 /* Paths.swift in Sources */,
				C27108E72016559F00FDFD43 /* Log.swift in Sources */,
				C20A31D02015257C00BC8386 /* Identifiers.swift in Sources */,
				C20A31CF2015257900BC8386 /* Notifications.swift in Sources */,
				C2D5FE5B2015327300837EE8 /* main.swift in Sources */,
				C20A31CE2015257500BC8386 /* LinkLauncher.swift in Sources */,
				C27108C120164DDC00FDFD43 /* RunningApplications.swift in Sources */,
			);
			runOnlyForDeploymentPostprocessing = 0;
		};
		C29B7D901EE69D1800609A21 /* Sources */ = {
			isa = PBXSourcesBuildPhase;
			buildActionMask = 2147483647;
			files = (
				C2340DA31F0EB11B0065F034 /* ConfigDirectory.swift in Sources */,
				C2F209671EEC5BD900355561 /* Paths.swift in Sources */,
				C2BE6BA01F0E47770086A843 /* UninstallHelper.swift in Sources */,
				C23926BC1F06C7E6008506E4 /* LinkHelper.swift in Sources */,
				C239267A1F03D78A008506E4 /* Version.swift in Sources */,
				C291CBF71EE8827D00154452 /* JSONReader.swift in Sources */,
				C2BE6BA61F0EA4B60086A843 /* InstallDaemon.swift in Sources */,
				C2BE6BA41F0E8D4C0086A843 /* BootDaemon.swift in Sources */,
				C239268F1F0574A7008506E4 /* Identifiers.swift in Sources */,
				C291CBE81EE85D0D00154452 /* Log.swift in Sources */,
				C2340DA01F0EB1120065F034 /* UninstallDaemon.swift in Sources */,
				C23926BB1F06C7E6008506E4 /* HelperProtocol.swift in Sources */,
				C29B7D971EE69D1800609A21 /* main.swift in Sources */,
			);
			runOnlyForDeploymentPostprocessing = 0;
		};
		C2BEBFD51EE48B5E0072BE59 /* Sources */ = {
			isa = PBXSourcesBuildPhase;
			buildActionMask = 2147483647;
			files = (
				C23926C51F06DCA5008506E4 /* HelperProtocol.swift in Sources */,
				C2340DA21F0EB11B0065F034 /* ConfigDirectory.swift in Sources */,
				C23926581EF10613008506E4 /* Ifconfig.swift in Sources */,
				C23926B61F06C787008506E4 /* SoftMACCache.swift in Sources */,
				C23926AF1F06C787008506E4 /* InterfaceSubmenu.swift in Sources */,
				C23926B21F06C787008506E4 /* MACAddressQuestion.swift in Sources */,
				C239264C1EEDBBB4008506E4 /* Interface.swift in Sources */,
				C231C0CD23DF6EBD00EFA3A8 /* MACPrefix.swift in Sources */,
				C239264F1EEDCD73008506E4 /* MACAddress.swift in Sources */,
				C291CBE71EE85D0D00154452 /* Log.swift in Sources */,
				C23926A51F06C787008506E4 /* SettingsSubmenu.swift in Sources */,
				C239268E1F0574A7008506E4 /* Identifiers.swift in Sources */,
				C23926A71F06C787008506E4 /* Bar.swift in Sources */,
				C291CBF61EE8827D00154452 /* JSONReader.swift in Sources */,
				C27108C020164DDC00FDFD43 /* RunningApplications.swift in Sources */,
				C23926611EF426FE008506E4 /* Configuration.swift in Sources */,
				C23926B11F06C787008506E4 /* MACAddressFormatter.swift in Sources */,
				C271A01426237A56008E27D8 /* MACPrefixes.swift in Sources */,
				C2BE6B9A1F0D011D0086A843 /* NSMenuItem+placeholder.swift in Sources */,
				C2F209661EEC5BD900355561 /* Paths.swift in Sources */,
				C23926AD1F06C787008506E4 /* Elevator.swift in Sources */,
				C23926AA1F06C787008506E4 /* CopyPastableNSTextField.swift in Sources */,
				C23926811F040AC1008506E4 /* FileObserver.swift in Sources */,
				C2F209781EEC729400355561 /* Notifications.swift in Sources */,
				C2BE6B9E1F0D791B0086A843 /* LaunchCtl.swift in Sources */,
				C291F67323F5AF7F00FB2CB0 /* Action.swift in Sources */,
				C23926791F03D78A008506E4 /* Version.swift in Sources */,
				C23926AE1F06C787008506E4 /* Intercom.swift in Sources */,
				C2EEEBA71F0C01C700657CC5 /* NetworkObserver.swift in Sources */,
				C2340D9F1F0EB1120065F034 /* UninstallDaemon.swift in Sources */,
				C23926A81F06C787008506E4 /* ConfigWriter.swift in Sources */,
				C23926A91F06C787008506E4 /* Controller.swift in Sources */,
				C2EEEBAA1F0C110C00657CC5 /* IntervalTimer.swift in Sources */,
				C239265E1EF3FB5B008506E4 /* Config.swift in Sources */,
				C2F209751EEC701F00355561 /* Interfaces.swift in Sources */,
				C2D5FE5D20153EBA00837EE8 /* LaunchAtLogin.swift in Sources */,
				C23926B01F06C787008506E4 /* JSONWriter.swift in Sources */,
				C23926C21F06CA80008506E4 /* MACVendors.swift in Sources */,
				C23926A61F06C787008506E4 /* AppDelegate.swift in Sources */,
				C2F209731EEC701F00355561 /* CFArray+Sequence.swift in Sources */,
				C23926B81F06C7C4008506E4 /* main.swift in Sources */,
				C23926AC1F06C787008506E4 /* DeveloperSubmenu.swift in Sources */,
				C23926B41F06C787008506E4 /* Menu.swift in Sources */,
				C23926AB1F06C787008506E4 /* DefaultSubmenu.swift in Sources */,
				C271A0032623733D008E27D8 /* Prefixes.swift in Sources */,
			);
			runOnlyForDeploymentPostprocessing = 0;
		};
		C2BEBFE61EE48B5E0072BE59 /* Sources */ = {
			isa = PBXSourcesBuildPhase;
			buildActionMask = 2147483647;
			files = (
				C2EEEBA41F0BC16300657CC5 /* AppDelegateTests.swift in Sources */,
				C23926541EEE691D008506E4 /* InterfaceTests.swift in Sources */,
				C2BE6B9C1F0D523F0086A843 /* ConfigurationTests.swift in Sources */,
				C271A00C2623735B008E27D8 /* PrefixesTests.swift in Sources */,
				C2F2096A1EEC5CD300355561 /* PathsTests.swift in Sources */,
				C239265B1EF1A213008506E4 /* IfconfigTests.swift in Sources */,
				C231C0D223DF707200EFA3A8 /* MACPrefixTests.swift in Sources */,
				C2BEBFEF1EE48B5E0072BE59 /* LinkLiarTests.swift in Sources */,
				C23926521EEDCD9A008506E4 /* MACAddressTests.swift in Sources */,
				C2F209611EEC599100355561 /* JSONReaderTests.swift in Sources */,
				C2719FF5262370A7008E27D8 /* ActionTests.swift in Sources */,
				C239266C1EF98F1A008506E4 /* JSONWriterTests.swift in Sources */,
			);
			runOnlyForDeploymentPostprocessing = 0;
		};
		C2BEC0061EE4984E0072BE59 /* Sources */ = {
			isa = PBXSourcesBuildPhase;
			buildActionMask = 2147483647;
			files = (
				C2F209681EEC5BD900355561 /* Paths.swift in Sources */,
				C24A48711F0937390095ED0C /* RandomMACs.swift in Sources */,
				C2EEEBA81F0C01C700657CC5 /* NetworkObserver.swift in Sources */,
				C231C0CF23DF6EBD00EFA3A8 /* MACPrefix.swift in Sources */,
				C23926C01F06C804008506E4 /* Synchronizer.swift in Sources */,
				C239264D1EEDBBB4008506E4 /* Interface.swift in Sources */,
				C24A486F1F090EDF0095ED0C /* OuiPrefixes.swift in Sources */,
				C2719FEC26236F91008E27D8 /* Action.swift in Sources */,
				C23926591EF10613008506E4 /* Ifconfig.swift in Sources */,
				C291CBF81EE8827D00154452 /* JSONReader.swift in Sources */,
				C23926901F0574A7008506E4 /* Identifiers.swift in Sources */,
				C23926BF1F06C804008506E4 /* LinkDaemon.swift in Sources */,
				C2F209791EEC729400355561 /* Notifications.swift in Sources */,
				C239265F1EF3FB5B008506E4 /* Config.swift in Sources */,
				C23926501EEDCD73008506E4 /* MACAddress.swift in Sources */,
				C271A0042623733D008E27D8 /* Prefixes.swift in Sources */,
				C291CBE91EE85D0D00154452 /* Log.swift in Sources */,
				C271A01526237A56008E27D8 /* MACPrefixes.swift in Sources */,
				C23926621EF426FE008506E4 /* Configuration.swift in Sources */,
				C2BEC00D1EE4984E0072BE59 /* main.swift in Sources */,
				C2F209741EEC701F00355561 /* CFArray+Sequence.swift in Sources */,
				C2EEEBAB1F0C110C00657CC5 /* IntervalTimer.swift in Sources */,
				C239267B1F03D78A008506E4 /* Version.swift in Sources */,
				C2F209761EEC701F00355561 /* Interfaces.swift in Sources */,
				C23926821F040AC1008506E4 /* FileObserver.swift in Sources */,
			);
			runOnlyForDeploymentPostprocessing = 0;
		};
		C2F20A0A1EED97F800355561 /* Sources */ = {
			isa = PBXSourcesBuildPhase;
			buildActionMask = 2147483647;
			files = (
			);
			runOnlyForDeploymentPostprocessing = 0;
		};
/* End PBXSourcesBuildPhase section */

/* Begin PBXTargetDependency section */
		C23926471EEDB089008506E4 /* PBXTargetDependency */ = {
			isa = PBXTargetDependency;
			target = C2F20A0D1EED97F800355561 /* LinkLiarHelp */;
			targetProxy = C23926461EEDB089008506E4 /* PBXContainerItemProxy */;
		};
		C29B7D8D1EE59C1600609A21 /* PBXTargetDependency */ = {
			isa = PBXTargetDependency;
			target = C2BEC0091EE4984E0072BE59 /* linkdaemon */;
			targetProxy = C29B7D8C1EE59C1600609A21 /* PBXContainerItemProxy */;
		};
		C29B7D9C1EE69D1F00609A21 /* PBXTargetDependency */ = {
			isa = PBXTargetDependency;
			target = C29B7D931EE69D1800609A21 /* io.github.halo.linkhelper */;
			targetProxy = C29B7D9B1EE69D1F00609A21 /* PBXContainerItemProxy */;
		};
		C2BEBFEC1EE48B5E0072BE59 /* PBXTargetDependency */ = {
			isa = PBXTargetDependency;
			target = C2BEBFD81EE48B5E0072BE59 /* LinkLiar */;
			targetProxy = C2BEBFEB1EE48B5E0072BE59 /* PBXContainerItemProxy */;
		};
		C2D5FE5920152A9100837EE8 /* PBXTargetDependency */ = {
			isa = PBXTargetDependency;
			target = C20A31BF2015250900BC8386 /* LinkLauncher */;
			targetProxy = C2D5FE5820152A9100837EE8 /* PBXContainerItemProxy */;
		};
/* End PBXTargetDependency section */

/* Begin XCBuildConfiguration section */
		C20A31CC2015250900BC8386 /* Debug */ = {
			isa = XCBuildConfiguration;
			buildSettings = {
				CLANG_CXX_LANGUAGE_STANDARD = "gnu++14";
				CLANG_WARN_UNGUARDED_AVAILABILITY = YES_AGGRESSIVE;
				CODE_SIGN_IDENTITY = "Apple Development";
				CODE_SIGN_STYLE = Automatic;
				COMBINE_HIDPI_IMAGES = YES;
				DEVELOPMENT_TEAM = B9J4QR64LK;
				ENABLE_HARDENED_RUNTIME = YES;
				GCC_C_LANGUAGE_STANDARD = gnu11;
				INFOPLIST_FILE = LinkLauncher/Info.plist;
				LD_RUNPATH_SEARCH_PATHS = "$(inherited) @executable_path/../Frameworks";
				MACOSX_DEPLOYMENT_TARGET = 10.13;
				PRODUCT_BUNDLE_IDENTIFIER = io.github.halo.LinkLauncher;
				PRODUCT_NAME = "$(TARGET_NAME)";
				SWIFT_VERSION = 5.0;
			};
			name = Debug;
		};
		C20A31CD2015250900BC8386 /* Release */ = {
			isa = XCBuildConfiguration;
			buildSettings = {
				CLANG_CXX_LANGUAGE_STANDARD = "gnu++14";
				CLANG_WARN_UNGUARDED_AVAILABILITY = YES_AGGRESSIVE;
				CODE_SIGN_IDENTITY = "Apple Development";
				CODE_SIGN_STYLE = Automatic;
				COMBINE_HIDPI_IMAGES = YES;
				DEVELOPMENT_TEAM = B9J4QR64LK;
				ENABLE_HARDENED_RUNTIME = YES;
				GCC_C_LANGUAGE_STANDARD = gnu11;
				INFOPLIST_FILE = LinkLauncher/Info.plist;
				LD_RUNPATH_SEARCH_PATHS = "$(inherited) @executable_path/../Frameworks";
				MACOSX_DEPLOYMENT_TARGET = 10.13;
				PRODUCT_BUNDLE_IDENTIFIER = io.github.halo.LinkLauncher;
				PRODUCT_NAME = "$(TARGET_NAME)";
				SWIFT_VERSION = 5.0;
			};
			name = Release;
		};
		C29B7D991EE69D1800609A21 /* Debug */ = {
			isa = XCBuildConfiguration;
			buildSettings = {
				CODE_SIGN_IDENTITY = "-";
				CODE_SIGN_STYLE = Manual;
				DEVELOPMENT_TEAM = B9J4QR64LK;
				ENABLE_HARDENED_RUNTIME = YES;
				INFOPLIST_FILE = "LinkHelper/LinkHelper-Info.plist";
				OTHER_LDFLAGS = (
					"-sectcreate",
					__TEXT,
					__info_plist,
					"\"$(SRCROOT)/LinkHelper/LinkHelper-Info.plist\"",
					"-sectcreate",
					__TEXT,
					__launchd_plist,
					"\"$(SRCROOT)/LinkHelper/LinkHelper-Launchd.plist\"",
				);
				PRODUCT_BUNDLE_IDENTIFIER = io.github.halo.LinkHelper;
				PRODUCT_NAME = "$(TARGET_NAME)";
				PROVISIONING_PROFILE_SPECIFIER = "";
				SWIFT_VERSION = 5.0;
			};
			name = Debug;
		};
		C29B7D9A1EE69D1800609A21 /* Release */ = {
			isa = XCBuildConfiguration;
			buildSettings = {
				CODE_SIGN_IDENTITY = "-";
				CODE_SIGN_STYLE = Manual;
				DEVELOPMENT_TEAM = B9J4QR64LK;
				ENABLE_HARDENED_RUNTIME = YES;
				INFOPLIST_FILE = "LinkHelper/LinkHelper-Info.plist";
				OTHER_LDFLAGS = (
					"-sectcreate",
					__TEXT,
					__info_plist,
					"\"$(SRCROOT)/LinkHelper/LinkHelper-Info.plist\"",
					"-sectcreate",
					__TEXT,
					__launchd_plist,
					"\"$(SRCROOT)/LinkHelper/LinkHelper-Launchd.plist\"",
				);
				PRODUCT_BUNDLE_IDENTIFIER = io.github.halo.LinkHelper;
				PRODUCT_NAME = "$(TARGET_NAME)";
				PROVISIONING_PROFILE_SPECIFIER = "";
				SWIFT_VERSION = 5.0;
			};
			name = Release;
		};
		C2BEBFF11EE48B5E0072BE59 /* Debug */ = {
			isa = XCBuildConfiguration;
			buildSettings = {
				ALWAYS_SEARCH_USER_PATHS = NO;
				CLANG_ANALYZER_NONNULL = YES;
				CLANG_ANALYZER_NUMBER_OBJECT_CONVERSION = YES_AGGRESSIVE;
				CLANG_CXX_LANGUAGE_STANDARD = "gnu++0x";
				CLANG_CXX_LIBRARY = "libc++";
				CLANG_ENABLE_MODULES = YES;
				CLANG_ENABLE_OBJC_ARC = YES;
				CLANG_WARN_BLOCK_CAPTURE_AUTORELEASING = YES;
				CLANG_WARN_BOOL_CONVERSION = YES;
				CLANG_WARN_COMMA = YES;
				CLANG_WARN_CONSTANT_CONVERSION = YES;
				CLANG_WARN_DEPRECATED_OBJC_IMPLEMENTATIONS = YES;
				CLANG_WARN_DIRECT_OBJC_ISA_USAGE = YES_ERROR;
				CLANG_WARN_DOCUMENTATION_COMMENTS = YES;
				CLANG_WARN_EMPTY_BODY = YES;
				CLANG_WARN_ENUM_CONVERSION = YES;
				CLANG_WARN_INFINITE_RECURSION = YES;
				CLANG_WARN_INT_CONVERSION = YES;
				CLANG_WARN_NON_LITERAL_NULL_CONVERSION = YES;
				CLANG_WARN_OBJC_IMPLICIT_RETAIN_SELF = YES;
				CLANG_WARN_OBJC_LITERAL_CONVERSION = YES;
				CLANG_WARN_OBJC_ROOT_CLASS = YES_ERROR;
				CLANG_WARN_QUOTED_INCLUDE_IN_FRAMEWORK_HEADER = YES;
				CLANG_WARN_RANGE_LOOP_ANALYSIS = YES;
				CLANG_WARN_STRICT_PROTOTYPES = YES;
				CLANG_WARN_SUSPICIOUS_MOVE = YES;
				CLANG_WARN_UNREACHABLE_CODE = YES;
				CLANG_WARN__DUPLICATE_METHOD_MATCH = YES;
				CODE_SIGN_IDENTITY = "Mac Developer";
				COPY_PHASE_STRIP = NO;
				DEBUG_INFORMATION_FORMAT = dwarf;
				DEVELOPMENT_TEAM = B9J4QR64LK;
				ENABLE_STRICT_OBJC_MSGSEND = YES;
				ENABLE_TESTABILITY = YES;
				GCC_C_LANGUAGE_STANDARD = gnu99;
				GCC_DYNAMIC_NO_PIC = NO;
				GCC_NO_COMMON_BLOCKS = YES;
				GCC_OPTIMIZATION_LEVEL = 0;
				GCC_PREPROCESSOR_DEFINITIONS = (
					"DEBUG=1",
					"$(inherited)",
				);
				GCC_WARN_64_TO_32_BIT_CONVERSION = YES;
				GCC_WARN_ABOUT_RETURN_TYPE = YES_ERROR;
				GCC_WARN_UNDECLARED_SELECTOR = YES;
				GCC_WARN_UNINITIALIZED_AUTOS = YES_AGGRESSIVE;
				GCC_WARN_UNUSED_FUNCTION = YES;
				GCC_WARN_UNUSED_VARIABLE = YES;
				MACOSX_DEPLOYMENT_TARGET = 10.12;
				MTL_ENABLE_DEBUG_INFO = YES;
				ONLY_ACTIVE_ARCH = YES;
				SDKROOT = macosx;
				SWIFT_ACTIVE_COMPILATION_CONDITIONS = DEBUG;
				SWIFT_OPTIMIZATION_LEVEL = "-Onone";
			};
			name = Debug;
		};
		C2BEBFF21EE48B5E0072BE59 /* Release */ = {
			isa = XCBuildConfiguration;
			buildSettings = {
				ALWAYS_SEARCH_USER_PATHS = NO;
				CLANG_ANALYZER_NONNULL = YES;
				CLANG_ANALYZER_NUMBER_OBJECT_CONVERSION = YES_AGGRESSIVE;
				CLANG_CXX_LANGUAGE_STANDARD = "gnu++0x";
				CLANG_CXX_LIBRARY = "libc++";
				CLANG_ENABLE_MODULES = YES;
				CLANG_ENABLE_OBJC_ARC = YES;
				CLANG_WARN_BLOCK_CAPTURE_AUTORELEASING = YES;
				CLANG_WARN_BOOL_CONVERSION = YES;
				CLANG_WARN_COMMA = YES;
				CLANG_WARN_CONSTANT_CONVERSION = YES;
				CLANG_WARN_DEPRECATED_OBJC_IMPLEMENTATIONS = YES;
				CLANG_WARN_DIRECT_OBJC_ISA_USAGE = YES_ERROR;
				CLANG_WARN_DOCUMENTATION_COMMENTS = YES;
				CLANG_WARN_EMPTY_BODY = YES;
				CLANG_WARN_ENUM_CONVERSION = YES;
				CLANG_WARN_INFINITE_RECURSION = YES;
				CLANG_WARN_INT_CONVERSION = YES;
				CLANG_WARN_NON_LITERAL_NULL_CONVERSION = YES;
				CLANG_WARN_OBJC_IMPLICIT_RETAIN_SELF = YES;
				CLANG_WARN_OBJC_LITERAL_CONVERSION = YES;
				CLANG_WARN_OBJC_ROOT_CLASS = YES_ERROR;
				CLANG_WARN_QUOTED_INCLUDE_IN_FRAMEWORK_HEADER = YES;
				CLANG_WARN_RANGE_LOOP_ANALYSIS = YES;
				CLANG_WARN_STRICT_PROTOTYPES = YES;
				CLANG_WARN_SUSPICIOUS_MOVE = YES;
				CLANG_WARN_UNREACHABLE_CODE = YES;
				CLANG_WARN__DUPLICATE_METHOD_MATCH = YES;
				CODE_SIGN_IDENTITY = "Mac Developer";
				COPY_PHASE_STRIP = NO;
				DEBUG_INFORMATION_FORMAT = "dwarf-with-dsym";
				DEVELOPMENT_TEAM = B9J4QR64LK;
				ENABLE_NS_ASSERTIONS = NO;
				ENABLE_STRICT_OBJC_MSGSEND = YES;
				GCC_C_LANGUAGE_STANDARD = gnu99;
				GCC_NO_COMMON_BLOCKS = YES;
				GCC_WARN_64_TO_32_BIT_CONVERSION = YES;
				GCC_WARN_ABOUT_RETURN_TYPE = YES_ERROR;
				GCC_WARN_UNDECLARED_SELECTOR = YES;
				GCC_WARN_UNINITIALIZED_AUTOS = YES_AGGRESSIVE;
				GCC_WARN_UNUSED_FUNCTION = YES;
				GCC_WARN_UNUSED_VARIABLE = YES;
				MACOSX_DEPLOYMENT_TARGET = 10.12;
				MTL_ENABLE_DEBUG_INFO = NO;
				SDKROOT = macosx;
				SWIFT_OPTIMIZATION_LEVEL = "-Owholemodule";
			};
			name = Release;
		};
		C2BEBFF41EE48B5E0072BE59 /* Debug */ = {
			isa = XCBuildConfiguration;
			buildSettings = {
				ASSETCATALOG_COMPILER_APPICON_NAME = AppIcon;
				CODE_SIGN_IDENTITY = "Apple Development";
				COMBINE_HIDPI_IMAGES = YES;
				DEVELOPMENT_TEAM = B9J4QR64LK;
				ENABLE_HARDENED_RUNTIME = YES;
				INFOPLIST_FILE = LinkLiar/Info.plist;
				LD_RUNPATH_SEARCH_PATHS = "$(inherited) @executable_path/../Frameworks";
				OTHER_SWIFT_FLAGS = "-DDEBUG";
				PRODUCT_BUNDLE_IDENTIFIER = io.github.halo.LinkLiar;
				PRODUCT_NAME = "$(TARGET_NAME)";
				PROVISIONING_PROFILE_SPECIFIER = "";
				SWIFT_VERSION = 5.0;
			};
			name = Debug;
		};
		C2BEBFF51EE48B5E0072BE59 /* Release */ = {
			isa = XCBuildConfiguration;
			buildSettings = {
				ASSETCATALOG_COMPILER_APPICON_NAME = AppIcon;
				CODE_SIGN_IDENTITY = "Apple Development";
				COMBINE_HIDPI_IMAGES = YES;
				DEVELOPMENT_TEAM = B9J4QR64LK;
				ENABLE_HARDENED_RUNTIME = YES;
				INFOPLIST_FILE = LinkLiar/Info.plist;
				LD_RUNPATH_SEARCH_PATHS = "$(inherited) @executable_path/../Frameworks";
				PRODUCT_BUNDLE_IDENTIFIER = io.github.halo.LinkLiar;
				PRODUCT_NAME = "$(TARGET_NAME)";
				PROVISIONING_PROFILE_SPECIFIER = "";
				SWIFT_VERSION = 5.0;
			};
			name = Release;
		};
		C2BEBFF71EE48B5E0072BE59 /* Debug */ = {
			isa = XCBuildConfiguration;
			buildSettings = {
				ALWAYS_EMBED_SWIFT_STANDARD_LIBRARIES = YES;
				BUNDLE_LOADER = "$(TEST_HOST)";
				CODE_SIGN_IDENTITY = "Apple Development";
				COMBINE_HIDPI_IMAGES = YES;
				INFOPLIST_FILE = LinkLiarTests/Info.plist;
				LD_RUNPATH_SEARCH_PATHS = "$(inherited) @executable_path/../Frameworks @loader_path/../Frameworks";
				PRODUCT_BUNDLE_IDENTIFIER = io.github.halo.LinkLiarTests;
				PRODUCT_NAME = "$(TARGET_NAME)";
				SWIFT_VERSION = 5.0;
				TEST_HOST = "$(BUILT_PRODUCTS_DIR)/LinkLiar.app/Contents/MacOS/LinkLiar";
			};
			name = Debug;
		};
		C2BEBFF81EE48B5E0072BE59 /* Release */ = {
			isa = XCBuildConfiguration;
			buildSettings = {
				ALWAYS_EMBED_SWIFT_STANDARD_LIBRARIES = YES;
				BUNDLE_LOADER = "$(TEST_HOST)";
				CODE_SIGN_IDENTITY = "Apple Development";
				COMBINE_HIDPI_IMAGES = YES;
				INFOPLIST_FILE = LinkLiarTests/Info.plist;
				LD_RUNPATH_SEARCH_PATHS = "$(inherited) @executable_path/../Frameworks @loader_path/../Frameworks";
				PRODUCT_BUNDLE_IDENTIFIER = io.github.halo.LinkLiarTests;
				PRODUCT_NAME = "$(TARGET_NAME)";
				SWIFT_VERSION = 5.0;
				TEST_HOST = "$(BUILT_PRODUCTS_DIR)/LinkLiar.app/Contents/MacOS/LinkLiar";
			};
			name = Release;
		};
		C2BEC00E1EE4984E0072BE59 /* Debug */ = {
			isa = XCBuildConfiguration;
			buildSettings = {
				CODE_SIGN_IDENTITY = "Apple Development";
				CREATE_INFOPLIST_SECTION_IN_BINARY = YES;
				DEVELOPMENT_TEAM = B9J4QR64LK;
				ENABLE_HARDENED_RUNTIME = YES;
				INFOPLIST_FILE = linkdaemon/Info.plist;
				PRODUCT_BUNDLE_IDENTIFIER = io.github.halo.linkdaemon;
				PRODUCT_NAME = "$(TARGET_NAME)";
				SWIFT_VERSION = 5.0;
			};
			name = Debug;
		};
		C2BEC00F1EE4984E0072BE59 /* Release */ = {
			isa = XCBuildConfiguration;
			buildSettings = {
				CODE_SIGN_IDENTITY = "Apple Development";
				CREATE_INFOPLIST_SECTION_IN_BINARY = YES;
				DEVELOPMENT_TEAM = B9J4QR64LK;
				ENABLE_HARDENED_RUNTIME = YES;
				INFOPLIST_FILE = linkdaemon/Info.plist;
				PRODUCT_BUNDLE_IDENTIFIER = io.github.halo.linkdaemon;
				PRODUCT_NAME = "$(TARGET_NAME)";
				SWIFT_VERSION = 5.0;
			};
			name = Release;
		};
		C2F20A121EED97F800355561 /* Debug */ = {
			isa = XCBuildConfiguration;
			buildSettings = {
				CODE_SIGN_IDENTITY = "-";
				COMBINE_HIDPI_IMAGES = YES;
				DEVELOPMENT_TEAM = B9J4QR64LK;
				INFOPLIST_FILE = LinkLiarHelp/Info.plist;
				INSTALL_PATH = "$(LOCAL_LIBRARY_DIR)/Bundles";
				PRODUCT_BUNDLE_IDENTIFIER = io.github.halo.LinkLiar.help;
				PRODUCT_NAME = "$(TARGET_NAME)";
				SKIP_INSTALL = YES;
				WRAPPER_EXTENSION = help;
			};
			name = Debug;
		};
		C2F20A131EED97F800355561 /* Release */ = {
			isa = XCBuildConfiguration;
			buildSettings = {
				CODE_SIGN_IDENTITY = "-";
				COMBINE_HIDPI_IMAGES = YES;
				DEVELOPMENT_TEAM = B9J4QR64LK;
				INFOPLIST_FILE = LinkLiarHelp/Info.plist;
				INSTALL_PATH = "$(LOCAL_LIBRARY_DIR)/Bundles";
				PRODUCT_BUNDLE_IDENTIFIER = io.github.halo.LinkLiar.help;
				PRODUCT_NAME = "$(TARGET_NAME)";
				SKIP_INSTALL = YES;
				WRAPPER_EXTENSION = help;
			};
			name = Release;
		};
/* End XCBuildConfiguration section */

/* Begin XCConfigurationList section */
		C20A31CB2015250900BC8386 /* Build configuration list for PBXNativeTarget "LinkLauncher" */ = {
			isa = XCConfigurationList;
			buildConfigurations = (
				C20A31CC2015250900BC8386 /* Debug */,
				C20A31CD2015250900BC8386 /* Release */,
			);
			defaultConfigurationIsVisible = 0;
			defaultConfigurationName = Release;
		};
		C29B7D981EE69D1800609A21 /* Build configuration list for PBXNativeTarget "io.github.halo.linkhelper" */ = {
			isa = XCConfigurationList;
			buildConfigurations = (
				C29B7D991EE69D1800609A21 /* Debug */,
				C29B7D9A1EE69D1800609A21 /* Release */,
			);
			defaultConfigurationIsVisible = 0;
			defaultConfigurationName = Release;
		};
		C2BEBFD41EE48B5E0072BE59 /* Build configuration list for PBXProject "LinkLiar" */ = {
			isa = XCConfigurationList;
			buildConfigurations = (
				C2BEBFF11EE48B5E0072BE59 /* Debug */,
				C2BEBFF21EE48B5E0072BE59 /* Release */,
			);
			defaultConfigurationIsVisible = 0;
			defaultConfigurationName = Release;
		};
		C2BEBFF31EE48B5E0072BE59 /* Build configuration list for PBXNativeTarget "LinkLiar" */ = {
			isa = XCConfigurationList;
			buildConfigurations = (
				C2BEBFF41EE48B5E0072BE59 /* Debug */,
				C2BEBFF51EE48B5E0072BE59 /* Release */,
			);
			defaultConfigurationIsVisible = 0;
			defaultConfigurationName = Release;
		};
		C2BEBFF61EE48B5E0072BE59 /* Build configuration list for PBXNativeTarget "LinkLiarTests" */ = {
			isa = XCConfigurationList;
			buildConfigurations = (
				C2BEBFF71EE48B5E0072BE59 /* Debug */,
				C2BEBFF81EE48B5E0072BE59 /* Release */,
			);
			defaultConfigurationIsVisible = 0;
			defaultConfigurationName = Release;
		};
		C2BEC0101EE4984E0072BE59 /* Build configuration list for PBXNativeTarget "linkdaemon" */ = {
			isa = XCConfigurationList;
			buildConfigurations = (
				C2BEC00E1EE4984E0072BE59 /* Debug */,
				C2BEC00F1EE4984E0072BE59 /* Release */,
			);
			defaultConfigurationIsVisible = 0;
			defaultConfigurationName = Release;
		};
		C2F20A111EED97F800355561 /* Build configuration list for PBXNativeTarget "LinkLiarHelp" */ = {
			isa = XCConfigurationList;
			buildConfigurations = (
				C2F20A121EED97F800355561 /* Debug */,
				C2F20A131EED97F800355561 /* Release */,
			);
			defaultConfigurationIsVisible = 0;
			defaultConfigurationName = Release;
		};
/* End XCConfigurationList section */
	};
	rootObject = C2BEBFD11EE48B5E0072BE59 /* Project object */;
}
