// !$*UTF8*$!
{
	archiveVersion = 1;
	classes = {
	};
	objectVersion = 46;
	objects = {

/* Begin PBXBuildFile section */
		E0BDCABA15D641C70022F643 /* ClickableNSView.m in Sources */ = {isa = PBXBuildFile; fileRef = E0BDCAB815D641C70022F643 /* ClickableNSView.m */; };
		E0BDCABC15D642BC0022F643 /* ClickableNSView.h in Headers */ = {isa = PBXBuildFile; fileRef = E0BDCABB15D642BC0022F643 /* ClickableNSView.h */; };
		E0BDCABF15D642F00022F643 /* Constants.h in Headers */ = {isa = PBXBuildFile; fileRef = E0BDCABD15D642F00022F643 /* Constants.h */; };
		E0BDCAC015D642F00022F643 /* Constants.m in Sources */ = {isa = PBXBuildFile; fileRef = E0BDCABE15D642F00022F643 /* Constants.m */; };
		E0BDCAC315D6484A0022F643 /* MACAddresss.h in Headers */ = {isa = PBXBuildFile; fileRef = E0BDCAC115D6484A0022F643 /* MACAddresss.h */; };
		E0BDCAC415D6484A0022F643 /* MACAddresss.m in Sources */ = {isa = PBXBuildFile; fileRef = E0BDCAC215D6484A0022F643 /* MACAddresss.m */; };
		E0BDCAD315D66CEB0022F643 /* Ethernet.icns in Resources */ = {isa = PBXBuildFile; fileRef = E0BDCAD015D66CEB0022F643 /* Ethernet.icns */; };
		E0BDCAD415D66CEB0022F643 /* LinkLiar.icns in Resources */ = {isa = PBXBuildFile; fileRef = E0BDCAD115D66CEB0022F643 /* LinkLiar.icns */; };
		E0BDCAD515D66CEB0022F643 /* Wi-Fi.icns in Resources */ = {isa = PBXBuildFile; fileRef = E0BDCAD215D66CEB0022F643 /* Wi-Fi.icns */; };
		E0D1C81D15D40BF300EB32CE /* Cocoa.framework in Frameworks */ = {isa = PBXBuildFile; fileRef = E0D1C81C15D40BF300EB32CE /* Cocoa.framework */; };
		E0D1C81F15D40BF300EB32CE /* PreferencePanes.framework in Frameworks */ = {isa = PBXBuildFile; fileRef = E0D1C81E15D40BF300EB32CE /* PreferencePanes.framework */; };
		E0D1C82915D40BF300EB32CE /* InfoPlist.strings in Resources */ = {isa = PBXBuildFile; fileRef = E0D1C82715D40BF300EB32CE /* InfoPlist.strings */; };
		E0D1C83215D40BF400EB32CE /* LinkLiar.xib in Resources */ = {isa = PBXBuildFile; fileRef = E0D1C83015D40BF400EB32CE /* LinkLiar.xib */; };
		E0D1C84015D40E4600EB32CE /* LinkLiar.h in Headers */ = {isa = PBXBuildFile; fileRef = E0D1C83E15D40E4600EB32CE /* LinkLiar.h */; };
		E0D1C84115D40E4600EB32CE /* LinkLiar.m in Sources */ = {isa = PBXBuildFile; fileRef = E0D1C83F15D40E4600EB32CE /* LinkLiar.m */; };
		E0D1C84D15D40EDF00EB32CE /* Interface.h in Headers */ = {isa = PBXBuildFile; fileRef = E0D1C84915D40EDF00EB32CE /* Interface.h */; };
		E0D1C84E15D40EDF00EB32CE /* Interface.m in Sources */ = {isa = PBXBuildFile; fileRef = E0D1C84A15D40EDF00EB32CE /* Interface.m */; };
		E0D1C84F15D40EDF00EB32CE /* MacAddressFormatter.h in Headers */ = {isa = PBXBuildFile; fileRef = E0D1C84B15D40EDF00EB32CE /* MacAddressFormatter.h */; };
		E0D1C85015D40EDF00EB32CE /* MacAddressFormatter.m in Sources */ = {isa = PBXBuildFile; fileRef = E0D1C84C15D40EDF00EB32CE /* MacAddressFormatter.m */; };
		E0D1C85215D40F4000EB32CE /* SystemConfiguration.framework in Frameworks */ = {isa = PBXBuildFile; fileRef = E0D1C85115D40F4000EB32CE /* SystemConfiguration.framework */; };
/* End PBXBuildFile section */

/* Begin PBXFileReference section */
		E0BDCAB815D641C70022F643 /* ClickableNSView.m */ = {isa = PBXFileReference; fileEncoding = 4; lastKnownFileType = sourcecode.c.objc; name = ClickableNSView.m; path = Classes/ClickableNSView.m; sourceTree = "<group>"; };
		E0BDCABB15D642BC0022F643 /* ClickableNSView.h */ = {isa = PBXFileReference; fileEncoding = 4; lastKnownFileType = sourcecode.c.h; name = ClickableNSView.h; path = Classes/ClickableNSView.h; sourceTree = "<group>"; };
		E0BDCABD15D642F00022F643 /* Constants.h */ = {isa = PBXFileReference; fileEncoding = 4; lastKnownFileType = sourcecode.c.h; name = Constants.h; path = Classes/Constants.h; sourceTree = "<group>"; };
		E0BDCABE15D642F00022F643 /* Constants.m */ = {isa = PBXFileReference; fileEncoding = 4; lastKnownFileType = sourcecode.c.objc; name = Constants.m; path = Classes/Constants.m; sourceTree = "<group>"; };
		E0BDCAC115D6484A0022F643 /* MACAddresss.h */ = {isa = PBXFileReference; fileEncoding = 4; lastKnownFileType = sourcecode.c.h; name = MACAddresss.h; path = LinkLiar/Classes/MACAddresss.h; sourceTree = "<group>"; };
		E0BDCAC215D6484A0022F643 /* MACAddresss.m */ = {isa = PBXFileReference; fileEncoding = 4; lastKnownFileType = sourcecode.c.objc; name = MACAddresss.m; path = LinkLiar/Classes/MACAddresss.m; sourceTree = "<group>"; };
		E0BDCAD015D66CEB0022F643 /* Ethernet.icns */ = {isa = PBXFileReference; lastKnownFileType = image.icns; path = Ethernet.icns; sourceTree = "<group>"; };
		E0BDCAD115D66CEB0022F643 /* LinkLiar.icns */ = {isa = PBXFileReference; lastKnownFileType = image.icns; path = LinkLiar.icns; sourceTree = "<group>"; };
		E0BDCAD215D66CEB0022F643 /* Wi-Fi.icns */ = {isa = PBXFileReference; lastKnownFileType = image.icns; path = "Wi-Fi.icns"; sourceTree = "<group>"; };
		E0D1C81915D40BF300EB32CE /* LinkLiar.prefPane */ = {isa = PBXFileReference; explicitFileType = wrapper.cfbundle; includeInIndex = 0; path = LinkLiar.prefPane; sourceTree = BUILT_PRODUCTS_DIR; };
		E0D1C81C15D40BF300EB32CE /* Cocoa.framework */ = {isa = PBXFileReference; lastKnownFileType = wrapper.framework; name = Cocoa.framework; path = System/Library/Frameworks/Cocoa.framework; sourceTree = SDKROOT; };
		E0D1C81E15D40BF300EB32CE /* PreferencePanes.framework */ = {isa = PBXFileReference; lastKnownFileType = wrapper.framework; name = PreferencePanes.framework; path = System/Library/Frameworks/PreferencePanes.framework; sourceTree = SDKROOT; };
		E0D1C82115D40BF300EB32CE /* AppKit.framework */ = {isa = PBXFileReference; lastKnownFileType = wrapper.framework; name = AppKit.framework; path = System/Library/Frameworks/AppKit.framework; sourceTree = SDKROOT; };
		E0D1C82215D40BF300EB32CE /* CoreData.framework */ = {isa = PBXFileReference; lastKnownFileType = wrapper.framework; name = CoreData.framework; path = System/Library/Frameworks/CoreData.framework; sourceTree = SDKROOT; };
		E0D1C82315D40BF300EB32CE /* Foundation.framework */ = {isa = PBXFileReference; lastKnownFileType = wrapper.framework; name = Foundation.framework; path = System/Library/Frameworks/Foundation.framework; sourceTree = SDKROOT; };
		E0D1C82615D40BF300EB32CE /* LinkLiar-Info.plist */ = {isa = PBXFileReference; lastKnownFileType = text.plist.xml; path = "LinkLiar-Info.plist"; sourceTree = "<group>"; };
		E0D1C82815D40BF300EB32CE /* en */ = {isa = PBXFileReference; lastKnownFileType = text.plist.strings; name = en; path = en.lproj/InfoPlist.strings; sourceTree = "<group>"; };
		E0D1C82A15D40BF300EB32CE /* LinkLiar-Prefix.pch */ = {isa = PBXFileReference; lastKnownFileType = sourcecode.c.h; path = "LinkLiar-Prefix.pch"; sourceTree = "<group>"; };
		E0D1C83115D40BF400EB32CE /* en */ = {isa = PBXFileReference; lastKnownFileType = file.xib; name = en; path = en.lproj/LinkLiar.xib; sourceTree = "<group>"; };
		E0D1C83E15D40E4600EB32CE /* LinkLiar.h */ = {isa = PBXFileReference; fileEncoding = 4; lastKnownFileType = sourcecode.c.h; name = LinkLiar.h; path = Classes/LinkLiar.h; sourceTree = "<group>"; };
		E0D1C83F15D40E4600EB32CE /* LinkLiar.m */ = {isa = PBXFileReference; fileEncoding = 4; lastKnownFileType = sourcecode.c.objc; name = LinkLiar.m; path = Classes/LinkLiar.m; sourceTree = "<group>"; };
		E0D1C84915D40EDF00EB32CE /* Interface.h */ = {isa = PBXFileReference; fileEncoding = 4; lastKnownFileType = sourcecode.c.h; name = Interface.h; path = LinkLiar/Classes/Interface.h; sourceTree = "<group>"; };
		E0D1C84A15D40EDF00EB32CE /* Interface.m */ = {isa = PBXFileReference; fileEncoding = 4; lastKnownFileType = sourcecode.c.objc; name = Interface.m; path = LinkLiar/Classes/Interface.m; sourceTree = "<group>"; };
		E0D1C84B15D40EDF00EB32CE /* MacAddressFormatter.h */ = {isa = PBXFileReference; fileEncoding = 4; lastKnownFileType = sourcecode.c.h; name = MacAddressFormatter.h; path = LinkLiar/Classes/MacAddressFormatter.h; sourceTree = "<group>"; };
		E0D1C84C15D40EDF00EB32CE /* MacAddressFormatter.m */ = {isa = PBXFileReference; fileEncoding = 4; lastKnownFileType = sourcecode.c.objc; name = MacAddressFormatter.m; path = LinkLiar/Classes/MacAddressFormatter.m; sourceTree = "<group>"; };
		E0D1C85115D40F4000EB32CE /* SystemConfiguration.framework */ = {isa = PBXFileReference; lastKnownFileType = wrapper.framework; name = SystemConfiguration.framework; path = System/Library/Frameworks/SystemConfiguration.framework; sourceTree = SDKROOT; };
/* End PBXFileReference section */

/* Begin PBXFrameworksBuildPhase section */
		E0D1C81415D40BF300EB32CE /* Frameworks */ = {
			isa = PBXFrameworksBuildPhase;
			buildActionMask = 2147483647;
			files = (
				E0D1C85215D40F4000EB32CE /* SystemConfiguration.framework in Frameworks */,
				E0D1C81D15D40BF300EB32CE /* Cocoa.framework in Frameworks */,
				E0D1C81F15D40BF300EB32CE /* PreferencePanes.framework in Frameworks */,
			);
			runOnlyForDeploymentPostprocessing = 0;
		};
/* End PBXFrameworksBuildPhase section */

/* Begin PBXGroup section */
		E0D1C80C15D40BF300EB32CE = {
			isa = PBXGroup;
			children = (
				E0D1C82415D40BF300EB32CE /* LinkLiar */,
				E0D1C82515D40BF300EB32CE /* Config */,
				E0D1C84215D40E6200EB32CE /* Images */,
				E0D1C81B15D40BF300EB32CE /* Frameworks */,
				E0D1C81A15D40BF300EB32CE /* Products */,
			);
			sourceTree = "<group>";
		};
		E0D1C81A15D40BF300EB32CE /* Products */ = {
			isa = PBXGroup;
			children = (
				E0D1C81915D40BF300EB32CE /* LinkLiar.prefPane */,
			);
			name = Products;
			sourceTree = "<group>";
		};
		E0D1C81B15D40BF300EB32CE /* Frameworks */ = {
			isa = PBXGroup;
			children = (
				E0D1C81C15D40BF300EB32CE /* Cocoa.framework */,
				E0D1C81E15D40BF300EB32CE /* PreferencePanes.framework */,
				E0D1C85115D40F4000EB32CE /* SystemConfiguration.framework */,
				E0D1C82015D40BF300EB32CE /* Other Frameworks */,
			);
			name = Frameworks;
			sourceTree = "<group>";
		};
		E0D1C82015D40BF300EB32CE /* Other Frameworks */ = {
			isa = PBXGroup;
			children = (
				E0D1C82115D40BF300EB32CE /* AppKit.framework */,
				E0D1C82215D40BF300EB32CE /* CoreData.framework */,
				E0D1C82315D40BF300EB32CE /* Foundation.framework */,
			);
			name = "Other Frameworks";
			sourceTree = "<group>";
		};
		E0D1C82415D40BF300EB32CE /* LinkLiar */ = {
			isa = PBXGroup;
			children = (
				E0D1C83B15D40DDC00EB32CE /* Controllers */,
				E0D1C83C15D40DE600EB32CE /* Models */,
				E0D1C83D15D40E1100EB32CE /* View */,
			);
			path = LinkLiar;
			sourceTree = "<group>";
		};
		E0D1C82515D40BF300EB32CE /* Config */ = {
			isa = PBXGroup;
			children = (
				E0D1C82615D40BF300EB32CE /* LinkLiar-Info.plist */,
				E0D1C82715D40BF300EB32CE /* InfoPlist.strings */,
				E0D1C82A15D40BF300EB32CE /* LinkLiar-Prefix.pch */,
				E0BDCABD15D642F00022F643 /* Constants.h */,
				E0BDCABE15D642F00022F643 /* Constants.m */,
			);
			name = Config;
			path = LinkLiar;
			sourceTree = "<group>";
		};
		E0D1C83B15D40DDC00EB32CE /* Controllers */ = {
			isa = PBXGroup;
			children = (
				E0D1C83E15D40E4600EB32CE /* LinkLiar.h */,
				E0D1C83F15D40E4600EB32CE /* LinkLiar.m */,
			);
			name = Controllers;
			sourceTree = "<group>";
		};
		E0D1C83C15D40DE600EB32CE /* Models */ = {
			isa = PBXGroup;
			children = (
				E0D1C84915D40EDF00EB32CE /* Interface.h */,
				E0D1C84A15D40EDF00EB32CE /* Interface.m */,
				E0D1C84B15D40EDF00EB32CE /* MacAddressFormatter.h */,
				E0D1C84C15D40EDF00EB32CE /* MacAddressFormatter.m */,
				E0BDCAC115D6484A0022F643 /* MACAddresss.h */,
				E0BDCAC215D6484A0022F643 /* MACAddresss.m */,
			);
			name = Models;
			path = ..;
			sourceTree = "<group>";
		};
		E0D1C83D15D40E1100EB32CE /* View */ = {
			isa = PBXGroup;
			children = (
				E0D1C83015D40BF400EB32CE /* LinkLiar.xib */,
				E0BDCABB15D642BC0022F643 /* ClickableNSView.h */,
				E0BDCAB815D641C70022F643 /* ClickableNSView.m */,
			);
			name = View;
			sourceTree = "<group>";
		};
		E0D1C84215D40E6200EB32CE /* Images */ = {
			isa = PBXGroup;
			children = (
				E0BDCAD015D66CEB0022F643 /* Ethernet.icns */,
				E0BDCAD115D66CEB0022F643 /* LinkLiar.icns */,
				E0BDCAD215D66CEB0022F643 /* Wi-Fi.icns */,
			);
			name = Images;
			path = LinkLiar/Images;
			sourceTree = "<group>";
		};
/* End PBXGroup section */

/* Begin PBXHeadersBuildPhase section */
		E0D1C81515D40BF300EB32CE /* Headers */ = {
			isa = PBXHeadersBuildPhase;
			buildActionMask = 2147483647;
			files = (
				E0D1C84015D40E4600EB32CE /* LinkLiar.h in Headers */,
				E0D1C84D15D40EDF00EB32CE /* Interface.h in Headers */,
				E0D1C84F15D40EDF00EB32CE /* MacAddressFormatter.h in Headers */,
				E0BDCABC15D642BC0022F643 /* ClickableNSView.h in Headers */,
				E0BDCABF15D642F00022F643 /* Constants.h in Headers */,
				E0BDCAC315D6484A0022F643 /* MACAddresss.h in Headers */,
			);
			runOnlyForDeploymentPostprocessing = 0;
		};
/* End PBXHeadersBuildPhase section */

/* Begin PBXNativeTarget section */
		E0D1C81815D40BF300EB32CE /* LinkLiar */ = {
			isa = PBXNativeTarget;
			buildConfigurationList = E0D1C83515D40BF400EB32CE /* Build configuration list for PBXNativeTarget "LinkLiar" */;
			buildPhases = (
				E0D1C81315D40BF300EB32CE /* Sources */,
				E0D1C81415D40BF300EB32CE /* Frameworks */,
				E0D1C81515D40BF300EB32CE /* Headers */,
				E0D1C81615D40BF300EB32CE /* Resources */,
				E0D1C81715D40BF300EB32CE /* Rez */,
			);
			buildRules = (
			);
			dependencies = (
			);
			name = LinkLiar;
			productName = LinkLiar;
			productReference = E0D1C81915D40BF300EB32CE /* LinkLiar.prefPane */;
			productType = "com.apple.product-type.bundle";
		};
/* End PBXNativeTarget section */

/* Begin PBXProject section */
		E0D1C80E15D40BF300EB32CE /* Project object */ = {
			isa = PBXProject;
			attributes = {
				LastUpgradeCheck = 0430;
			};
			buildConfigurationList = E0D1C81115D40BF300EB32CE /* Build configuration list for PBXProject "LinkLiar" */;
			compatibilityVersion = "Xcode 3.2";
			developmentRegion = English;
			hasScannedForEncodings = 0;
			knownRegions = (
				en,
			);
			mainGroup = E0D1C80C15D40BF300EB32CE;
			productRefGroup = E0D1C81A15D40BF300EB32CE /* Products */;
			projectDirPath = "";
			projectRoot = "";
			targets = (
				E0D1C81815D40BF300EB32CE /* LinkLiar */,
			);
		};
/* End PBXProject section */

/* Begin PBXResourcesBuildPhase section */
		E0D1C81615D40BF300EB32CE /* Resources */ = {
			isa = PBXResourcesBuildPhase;
			buildActionMask = 2147483647;
			files = (
				E0D1C82915D40BF300EB32CE /* InfoPlist.strings in Resources */,
				E0D1C83215D40BF400EB32CE /* LinkLiar.xib in Resources */,
				E0BDCAD315D66CEB0022F643 /* Ethernet.icns in Resources */,
				E0BDCAD415D66CEB0022F643 /* LinkLiar.icns in Resources */,
				E0BDCAD515D66CEB0022F643 /* Wi-Fi.icns in Resources */,
			);
			runOnlyForDeploymentPostprocessing = 0;
		};
/* End PBXResourcesBuildPhase section */

/* Begin PBXRezBuildPhase section */
		E0D1C81715D40BF300EB32CE /* Rez */ = {
			isa = PBXRezBuildPhase;
			buildActionMask = 2147483647;
			files = (
			);
			runOnlyForDeploymentPostprocessing = 0;
		};
/* End PBXRezBuildPhase section */

/* Begin PBXSourcesBuildPhase section */
		E0D1C81315D40BF300EB32CE /* Sources */ = {
			isa = PBXSourcesBuildPhase;
			buildActionMask = 2147483647;
			files = (
				E0D1C84115D40E4600EB32CE /* LinkLiar.m in Sources */,
				E0D1C84E15D40EDF00EB32CE /* Interface.m in Sources */,
				E0D1C85015D40EDF00EB32CE /* MacAddressFormatter.m in Sources */,
				E0BDCABA15D641C70022F643 /* ClickableNSView.m in Sources */,
				E0BDCAC015D642F00022F643 /* Constants.m in Sources */,
				E0BDCAC415D6484A0022F643 /* MACAddresss.m in Sources */,
			);
			runOnlyForDeploymentPostprocessing = 0;
		};
/* End PBXSourcesBuildPhase section */

/* Begin PBXVariantGroup section */
		E0D1C82715D40BF300EB32CE /* InfoPlist.strings */ = {
			isa = PBXVariantGroup;
			children = (
				E0D1C82815D40BF300EB32CE /* en */,
			);
			name = InfoPlist.strings;
			sourceTree = "<group>";
		};
		E0D1C83015D40BF400EB32CE /* LinkLiar.xib */ = {
			isa = PBXVariantGroup;
			children = (
				E0D1C83115D40BF400EB32CE /* en */,
			);
			name = LinkLiar.xib;
			sourceTree = "<group>";
		};
/* End PBXVariantGroup section */

/* Begin XCBuildConfiguration section */
		E0D1C83315D40BF400EB32CE /* Debug */ = {
			isa = XCBuildConfiguration;
			buildSettings = {
				ALWAYS_SEARCH_USER_PATHS = NO;
				ARCHS = "$(ARCHS_STANDARD_64_BIT)";
				CLANG_ENABLE_OBJC_ARC = NO;
				CLANG_WARN_OBJCPP_ARC_ABI = YES;
				COPY_PHASE_STRIP = NO;
				DEPLOYMENT_LOCATION = YES;
				DSTROOT = /;
				GCC_C_LANGUAGE_STANDARD = gnu99;
				GCC_DYNAMIC_NO_PIC = NO;
				GCC_ENABLE_OBJC_EXCEPTIONS = YES;
				GCC_ENABLE_OBJC_GC = supported;
				GCC_OPTIMIZATION_LEVEL = 0;
				GCC_PREPROCESSOR_DEFINITIONS = (
					"DEBUG=1",
					"$(inherited)",
				);
				GCC_SYMBOLS_PRIVATE_EXTERN = NO;
				GCC_VERSION = com.apple.compilers.llvm.clang.1_0;
				GCC_WARN_64_TO_32_BIT_CONVERSION = YES;
				GCC_WARN_ABOUT_RETURN_TYPE = YES;
				GCC_WARN_UNINITIALIZED_AUTOS = YES;
				GCC_WARN_UNUSED_VARIABLE = YES;
				INSTALL_PATH = "$(HOME)/Library/PreferencePanes";
				MACOSX_DEPLOYMENT_TARGET = 10.7;
				ONLY_ACTIVE_ARCH = YES;
				PRODUCT_NAME = LinkLiar;
				SDKROOT = macosx;
				SYMROOT = build;
			};
			name = Debug;
		};
		E0D1C83415D40BF400EB32CE /* Release */ = {
			isa = XCBuildConfiguration;
			buildSettings = {
				ALWAYS_SEARCH_USER_PATHS = NO;
				ARCHS = "$(ARCHS_STANDARD_64_BIT)";
				CLANG_ENABLE_OBJC_ARC = NO;
				CLANG_WARN_OBJCPP_ARC_ABI = YES;
				COPY_PHASE_STRIP = YES;
				DEBUG_INFORMATION_FORMAT = "dwarf-with-dsym";
				DEPLOYMENT_LOCATION = YES;
				DSTROOT = /;
				GCC_C_LANGUAGE_STANDARD = gnu99;
				GCC_ENABLE_OBJC_EXCEPTIONS = YES;
				GCC_ENABLE_OBJC_GC = supported;
				GCC_VERSION = com.apple.compilers.llvm.clang.1_0;
				GCC_WARN_64_TO_32_BIT_CONVERSION = YES;
				GCC_WARN_ABOUT_RETURN_TYPE = YES;
				GCC_WARN_UNINITIALIZED_AUTOS = YES;
				GCC_WARN_UNUSED_VARIABLE = YES;
				INSTALL_PATH = "$(HOME)/Library/PreferencePanes";
				MACOSX_DEPLOYMENT_TARGET = 10.7;
				PRODUCT_NAME = LinkLiar;
				SDKROOT = macosx;
				SYMROOT = build;
			};
			name = Release;
		};
		E0D1C83615D40BF400EB32CE /* Debug */ = {
			isa = XCBuildConfiguration;
			buildSettings = {
				CLANG_ENABLE_OBJC_ARC = YES;
				CLANG_WARN_OBJCPP_ARC_ABI = NO;
				DEPLOYMENT_LOCATION = YES;
				GCC_ENABLE_OBJC_GC = unsupported;
				GCC_PRECOMPILE_PREFIX_HEADER = YES;
				GCC_PREFIX_HEADER = "LinkLiar/LinkLiar-Prefix.pch";
				INFOPLIST_FILE = "LinkLiar/LinkLiar-Info.plist";
				INSTALL_PATH = "$(HOME)/Library/PreferencePanes";
				PRODUCT_NAME = "$(TARGET_NAME)";
				WRAPPER_EXTENSION = prefPane;
			};
			name = Debug;
		};
		E0D1C83715D40BF400EB32CE /* Release */ = {
			isa = XCBuildConfiguration;
			buildSettings = {
				CLANG_ENABLE_OBJC_ARC = YES;
				CLANG_WARN_OBJCPP_ARC_ABI = NO;
				DEPLOYMENT_LOCATION = YES;
				GCC_ENABLE_OBJC_GC = unsupported;
				GCC_PRECOMPILE_PREFIX_HEADER = YES;
				GCC_PREFIX_HEADER = "LinkLiar/LinkLiar-Prefix.pch";
				INFOPLIST_FILE = "LinkLiar/LinkLiar-Info.plist";
				INSTALL_PATH = "$(HOME)/Library/PreferencePanes";
				PRODUCT_NAME = "$(TARGET_NAME)";
				WRAPPER_EXTENSION = prefPane;
			};
			name = Release;
		};
/* End XCBuildConfiguration section */

/* Begin XCConfigurationList section */
		E0D1C81115D40BF300EB32CE /* Build configuration list for PBXProject "LinkLiar" */ = {
			isa = XCConfigurationList;
			buildConfigurations = (
				E0D1C83315D40BF400EB32CE /* Debug */,
				E0D1C83415D40BF400EB32CE /* Release */,
			);
			defaultConfigurationIsVisible = 0;
			defaultConfigurationName = Release;
		};
		E0D1C83515D40BF400EB32CE /* Build configuration list for PBXNativeTarget "LinkLiar" */ = {
			isa = XCConfigurationList;
			buildConfigurations = (
				E0D1C83615D40BF400EB32CE /* Debug */,
				E0D1C83715D40BF400EB32CE /* Release */,
			);
			defaultConfigurationIsVisible = 0;
			defaultConfigurationName = Release;
		};
/* End XCConfigurationList section */
	};
	rootObject = E0D1C80E15D40BF300EB32CE /* Project object */;
}
