// !$*UTF8*$!
{
	archiveVersion = 1;
	classes = {
	};
	objectVersion = 46;
	objects = {

/* Begin PBXBuildFile section */
		C291CBE31EE8300F00154452 /* Intercom.swift in Sources */ = {isa = PBXBuildFile; fileRef = C291CBE21EE8300F00154452 /* Intercom.swift */; };
		C291CBE51EE85A4000154452 /* HelperProtocol.swift in Sources */ = {isa = PBXBuildFile; fileRef = C291CBE41EE85A4000154452 /* HelperProtocol.swift */; };
		C291CBE71EE85D0D00154452 /* Log.swift in Sources */ = {isa = PBXBuildFile; fileRef = C291CBE61EE85D0D00154452 /* Log.swift */; };
		C291CBE81EE85D0D00154452 /* Log.swift in Sources */ = {isa = PBXBuildFile; fileRef = C291CBE61EE85D0D00154452 /* Log.swift */; };
		C291CBE91EE85D0D00154452 /* Log.swift in Sources */ = {isa = PBXBuildFile; fileRef = C291CBE61EE85D0D00154452 /* Log.swift */; };
		C291CBEC1EE86A0E00154452 /* Elevator.swift in Sources */ = {isa = PBXBuildFile; fileRef = C291CBEB1EE86A0E00154452 /* Elevator.swift */; };
		C291CBEF1EE86DC000154452 /* LinkHelper.swift in Sources */ = {isa = PBXBuildFile; fileRef = C291CBED1EE86CE500154452 /* LinkHelper.swift */; };
		C291CBF01EE86DC400154452 /* HelperProtocol.swift in Sources */ = {isa = PBXBuildFile; fileRef = C291CBE41EE85A4000154452 /* HelperProtocol.swift */; };
		C291CBF21EE8702E00154452 /* Controller.swift in Sources */ = {isa = PBXBuildFile; fileRef = C291CBF11EE8702E00154452 /* Controller.swift */; };
		C291CBF41EE87B1E00154452 /* Version.swift in Sources */ = {isa = PBXBuildFile; fileRef = C291CBF31EE87B1E00154452 /* Version.swift */; };
		C29B7D8F1EE69C3800609A21 /* linkdaemon in Resources */ = {isa = PBXBuildFile; fileRef = C2BEC00A1EE4984E0072BE59 /* linkdaemon */; };
		C29B7D971EE69D1800609A21 /* main.swift in Sources */ = {isa = PBXBuildFile; fileRef = C29B7D961EE69D1800609A21 /* main.swift */; };
		C29B7DA31EE7336200609A21 /* io.github.halo.linkhelper in CopyFiles */ = {isa = PBXBuildFile; fileRef = C29B7D941EE69D1800609A21 /* io.github.halo.linkhelper */; settings = {ATTRIBUTES = (CodeSignOnCopy, ); }; };
		C2BEBFDD1EE48B5E0072BE59 /* AppDelegate.swift in Sources */ = {isa = PBXBuildFile; fileRef = C2BEBFDC1EE48B5E0072BE59 /* AppDelegate.swift */; };
		C2BEBFE11EE48B5E0072BE59 /* Assets.xcassets in Resources */ = {isa = PBXBuildFile; fileRef = C2BEBFE01EE48B5E0072BE59 /* Assets.xcassets */; };
		C2BEBFEF1EE48B5E0072BE59 /* LinkLiarTests.swift in Sources */ = {isa = PBXBuildFile; fileRef = C2BEBFEE1EE48B5E0072BE59 /* LinkLiarTests.swift */; };
		C2BEBFFA1EE48D1B0072BE59 /* main.swift in Sources */ = {isa = PBXBuildFile; fileRef = C2BEBFF91EE48D1B0072BE59 /* main.swift */; };
		C2BEC00D1EE4984E0072BE59 /* main.swift in Sources */ = {isa = PBXBuildFile; fileRef = C2BEC00C1EE4984E0072BE59 /* main.swift */; };
/* End PBXBuildFile section */

/* Begin PBXContainerItemProxy section */
		C29B7D8C1EE59C1600609A21 /* PBXContainerItemProxy */ = {
			isa = PBXContainerItemProxy;
			containerPortal = C2BEBFD11EE48B5E0072BE59 /* Project object */;
			proxyType = 1;
			remoteGlobalIDString = C2BEC0091EE4984E0072BE59;
			remoteInfo = linkdaemon;
		};
		C29B7D9B1EE69D1F00609A21 /* PBXContainerItemProxy */ = {
			isa = PBXContainerItemProxy;
			containerPortal = C2BEBFD11EE48B5E0072BE59 /* Project object */;
			proxyType = 1;
			remoteGlobalIDString = C29B7D931EE69D1800609A21;
			remoteInfo = LinkHelper;
		};
		C2BEBFEB1EE48B5E0072BE59 /* PBXContainerItemProxy */ = {
			isa = PBXContainerItemProxy;
			containerPortal = C2BEBFD11EE48B5E0072BE59 /* Project object */;
			proxyType = 1;
			remoteGlobalIDString = C2BEBFD81EE48B5E0072BE59;
			remoteInfo = LinkLiar;
		};
/* End PBXContainerItemProxy section */

/* Begin PBXCopyFilesBuildPhase section */
		C29B7D921EE69D1800609A21 /* CopyFiles */ = {
			isa = PBXCopyFilesBuildPhase;
			buildActionMask = 12;
			dstPath = Contents/Library/LaunchServices;
			dstSubfolderSpec = 1;
			files = (
			);
			runOnlyForDeploymentPostprocessing = 0;
		};
		C29B7DA01EE71CF900609A21 /* CopyFiles */ = {
			isa = PBXCopyFilesBuildPhase;
			buildActionMask = 2147483647;
			dstPath = Contents/Library/LaunchServices;
			dstSubfolderSpec = 1;
			files = (
				C29B7DA31EE7336200609A21 /* io.github.halo.linkhelper in CopyFiles */,
			);
			runOnlyForDeploymentPostprocessing = 0;
		};
		C2BEC0081EE4984E0072BE59 /* CopyFiles */ = {
			isa = PBXCopyFilesBuildPhase;
			buildActionMask = 2147483647;
			dstPath = /usr/share/man/man1/;
			dstSubfolderSpec = 0;
			files = (
			);
			runOnlyForDeploymentPostprocessing = 1;
		};
/* End PBXCopyFilesBuildPhase section */

/* Begin PBXFileReference section */
		C291CBE21EE8300F00154452 /* Intercom.swift */ = {isa = PBXFileReference; fileEncoding = 4; lastKnownFileType = sourcecode.swift; path = Intercom.swift; sourceTree = "<group>"; };
		C291CBE41EE85A4000154452 /* HelperProtocol.swift */ = {isa = PBXFileReference; fileEncoding = 4; lastKnownFileType = sourcecode.swift; path = HelperProtocol.swift; sourceTree = "<group>"; };
		C291CBE61EE85D0D00154452 /* Log.swift */ = {isa = PBXFileReference; fileEncoding = 4; lastKnownFileType = sourcecode.swift; name = Log.swift; path = LinkTools/Log.swift; sourceTree = "<group>"; };
		C291CBEB1EE86A0E00154452 /* Elevator.swift */ = {isa = PBXFileReference; fileEncoding = 4; lastKnownFileType = sourcecode.swift; path = Elevator.swift; sourceTree = "<group>"; };
		C291CBED1EE86CE500154452 /* LinkHelper.swift */ = {isa = PBXFileReference; fileEncoding = 4; lastKnownFileType = sourcecode.swift; path = LinkHelper.swift; sourceTree = "<group>"; };
		C291CBF11EE8702E00154452 /* Controller.swift */ = {isa = PBXFileReference; fileEncoding = 4; lastKnownFileType = sourcecode.swift; path = Controller.swift; sourceTree = "<group>"; };
		C291CBF31EE87B1E00154452 /* Version.swift */ = {isa = PBXFileReference; fileEncoding = 4; lastKnownFileType = sourcecode.swift; path = Version.swift; sourceTree = "<group>"; };
		C29B7D941EE69D1800609A21 /* io.github.halo.linkhelper */ = {isa = PBXFileReference; explicitFileType = "compiled.mach-o.executable"; includeInIndex = 0; path = io.github.halo.linkhelper; sourceTree = BUILT_PRODUCTS_DIR; };
		C29B7D961EE69D1800609A21 /* main.swift */ = {isa = PBXFileReference; lastKnownFileType = sourcecode.swift; path = main.swift; sourceTree = "<group>"; };
		C29B7D9E1EE71AC000609A21 /* LinkHelper-Info.plist */ = {isa = PBXFileReference; fileEncoding = 4; lastKnownFileType = text.plist.xml; path = "LinkHelper-Info.plist"; sourceTree = "<group>"; };
		C29B7D9F1EE71AC000609A21 /* LinkHelper-Launchd.plist */ = {isa = PBXFileReference; fileEncoding = 4; lastKnownFileType = text.plist.xml; path = "LinkHelper-Launchd.plist"; sourceTree = "<group>"; };
		C2BEBFD91EE48B5E0072BE59 /* LinkLiar.app */ = {isa = PBXFileReference; explicitFileType = wrapper.application; includeInIndex = 0; path = LinkLiar.app; sourceTree = BUILT_PRODUCTS_DIR; };
		C2BEBFDC1EE48B5E0072BE59 /* AppDelegate.swift */ = {isa = PBXFileReference; lastKnownFileType = sourcecode.swift; path = AppDelegate.swift; sourceTree = "<group>"; };
		C2BEBFE01EE48B5E0072BE59 /* Assets.xcassets */ = {isa = PBXFileReference; lastKnownFileType = folder.assetcatalog; path = Assets.xcassets; sourceTree = "<group>"; };
		C2BEBFE51EE48B5E0072BE59 /* Info.plist */ = {isa = PBXFileReference; lastKnownFileType = text.plist.xml; path = Info.plist; sourceTree = "<group>"; };
		C2BEBFEA1EE48B5E0072BE59 /* LinkLiarTests.xctest */ = {isa = PBXFileReference; explicitFileType = wrapper.cfbundle; includeInIndex = 0; path = LinkLiarTests.xctest; sourceTree = BUILT_PRODUCTS_DIR; };
		C2BEBFEE1EE48B5E0072BE59 /* LinkLiarTests.swift */ = {isa = PBXFileReference; lastKnownFileType = sourcecode.swift; path = LinkLiarTests.swift; sourceTree = "<group>"; };
		C2BEBFF01EE48B5E0072BE59 /* Info.plist */ = {isa = PBXFileReference; lastKnownFileType = text.plist.xml; path = Info.plist; sourceTree = "<group>"; };
		C2BEBFF91EE48D1B0072BE59 /* main.swift */ = {isa = PBXFileReference; fileEncoding = 4; lastKnownFileType = sourcecode.swift; path = main.swift; sourceTree = "<group>"; };
		C2BEC00A1EE4984E0072BE59 /* linkdaemon */ = {isa = PBXFileReference; explicitFileType = "compiled.mach-o.executable"; includeInIndex = 0; path = linkdaemon; sourceTree = BUILT_PRODUCTS_DIR; };
		C2BEC00C1EE4984E0072BE59 /* main.swift */ = {isa = PBXFileReference; lastKnownFileType = sourcecode.swift; path = main.swift; sourceTree = "<group>"; };
/* End PBXFileReference section */

/* Begin PBXFrameworksBuildPhase section */
		C29B7D911EE69D1800609A21 /* Frameworks */ = {
			isa = PBXFrameworksBuildPhase;
			buildActionMask = 2147483647;
			files = (
			);
			runOnlyForDeploymentPostprocessing = 0;
		};
		C2BEBFD61EE48B5E0072BE59 /* Frameworks */ = {
			isa = PBXFrameworksBuildPhase;
			buildActionMask = 2147483647;
			files = (
			);
			runOnlyForDeploymentPostprocessing = 0;
		};
		C2BEBFE71EE48B5E0072BE59 /* Frameworks */ = {
			isa = PBXFrameworksBuildPhase;
			buildActionMask = 2147483647;
			files = (
			);
			runOnlyForDeploymentPostprocessing = 0;
		};
		C2BEC0071EE4984E0072BE59 /* Frameworks */ = {
			isa = PBXFrameworksBuildPhase;
			buildActionMask = 2147483647;
			files = (
			);
			runOnlyForDeploymentPostprocessing = 0;
		};
/* End PBXFrameworksBuildPhase section */

/* Begin PBXGroup section */
		C291CBEA1EE85D1200154452 /* LinkTools */ = {
			isa = PBXGroup;
			children = (
				C291CBE61EE85D0D00154452 /* Log.swift */,
				C291CBF31EE87B1E00154452 /* Version.swift */,
			);
			name = LinkTools;
			sourceTree = "<group>";
		};
		C29B7D951EE69D1800609A21 /* LinkHelper */ = {
			isa = PBXGroup;
			children = (
				C29B7D961EE69D1800609A21 /* main.swift */,
				C291CBED1EE86CE500154452 /* LinkHelper.swift */,
				C29B7D9E1EE71AC000609A21 /* LinkHelper-Info.plist */,
				C29B7D9F1EE71AC000609A21 /* LinkHelper-Launchd.plist */,
				C291CBE41EE85A4000154452 /* HelperProtocol.swift */,
			);
			path = LinkHelper;
			sourceTree = "<group>";
		};
		C2BEBFD01EE48B5E0072BE59 = {
			isa = PBXGroup;
			children = (
				C2BEBFDB1EE48B5E0072BE59 /* LinkLiar */,
				C2BEC00B1EE4984E0072BE59 /* linkdaemon */,
				C29B7D951EE69D1800609A21 /* LinkHelper */,
				C291CBEA1EE85D1200154452 /* LinkTools */,
				C2BEBFED1EE48B5E0072BE59 /* LinkLiarTests */,
				C2BEBFDA1EE48B5E0072BE59 /* Products */,
			);
			sourceTree = "<group>";
		};
		C2BEBFDA1EE48B5E0072BE59 /* Products */ = {
			isa = PBXGroup;
			children = (
				C2BEBFD91EE48B5E0072BE59 /* LinkLiar.app */,
				C2BEBFEA1EE48B5E0072BE59 /* LinkLiarTests.xctest */,
				C2BEC00A1EE4984E0072BE59 /* linkdaemon */,
				C29B7D941EE69D1800609A21 /* io.github.halo.linkhelper */,
			);
			name = Products;
			sourceTree = "<group>";
		};
		C2BEBFDB1EE48B5E0072BE59 /* LinkLiar */ = {
			isa = PBXGroup;
			children = (
				C2BEBFF91EE48D1B0072BE59 /* main.swift */,
				C2BEBFDC1EE48B5E0072BE59 /* AppDelegate.swift */,
				C291CBF11EE8702E00154452 /* Controller.swift */,
				C291CBEB1EE86A0E00154452 /* Elevator.swift */,
				C291CBE21EE8300F00154452 /* Intercom.swift */,
				C2BEBFE01EE48B5E0072BE59 /* Assets.xcassets */,
				C2BEBFE51EE48B5E0072BE59 /* Info.plist */,
			);
			path = LinkLiar;
			sourceTree = "<group>";
		};
		C2BEBFED1EE48B5E0072BE59 /* LinkLiarTests */ = {
			isa = PBXGroup;
			children = (
				C2BEBFEE1EE48B5E0072BE59 /* LinkLiarTests.swift */,
				C2BEBFF01EE48B5E0072BE59 /* Info.plist */,
			);
			path = LinkLiarTests;
			sourceTree = "<group>";
		};
		C2BEC00B1EE4984E0072BE59 /* linkdaemon */ = {
			isa = PBXGroup;
			children = (
				C2BEC00C1EE4984E0072BE59 /* main.swift */,
			);
			path = linkdaemon;
			sourceTree = "<group>";
		};
/* End PBXGroup section */

/* Begin PBXNativeTarget section */
		C29B7D931EE69D1800609A21 /* io.github.halo.linkhelper */ = {
			isa = PBXNativeTarget;
			buildConfigurationList = C29B7D981EE69D1800609A21 /* Build configuration list for PBXNativeTarget "io.github.halo.linkhelper" */;
			buildPhases = (
				C29B7D901EE69D1800609A21 /* Sources */,
				C29B7D911EE69D1800609A21 /* Frameworks */,
				C29B7D921EE69D1800609A21 /* CopyFiles */,
			);
			buildRules = (
			);
			dependencies = (
			);
			name = io.github.halo.linkhelper;
			productName = LinkHelper;
			productReference = C29B7D941EE69D1800609A21 /* io.github.halo.linkhelper */;
			productType = "com.apple.product-type.tool";
		};
		C2BEBFD81EE48B5E0072BE59 /* LinkLiar */ = {
			isa = PBXNativeTarget;
			buildConfigurationList = C2BEBFF31EE48B5E0072BE59 /* Build configuration list for PBXNativeTarget "LinkLiar" */;
			buildPhases = (
				C2BEBFD51EE48B5E0072BE59 /* Sources */,
				C2BEBFD61EE48B5E0072BE59 /* Frameworks */,
				C2BEBFD71EE48B5E0072BE59 /* Resources */,
				C29B7DA01EE71CF900609A21 /* CopyFiles */,
			);
			buildRules = (
			);
			dependencies = (
				C29B7D9C1EE69D1F00609A21 /* PBXTargetDependency */,
				C29B7D8D1EE59C1600609A21 /* PBXTargetDependency */,
			);
			name = LinkLiar;
			productName = LinkLiar;
			productReference = C2BEBFD91EE48B5E0072BE59 /* LinkLiar.app */;
			productType = "com.apple.product-type.application";
		};
		C2BEBFE91EE48B5E0072BE59 /* LinkLiarTests */ = {
			isa = PBXNativeTarget;
			buildConfigurationList = C2BEBFF61EE48B5E0072BE59 /* Build configuration list for PBXNativeTarget "LinkLiarTests" */;
			buildPhases = (
				C2BEBFE61EE48B5E0072BE59 /* Sources */,
				C2BEBFE71EE48B5E0072BE59 /* Frameworks */,
				C2BEBFE81EE48B5E0072BE59 /* Resources */,
			);
			buildRules = (
			);
			dependencies = (
				C2BEBFEC1EE48B5E0072BE59 /* PBXTargetDependency */,
			);
			name = LinkLiarTests;
			productName = LinkLiarTests;
			productReference = C2BEBFEA1EE48B5E0072BE59 /* LinkLiarTests.xctest */;
			productType = "com.apple.product-type.bundle.unit-test";
		};
		C2BEC0091EE4984E0072BE59 /* linkdaemon */ = {
			isa = PBXNativeTarget;
			buildConfigurationList = C2BEC0101EE4984E0072BE59 /* Build configuration list for PBXNativeTarget "linkdaemon" */;
			buildPhases = (
				C2BEC0061EE4984E0072BE59 /* Sources */,
				C2BEC0071EE4984E0072BE59 /* Frameworks */,
				C2BEC0081EE4984E0072BE59 /* CopyFiles */,
			);
			buildRules = (
			);
			dependencies = (
			);
			name = linkdaemon;
			productName = linkdaemon;
			productReference = C2BEC00A1EE4984E0072BE59 /* linkdaemon */;
			productType = "com.apple.product-type.tool";
		};
/* End PBXNativeTarget section */

/* Begin PBXProject section */
		C2BEBFD11EE48B5E0072BE59 /* Project object */ = {
			isa = PBXProject;
			attributes = {
				LastSwiftUpdateCheck = 0830;
				LastUpgradeCheck = 0830;
				ORGANIZATIONNAME = halo;
				TargetAttributes = {
					C29B7D931EE69D1800609A21 = {
						CreatedOnToolsVersion = 8.3.2;
						DevelopmentTeam = B9J4QR64LK;
						ProvisioningStyle = Automatic;
					};
					C2BEBFD81EE48B5E0072BE59 = {
						CreatedOnToolsVersion = 8.3.2;
						DevelopmentTeam = B9J4QR64LK;
						ProvisioningStyle = Manual;
					};
					C2BEBFE91EE48B5E0072BE59 = {
						CreatedOnToolsVersion = 8.3.2;
						DevelopmentTeam = B9J4QR64LK;
						ProvisioningStyle = Automatic;
						TestTargetID = C2BEBFD81EE48B5E0072BE59;
					};
					C2BEC0091EE4984E0072BE59 = {
						CreatedOnToolsVersion = 8.3.2;
						DevelopmentTeam = B9J4QR64LK;
						ProvisioningStyle = Automatic;
					};
				};
			};
			buildConfigurationList = C2BEBFD41EE48B5E0072BE59 /* Build configuration list for PBXProject "LinkLiar" */;
			compatibilityVersion = "Xcode 3.2";
			developmentRegion = English;
			hasScannedForEncodings = 0;
			knownRegions = (
				en,
				Base,
			);
			mainGroup = C2BEBFD01EE48B5E0072BE59;
			productRefGroup = C2BEBFDA1EE48B5E0072BE59 /* Products */;
			projectDirPath = "";
			projectRoot = "";
			targets = (
				C2BEBFD81EE48B5E0072BE59 /* LinkLiar */,
				C2BEBFE91EE48B5E0072BE59 /* LinkLiarTests */,
				C29B7D931EE69D1800609A21 /* io.github.halo.linkhelper */,
				C2BEC0091EE4984E0072BE59 /* linkdaemon */,
			);
		};
/* End PBXProject section */

/* Begin PBXResourcesBuildPhase section */
		C2BEBFD71EE48B5E0072BE59 /* Resources */ = {
			isa = PBXResourcesBuildPhase;
			buildActionMask = 2147483647;
			files = (
				C29B7D8F1EE69C3800609A21 /* linkdaemon in Resources */,
				C2BEBFE11EE48B5E0072BE59 /* Assets.xcassets in Resources */,
			);
			runOnlyForDeploymentPostprocessing = 0;
		};
		C2BEBFE81EE48B5E0072BE59 /* Resources */ = {
			isa = PBXResourcesBuildPhase;
			buildActionMask = 2147483647;
			files = (
			);
			runOnlyForDeploymentPostprocessing = 0;
		};
/* End PBXResourcesBuildPhase section */

/* Begin PBXSourcesBuildPhase section */
		C29B7D901EE69D1800609A21 /* Sources */ = {
			isa = PBXSourcesBuildPhase;
			buildActionMask = 2147483647;
			files = (
				C291CBF01EE86DC400154452 /* HelperProtocol.swift in Sources */,
				C291CBEF1EE86DC000154452 /* LinkHelper.swift in Sources */,
				C291CBE81EE85D0D00154452 /* Log.swift in Sources */,
				C29B7D971EE69D1800609A21 /* main.swift in Sources */,
			);
			runOnlyForDeploymentPostprocessing = 0;
		};
		C2BEBFD51EE48B5E0072BE59 /* Sources */ = {
			isa = PBXSourcesBuildPhase;
			buildActionMask = 2147483647;
			files = (
				C2BEBFFA1EE48D1B0072BE59 /* main.swift in Sources */,
				C291CBE51EE85A4000154452 /* HelperProtocol.swift in Sources */,
				C291CBE71EE85D0D00154452 /* Log.swift in Sources */,
				C2BEBFDD1EE48B5E0072BE59 /* AppDelegate.swift in Sources */,
				C291CBE31EE8300F00154452 /* Intercom.swift in Sources */,
				C291CBEC1EE86A0E00154452 /* Elevator.swift in Sources */,
				C291CBF21EE8702E00154452 /* Controller.swift in Sources */,
				C291CBF41EE87B1E00154452 /* Version.swift in Sources */,
			);
			runOnlyForDeploymentPostprocessing = 0;
		};
		C2BEBFE61EE48B5E0072BE59 /* Sources */ = {
			isa = PBXSourcesBuildPhase;
			buildActionMask = 2147483647;
			files = (
				C2BEBFEF1EE48B5E0072BE59 /* LinkLiarTests.swift in Sources */,
			);
			runOnlyForDeploymentPostprocessing = 0;
		};
		C2BEC0061EE4984E0072BE59 /* Sources */ = {
			isa = PBXSourcesBuildPhase;
			buildActionMask = 2147483647;
			files = (
				C291CBE91EE85D0D00154452 /* Log.swift in Sources */,
				C2BEC00D1EE4984E0072BE59 /* main.swift in Sources */,
			);
			runOnlyForDeploymentPostprocessing = 0;
		};
/* End PBXSourcesBuildPhase section */

/* Begin PBXTargetDependency section */
		C29B7D8D1EE59C1600609A21 /* PBXTargetDependency */ = {
			isa = PBXTargetDependency;
			target = C2BEC0091EE4984E0072BE59 /* linkdaemon */;
			targetProxy = C29B7D8C1EE59C1600609A21 /* PBXContainerItemProxy */;
		};
		C29B7D9C1EE69D1F00609A21 /* PBXTargetDependency */ = {
			isa = PBXTargetDependency;
			target = C29B7D931EE69D1800609A21 /* io.github.halo.linkhelper */;
			targetProxy = C29B7D9B1EE69D1F00609A21 /* PBXContainerItemProxy */;
		};
		C2BEBFEC1EE48B5E0072BE59 /* PBXTargetDependency */ = {
			isa = PBXTargetDependency;
			target = C2BEBFD81EE48B5E0072BE59 /* LinkLiar */;
			targetProxy = C2BEBFEB1EE48B5E0072BE59 /* PBXContainerItemProxy */;
		};
/* End PBXTargetDependency section */

/* Begin XCBuildConfiguration section */
		C29B7D991EE69D1800609A21 /* Debug */ = {
			isa = XCBuildConfiguration;
			buildSettings = {
				DEVELOPMENT_TEAM = B9J4QR64LK;
				INFOPLIST_FILE = "LinkHelper/LinkHelper-Info.plist";
				OTHER_LDFLAGS = (
					"-sectcreate",
					__TEXT,
					__info_plist,
					"\"$(SRCROOT)/LinkHelper/LinkHelper-Info.plist\"",
					"-sectcreate",
					__TEXT,
					__launchd_plist,
					"\"$(SRCROOT)/LinkHelper/LinkHelper-Launchd.plist\"",
				);
				PRODUCT_BUNDLE_IDENTIFIER = io.github.halo.LinkHelper;
				PRODUCT_NAME = "$(TARGET_NAME)";
				SWIFT_VERSION = 3.0;
			};
			name = Debug;
		};
		C29B7D9A1EE69D1800609A21 /* Release */ = {
			isa = XCBuildConfiguration;
			buildSettings = {
				DEVELOPMENT_TEAM = B9J4QR64LK;
				INFOPLIST_FILE = "LinkHelper/LinkHelper-Info.plist";
				OTHER_LDFLAGS = (
					"-sectcreate",
					__TEXT,
					__info_plist,
					"\"$(SRCROOT)/LinkHelper/LinkHelper-Info.plist\"",
					"-sectcreate",
					__TEXT,
					__launchd_plist,
					"\"$(SRCROOT)/LinkHelper/LinkHelper-Launchd.plist\"",
				);
				PRODUCT_BUNDLE_IDENTIFIER = io.github.halo.LinkHelper;
				PRODUCT_NAME = "$(TARGET_NAME)";
				SWIFT_VERSION = 3.0;
			};
			name = Release;
		};
		C2BEBFF11EE48B5E0072BE59 /* Debug */ = {
			isa = XCBuildConfiguration;
			buildSettings = {
				ALWAYS_SEARCH_USER_PATHS = NO;
				CLANG_ANALYZER_NONNULL = YES;
				CLANG_ANALYZER_NUMBER_OBJECT_CONVERSION = YES_AGGRESSIVE;
				CLANG_CXX_LANGUAGE_STANDARD = "gnu++0x";
				CLANG_CXX_LIBRARY = "libc++";
				CLANG_ENABLE_MODULES = YES;
				CLANG_ENABLE_OBJC_ARC = YES;
				CLANG_WARN_BOOL_CONVERSION = YES;
				CLANG_WARN_CONSTANT_CONVERSION = YES;
				CLANG_WARN_DIRECT_OBJC_ISA_USAGE = YES_ERROR;
				CLANG_WARN_DOCUMENTATION_COMMENTS = YES;
				CLANG_WARN_EMPTY_BODY = YES;
				CLANG_WARN_ENUM_CONVERSION = YES;
				CLANG_WARN_INFINITE_RECURSION = YES;
				CLANG_WARN_INT_CONVERSION = YES;
				CLANG_WARN_OBJC_ROOT_CLASS = YES_ERROR;
				CLANG_WARN_SUSPICIOUS_MOVE = YES;
				CLANG_WARN_UNREACHABLE_CODE = YES;
				CLANG_WARN__DUPLICATE_METHOD_MATCH = YES;
				CODE_SIGN_IDENTITY = "Mac Developer";
				COPY_PHASE_STRIP = NO;
				DEBUG_INFORMATION_FORMAT = dwarf;
				DEVELOPMENT_TEAM = B9J4QR64LK;
				ENABLE_STRICT_OBJC_MSGSEND = YES;
				ENABLE_TESTABILITY = YES;
				GCC_C_LANGUAGE_STANDARD = gnu99;
				GCC_DYNAMIC_NO_PIC = NO;
				GCC_NO_COMMON_BLOCKS = YES;
				GCC_OPTIMIZATION_LEVEL = 0;
				GCC_PREPROCESSOR_DEFINITIONS = (
					"DEBUG=1",
					"$(inherited)",
				);
				GCC_WARN_64_TO_32_BIT_CONVERSION = YES;
				GCC_WARN_ABOUT_RETURN_TYPE = YES_ERROR;
				GCC_WARN_UNDECLARED_SELECTOR = YES;
				GCC_WARN_UNINITIALIZED_AUTOS = YES_AGGRESSIVE;
				GCC_WARN_UNUSED_FUNCTION = YES;
				GCC_WARN_UNUSED_VARIABLE = YES;
				MACOSX_DEPLOYMENT_TARGET = 10.12;
				MTL_ENABLE_DEBUG_INFO = YES;
				ONLY_ACTIVE_ARCH = YES;
				SDKROOT = macosx;
				SWIFT_ACTIVE_COMPILATION_CONDITIONS = DEBUG;
				SWIFT_OPTIMIZATION_LEVEL = "-Onone";
			};
			name = Debug;
		};
		C2BEBFF21EE48B5E0072BE59 /* Release */ = {
			isa = XCBuildConfiguration;
			buildSettings = {
				ALWAYS_SEARCH_USER_PATHS = NO;
				CLANG_ANALYZER_NONNULL = YES;
				CLANG_ANALYZER_NUMBER_OBJECT_CONVERSION = YES_AGGRESSIVE;
				CLANG_CXX_LANGUAGE_STANDARD = "gnu++0x";
				CLANG_CXX_LIBRARY = "libc++";
				CLANG_ENABLE_MODULES = YES;
				CLANG_ENABLE_OBJC_ARC = YES;
				CLANG_WARN_BOOL_CONVERSION = YES;
				CLANG_WARN_CONSTANT_CONVERSION = YES;
				CLANG_WARN_DIRECT_OBJC_ISA_USAGE = YES_ERROR;
				CLANG_WARN_DOCUMENTATION_COMMENTS = YES;
				CLANG_WARN_EMPTY_BODY = YES;
				CLANG_WARN_ENUM_CONVERSION = YES;
				CLANG_WARN_INFINITE_RECURSION = YES;
				CLANG_WARN_INT_CONVERSION = YES;
				CLANG_WARN_OBJC_ROOT_CLASS = YES_ERROR;
				CLANG_WARN_SUSPICIOUS_MOVE = YES;
				CLANG_WARN_UNREACHABLE_CODE = YES;
				CLANG_WARN__DUPLICATE_METHOD_MATCH = YES;
				CODE_SIGN_IDENTITY = "Mac Developer";
				COPY_PHASE_STRIP = NO;
				DEBUG_INFORMATION_FORMAT = "dwarf-with-dsym";
				DEVELOPMENT_TEAM = B9J4QR64LK;
				ENABLE_NS_ASSERTIONS = NO;
				ENABLE_STRICT_OBJC_MSGSEND = YES;
				GCC_C_LANGUAGE_STANDARD = gnu99;
				GCC_NO_COMMON_BLOCKS = YES;
				GCC_WARN_64_TO_32_BIT_CONVERSION = YES;
				GCC_WARN_ABOUT_RETURN_TYPE = YES_ERROR;
				GCC_WARN_UNDECLARED_SELECTOR = YES;
				GCC_WARN_UNINITIALIZED_AUTOS = YES_AGGRESSIVE;
				GCC_WARN_UNUSED_FUNCTION = YES;
				GCC_WARN_UNUSED_VARIABLE = YES;
				MACOSX_DEPLOYMENT_TARGET = 10.12;
				MTL_ENABLE_DEBUG_INFO = NO;
				SDKROOT = macosx;
				SWIFT_OPTIMIZATION_LEVEL = "-Owholemodule";
			};
			name = Release;
		};
		C2BEBFF41EE48B5E0072BE59 /* Debug */ = {
			isa = XCBuildConfiguration;
			buildSettings = {
				ASSETCATALOG_COMPILER_APPICON_NAME = AppIcon;
				CODE_SIGN_IDENTITY = "Mac Developer";
				COMBINE_HIDPI_IMAGES = YES;
				DEVELOPMENT_TEAM = B9J4QR64LK;
				INFOPLIST_FILE = LinkLiar/Info.plist;
				LD_RUNPATH_SEARCH_PATHS = "$(inherited) @executable_path/../Frameworks";
				PRODUCT_BUNDLE_IDENTIFIER = io.github.halo.LinkLiar;
				PRODUCT_NAME = "$(TARGET_NAME)";
				PROVISIONING_PROFILE_SPECIFIER = "";
				SWIFT_VERSION = 3.0;
			};
			name = Debug;
		};
		C2BEBFF51EE48B5E0072BE59 /* Release */ = {
			isa = XCBuildConfiguration;
			buildSettings = {
				ASSETCATALOG_COMPILER_APPICON_NAME = AppIcon;
				CODE_SIGN_IDENTITY = "Mac Developer";
				COMBINE_HIDPI_IMAGES = YES;
				DEVELOPMENT_TEAM = B9J4QR64LK;
				INFOPLIST_FILE = LinkLiar/Info.plist;
				LD_RUNPATH_SEARCH_PATHS = "$(inherited) @executable_path/../Frameworks";
				PRODUCT_BUNDLE_IDENTIFIER = io.github.halo.LinkLiar;
				PRODUCT_NAME = "$(TARGET_NAME)";
				PROVISIONING_PROFILE_SPECIFIER = "";
				SWIFT_VERSION = 3.0;
			};
			name = Release;
		};
		C2BEBFF71EE48B5E0072BE59 /* Debug */ = {
			isa = XCBuildConfiguration;
			buildSettings = {
				ALWAYS_EMBED_SWIFT_STANDARD_LIBRARIES = YES;
				BUNDLE_LOADER = "$(TEST_HOST)";
				COMBINE_HIDPI_IMAGES = YES;
				INFOPLIST_FILE = LinkLiarTests/Info.plist;
				LD_RUNPATH_SEARCH_PATHS = "$(inherited) @executable_path/../Frameworks @loader_path/../Frameworks";
				PRODUCT_BUNDLE_IDENTIFIER = io.github.halo.LinkLiarTests;
				PRODUCT_NAME = "$(TARGET_NAME)";
				SWIFT_VERSION = 3.0;
				TEST_HOST = "$(BUILT_PRODUCTS_DIR)/LinkLiar.app/Contents/MacOS/LinkLiar";
			};
			name = Debug;
		};
		C2BEBFF81EE48B5E0072BE59 /* Release */ = {
			isa = XCBuildConfiguration;
			buildSettings = {
				ALWAYS_EMBED_SWIFT_STANDARD_LIBRARIES = YES;
				BUNDLE_LOADER = "$(TEST_HOST)";
				COMBINE_HIDPI_IMAGES = YES;
				INFOPLIST_FILE = LinkLiarTests/Info.plist;
				LD_RUNPATH_SEARCH_PATHS = "$(inherited) @executable_path/../Frameworks @loader_path/../Frameworks";
				PRODUCT_BUNDLE_IDENTIFIER = io.github.halo.LinkLiarTests;
				PRODUCT_NAME = "$(TARGET_NAME)";
				SWIFT_VERSION = 3.0;
				TEST_HOST = "$(BUILT_PRODUCTS_DIR)/LinkLiar.app/Contents/MacOS/LinkLiar";
			};
			name = Release;
		};
		C2BEC00E1EE4984E0072BE59 /* Debug */ = {
			isa = XCBuildConfiguration;
			buildSettings = {
				PRODUCT_NAME = "$(TARGET_NAME)";
				SWIFT_VERSION = 3.0;
			};
			name = Debug;
		};
		C2BEC00F1EE4984E0072BE59 /* Release */ = {
			isa = XCBuildConfiguration;
			buildSettings = {
				PRODUCT_NAME = "$(TARGET_NAME)";
				SWIFT_VERSION = 3.0;
			};
			name = Release;
		};
/* End XCBuildConfiguration section */

/* Begin XCConfigurationList section */
		C29B7D981EE69D1800609A21 /* Build configuration list for PBXNativeTarget "io.github.halo.linkhelper" */ = {
			isa = XCConfigurationList;
			buildConfigurations = (
				C29B7D991EE69D1800609A21 /* Debug */,
				C29B7D9A1EE69D1800609A21 /* Release */,
			);
			defaultConfigurationIsVisible = 0;
			defaultConfigurationName = Release;
		};
		C2BEBFD41EE48B5E0072BE59 /* Build configuration list for PBXProject "LinkLiar" */ = {
			isa = XCConfigurationList;
			buildConfigurations = (
				C2BEBFF11EE48B5E0072BE59 /* Debug */,
				C2BEBFF21EE48B5E0072BE59 /* Release */,
			);
			defaultConfigurationIsVisible = 0;
			defaultConfigurationName = Release;
		};
		C2BEBFF31EE48B5E0072BE59 /* Build configuration list for PBXNativeTarget "LinkLiar" */ = {
			isa = XCConfigurationList;
			buildConfigurations = (
				C2BEBFF41EE48B5E0072BE59 /* Debug */,
				C2BEBFF51EE48B5E0072BE59 /* Release */,
			);
			defaultConfigurationIsVisible = 0;
			defaultConfigurationName = Release;
		};
		C2BEBFF61EE48B5E0072BE59 /* Build configuration list for PBXNativeTarget "LinkLiarTests" */ = {
			isa = XCConfigurationList;
			buildConfigurations = (
				C2BEBFF71EE48B5E0072BE59 /* Debug */,
				C2BEBFF81EE48B5E0072BE59 /* Release */,
			);
			defaultConfigurationIsVisible = 0;
			defaultConfigurationName = Release;
		};
		C2BEC0101EE4984E0072BE59 /* Build configuration list for PBXNativeTarget "linkdaemon" */ = {
			isa = XCConfigurationList;
			buildConfigurations = (
				C2BEC00E1EE4984E0072BE59 /* Debug */,
				C2BEC00F1EE4984E0072BE59 /* Release */,
			);
			defaultConfigurationIsVisible = 0;
			defaultConfigurationName = Release;
		};
/* End XCConfigurationList section */
	};
	rootObject = C2BEBFD11EE48B5E0072BE59 /* Project object */;
}
